// !$*UTF8*$!
{
	archiveVersion = 1;
	classes = {
	};
	objectVersion = 45;
	objects = {

/* Begin PBXBuildFile section */
		1D3623260D0F684500981E51 /* PlantKeyAppDelegate.m in Sources */ = {isa = PBXBuildFile; fileRef = 1D3623250D0F684500981E51 /* PlantKeyAppDelegate.m */; };
		1D60589B0D05DD56006BFB54 /* main.m in Sources */ = {isa = PBXBuildFile; fileRef = 29B97316FDCFA39411CA2CEA /* main.m */; };
		1D60589F0D05DD5A006BFB54 /* Foundation.framework in Frameworks */ = {isa = PBXBuildFile; fileRef = 1D30AB110D05D00D00671497 /* Foundation.framework */; };
		1DF5F4E00D08C38300B7A737 /* UIKit.framework in Frameworks */ = {isa = PBXBuildFile; fileRef = 1DF5F4DF0D08C38300B7A737 /* UIKit.framework */; };
		28AD733F0D9D9553002E5188 /* MainWindow.xib in Resources */ = {isa = PBXBuildFile; fileRef = 28AD733E0D9D9553002E5188 /* MainWindow.xib */; };
		AB026ACC12D288EB00D17F90 /* PlantImageViewController.m in Sources */ = {isa = PBXBuildFile; fileRef = AB026ACA12D288EB00D17F90 /* PlantImageViewController.m */; };
		AB026ACD12D288EB00D17F90 /* PlantImageViewController.xib in Resources */ = {isa = PBXBuildFile; fileRef = AB026ACB12D288EB00D17F90 /* PlantImageViewController.xib */; };
		AB7C01801210A3A8005F4DBE /* AppModel.m in Sources */ = {isa = PBXBuildFile; fileRef = AB7C017E1210A3A8005F4DBE /* AppModel.m */; };
		AB7C036E1211E932005F4DBE /* plantKey.sql in Resources */ = {isa = PBXBuildFile; fileRef = AB7C036D1211E932005F4DBE /* plantKey.sql */; };
		AB7C03CD1211F412005F4DBE /* libsqlite3.0.dylib in Frameworks */ = {isa = PBXBuildFile; fileRef = AB7C03CC1211F412005F4DBE /* libsqlite3.0.dylib */; };
		AB7C05251212E344005F4DBE /* KeyNodeViewController.m in Sources */ = {isa = PBXBuildFile; fileRef = AB7C05231212E344005F4DBE /* KeyNodeViewController.m */; };
		AB7C05DD1213233B005F4DBE /* CoreGraphics.framework in Frameworks */ = {isa = PBXBuildFile; fileRef = AB7C05DC1213233B005F4DBE /* CoreGraphics.framework */; };
		AB9BF95D12256B4C0028D6AC /* notes in Resources */ = {isa = PBXBuildFile; fileRef = AB9BF95C12256B4C0028D6AC /* notes */; };
		ABAB8FA712D27B430095BDCE /* 1.jpg in Resources */ = {isa = PBXBuildFile; fileRef = ABAB8F9F12D27B420095BDCE /* 1.jpg */; };
		ABAB8FA812D27B430095BDCE /* 2.jpg in Resources */ = {isa = PBXBuildFile; fileRef = ABAB8FA012D27B420095BDCE /* 2.jpg */; };
		ABAB8FA912D27B430095BDCE /* 3.jpg in Resources */ = {isa = PBXBuildFile; fileRef = ABAB8FA112D27B420095BDCE /* 3.jpg */; };
		ABAB8FAA12D27B430095BDCE /* 4.jpg in Resources */ = {isa = PBXBuildFile; fileRef = ABAB8FA212D27B420095BDCE /* 4.jpg */; };
		ABAB8FAB12D27B430095BDCE /* 5.jpg in Resources */ = {isa = PBXBuildFile; fileRef = ABAB8FA312D27B420095BDCE /* 5.jpg */; };
		ABAB8FAC12D27B430095BDCE /* 6.jpg in Resources */ = {isa = PBXBuildFile; fileRef = ABAB8FA412D27B420095BDCE /* 6.jpg */; };
		ABAB8FAD12D27B430095BDCE /* 7.jpg in Resources */ = {isa = PBXBuildFile; fileRef = ABAB8FA512D27B420095BDCE /* 7.jpg */; };
		ABAB8FB312D27BCC0095BDCE /* Image.m in Sources */ = {isa = PBXBuildFile; fileRef = ABAB8FB212D27BCC0095BDCE /* Image.m */; };
		ABD22C2E125511F10018A3E8 /* KeyNode.m in Sources */ = {isa = PBXBuildFile; fileRef = ABD22C2D125511F10018A3E8 /* KeyNode.m */; };
		ABD22DAC12552B4A0018A3E8 /* PlantViewController.m in Sources */ = {isa = PBXBuildFile; fileRef = ABD22DAA12552B4A0018A3E8 /* PlantViewController.m */; };
		ABD22DAD12552B4A0018A3E8 /* PlantViewController.xib in Resources */ = {isa = PBXBuildFile; fileRef = ABD22DAB12552B4A0018A3E8 /* PlantViewController.xib */; };
		ABD22DB212552B630018A3E8 /* Plant.m in Sources */ = {isa = PBXBuildFile; fileRef = ABD22DB112552B630018A3E8 /* Plant.m */; };
		ABD22E30125545CB0018A3E8 /* PlantListViewController.m in Sources */ = {isa = PBXBuildFile; fileRef = ABD22E2E125545CA0018A3E8 /* PlantListViewController.m */; };
		ABD22E31125545CB0018A3E8 /* PlantListViewController.xib in Resources */ = {isa = PBXBuildFile; fileRef = ABD22E2F125545CB0018A3E8 /* PlantListViewController.xib */; };
		ABD22F0E1255545D0018A3E8 /* KeyNodeViewController.xib in Resources */ = {isa = PBXBuildFile; fileRef = ABD22F0D1255545D0018A3E8 /* KeyNodeViewController.xib */; };
		ABD231A01255A90A0018A3E8 /* keyIcon.png in Resources */ = {isa = PBXBuildFile; fileRef = ABD2319F1255A90A0018A3E8 /* keyIcon.png */; };
		ABD231A41255A9CE0018A3E8 /* plantIcon.png in Resources */ = {isa = PBXBuildFile; fileRef = ABD231A31255A9CE0018A3E8 /* plantIcon.png */; };
/* End PBXBuildFile section */

/* Begin PBXFileReference section */
		1D30AB110D05D00D00671497 /* Foundation.framework */ = {isa = PBXFileReference; lastKnownFileType = wrapper.framework; name = Foundation.framework; path = System/Library/Frameworks/Foundation.framework; sourceTree = SDKROOT; };
		1D3623240D0F684500981E51 /* PlantKeyAppDelegate.h */ = {isa = PBXFileReference; fileEncoding = 4; lastKnownFileType = sourcecode.c.h; path = PlantKeyAppDelegate.h; sourceTree = "<group>"; };
		1D3623250D0F684500981E51 /* PlantKeyAppDelegate.m */ = {isa = PBXFileReference; fileEncoding = 4; lastKnownFileType = sourcecode.c.objc; path = PlantKeyAppDelegate.m; sourceTree = "<group>"; };
		1D6058910D05DD3D006BFB54 /* PlantKey.app */ = {isa = PBXFileReference; explicitFileType = wrapper.application; includeInIndex = 0; path = PlantKey.app; sourceTree = BUILT_PRODUCTS_DIR; };
		1DF5F4DF0D08C38300B7A737 /* UIKit.framework */ = {isa = PBXFileReference; lastKnownFileType = wrapper.framework; name = UIKit.framework; path = System/Library/Frameworks/UIKit.framework; sourceTree = SDKROOT; };
		28AD733E0D9D9553002E5188 /* MainWindow.xib */ = {isa = PBXFileReference; lastKnownFileType = file.xib; path = MainWindow.xib; sourceTree = "<group>"; };
		29B97316FDCFA39411CA2CEA /* main.m */ = {isa = PBXFileReference; fileEncoding = 4; lastKnownFileType = sourcecode.c.objc; path = main.m; sourceTree = "<group>"; };
		32CA4F630368D1EE00C91783 /* PlantKey_Prefix.pch */ = {isa = PBXFileReference; fileEncoding = 4; lastKnownFileType = sourcecode.c.h; path = PlantKey_Prefix.pch; sourceTree = "<group>"; };
		8D1107310486CEB800E47090 /* PlantKey-Info.plist */ = {isa = PBXFileReference; fileEncoding = 4; lastKnownFileType = text.plist.xml; path = "PlantKey-Info.plist"; plistStructureDefinitionIdentifier = "com.apple.xcode.plist.structure-definition.iphone.info-plist"; sourceTree = "<group>"; };
		AB026AC912D288EB00D17F90 /* PlantImageViewController.h */ = {isa = PBXFileReference; fileEncoding = 4; lastKnownFileType = sourcecode.c.h; path = PlantImageViewController.h; sourceTree = "<group>"; };
		AB026ACA12D288EB00D17F90 /* PlantImageViewController.m */ = {isa = PBXFileReference; fileEncoding = 4; lastKnownFileType = sourcecode.c.objc; path = PlantImageViewController.m; sourceTree = "<group>"; };
		AB026ACB12D288EB00D17F90 /* PlantImageViewController.xib */ = {isa = PBXFileReference; lastKnownFileType = file.xib; name = PlantImageViewController.xib; path = Classes/PlantImageViewController.xib; sourceTree = "<group>"; };
		AB7C017D1210A3A8005F4DBE /* AppModel.h */ = {isa = PBXFileReference; fileEncoding = 4; lastKnownFileType = sourcecode.c.h; path = AppModel.h; sourceTree = "<group>"; };
		AB7C017E1210A3A8005F4DBE /* AppModel.m */ = {isa = PBXFileReference; fileEncoding = 4; lastKnownFileType = sourcecode.c.objc; path = AppModel.m; sourceTree = "<group>"; };
		AB7C017F1210A3A8005F4DBE /* SynthesizeSingleton.h */ = {isa = PBXFileReference; fileEncoding = 4; lastKnownFileType = sourcecode.c.h; path = SynthesizeSingleton.h; sourceTree = "<group>"; };
		AB7C036D1211E932005F4DBE /* plantKey.sql */ = {isa = PBXFileReference; lastKnownFileType = file; path = plantKey.sql; sourceTree = "<group>"; };
		AB7C03701211E968005F4DBE /* KeyNode.h */ = {isa = PBXFileReference; fileEncoding = 4; lastKnownFileType = sourcecode.c.h; path = KeyNode.h; sourceTree = "<group>"; };
		AB7C03CC1211F412005F4DBE /* libsqlite3.0.dylib */ = {isa = PBXFileReference; lastKnownFileType = "compiled.mach-o.dylib"; name = libsqlite3.0.dylib; path = usr/lib/libsqlite3.0.dylib; sourceTree = SDKROOT; };
		AB7C05221212E344005F4DBE /* KeyNodeViewController.h */ = {isa = PBXFileReference; fileEncoding = 4; lastKnownFileType = sourcecode.c.h; path = KeyNodeViewController.h; sourceTree = "<group>"; };
		AB7C05231212E344005F4DBE /* KeyNodeViewController.m */ = {isa = PBXFileReference; fileEncoding = 4; lastKnownFileType = sourcecode.c.objc; path = KeyNodeViewController.m; sourceTree = "<group>"; };
		AB7C05DC1213233B005F4DBE /* CoreGraphics.framework */ = {isa = PBXFileReference; lastKnownFileType = wrapper.framework; name = CoreGraphics.framework; path = System/Library/Frameworks/CoreGraphics.framework; sourceTree = SDKROOT; };
		AB9BF95C12256B4C0028D6AC /* notes */ = {isa = PBXFileReference; fileEncoding = 4; lastKnownFileType = text; path = notes; sourceTree = "<group>"; };
		ABAB8F9F12D27B420095BDCE /* 1.jpg */ = {isa = PBXFileReference; lastKnownFileType = image.jpeg; path = 1.jpg; sourceTree = "<group>"; };
		ABAB8FA012D27B420095BDCE /* 2.jpg */ = {isa = PBXFileReference; lastKnownFileType = image.jpeg; path = 2.jpg; sourceTree = "<group>"; };
		ABAB8FA112D27B420095BDCE /* 3.jpg */ = {isa = PBXFileReference; lastKnownFileType = image.jpeg; path = 3.jpg; sourceTree = "<group>"; };
		ABAB8FA212D27B420095BDCE /* 4.jpg */ = {isa = PBXFileReference; lastKnownFileType = image.jpeg; path = 4.jpg; sourceTree = "<group>"; };
		ABAB8FA312D27B420095BDCE /* 5.jpg */ = {isa = PBXFileReference; lastKnownFileType = image.jpeg; path = 5.jpg; sourceTree = "<group>"; };
		ABAB8FA412D27B420095BDCE /* 6.jpg */ = {isa = PBXFileReference; lastKnownFileType = image.jpeg; path = 6.jpg; sourceTree = "<group>"; };
		ABAB8FA512D27B420095BDCE /* 7.jpg */ = {isa = PBXFileReference; lastKnownFileType = image.jpeg; path = 7.jpg; sourceTree = "<group>"; };
		ABAB8FB112D27BCC0095BDCE /* Image.h */ = {isa = PBXFileReference; fileEncoding = 4; lastKnownFileType = sourcecode.c.h; path = Image.h; sourceTree = "<group>"; };
		ABAB8FB212D27BCC0095BDCE /* Image.m */ = {isa = PBXFileReference; fileEncoding = 4; lastKnownFileType = sourcecode.c.objc; path = Image.m; sourceTree = "<group>"; };
		ABD22C2912550E580018A3E8 /* PlantKeyType.h */ = {isa = PBXFileReference; fileEncoding = 4; lastKnownFileType = sourcecode.c.h; path = PlantKeyType.h; sourceTree = "<group>"; };
		ABD22C2D125511F10018A3E8 /* KeyNode.m */ = {isa = PBXFileReference; fileEncoding = 4; lastKnownFileType = sourcecode.c.objc; path = KeyNode.m; sourceTree = "<group>"; };
		ABD22DA912552B4A0018A3E8 /* PlantViewController.h */ = {isa = PBXFileReference; fileEncoding = 4; lastKnownFileType = sourcecode.c.h; path = PlantViewController.h; sourceTree = "<group>"; };
		ABD22DAA12552B4A0018A3E8 /* PlantViewController.m */ = {isa = PBXFileReference; fileEncoding = 4; lastKnownFileType = sourcecode.c.objc; path = PlantViewController.m; sourceTree = "<group>"; };
		ABD22DAB12552B4A0018A3E8 /* PlantViewController.xib */ = {isa = PBXFileReference; lastKnownFileType = file.xib; name = PlantViewController.xib; path = Classes/PlantViewController.xib; sourceTree = "<group>"; };
		ABD22DB012552B630018A3E8 /* Plant.h */ = {isa = PBXFileReference; fileEncoding = 4; lastKnownFileType = sourcecode.c.h; path = Plant.h; sourceTree = "<group>"; };
		ABD22DB112552B630018A3E8 /* Plant.m */ = {isa = PBXFileReference; fileEncoding = 4; lastKnownFileType = sourcecode.c.objc; path = Plant.m; sourceTree = "<group>"; };
		ABD22E2D125545CA0018A3E8 /* PlantListViewController.h */ = {isa = PBXFileReference; fileEncoding = 4; lastKnownFileType = sourcecode.c.h; path = PlantListViewController.h; sourceTree = "<group>"; };
		ABD22E2E125545CA0018A3E8 /* PlantListViewController.m */ = {isa = PBXFileReference; fileEncoding = 4; lastKnownFileType = sourcecode.c.objc; path = PlantListViewController.m; sourceTree = "<group>"; };
		ABD22E2F125545CB0018A3E8 /* PlantListViewController.xib */ = {isa = PBXFileReference; lastKnownFileType = file.xib; name = PlantListViewController.xib; path = Classes/PlantListViewController.xib; sourceTree = "<group>"; };
		ABD22F0D1255545D0018A3E8 /* KeyNodeViewController.xib */ = {isa = PBXFileReference; lastKnownFileType = file.xib; path = KeyNodeViewController.xib; sourceTree = "<group>"; };
		ABD2319F1255A90A0018A3E8 /* keyIcon.png */ = {isa = PBXFileReference; lastKnownFileType = image.png; path = keyIcon.png; sourceTree = "<group>"; };
		ABD231A31255A9CE0018A3E8 /* plantIcon.png */ = {isa = PBXFileReference; lastKnownFileType = image.png; path = plantIcon.png; sourceTree = "<group>"; };
/* End PBXFileReference section */

/* Begin PBXFrameworksBuildPhase section */
		1D60588F0D05DD3D006BFB54 /* Frameworks */ = {
			isa = PBXFrameworksBuildPhase;
			buildActionMask = 2147483647;
			files = (
				1D60589F0D05DD5A006BFB54 /* Foundation.framework in Frameworks */,
				1DF5F4E00D08C38300B7A737 /* UIKit.framework in Frameworks */,
				AB7C03CD1211F412005F4DBE /* libsqlite3.0.dylib in Frameworks */,
				AB7C05DD1213233B005F4DBE /* CoreGraphics.framework in Frameworks */,
			);
			runOnlyForDeploymentPostprocessing = 0;
		};
/* End PBXFrameworksBuildPhase section */

/* Begin PBXGroup section */
		080E96DDFE201D6D7F000001 /* Classes */ = {
			isa = PBXGroup;
			children = (
				1D3623240D0F684500981E51 /* PlantKeyAppDelegate.h */,
				1D3623250D0F684500981E51 /* PlantKeyAppDelegate.m */,
				ABD22C2912550E580018A3E8 /* PlantKeyType.h */,
				AB7C017D1210A3A8005F4DBE /* AppModel.h */,
				AB7C017E1210A3A8005F4DBE /* AppModel.m */,
				AB7C017F1210A3A8005F4DBE /* SynthesizeSingleton.h */,
				AB7C03701211E968005F4DBE /* KeyNode.h */,
				ABD22C2D125511F10018A3E8 /* KeyNode.m */,
				AB7C05221212E344005F4DBE /* KeyNodeViewController.h */,
				AB7C05231212E344005F4DBE /* KeyNodeViewController.m */,
				ABD22DB012552B630018A3E8 /* Plant.h */,
				ABD22DB112552B630018A3E8 /* Plant.m */,
				ABAB8FB112D27BCC0095BDCE /* Image.h */,
				ABAB8FB212D27BCC0095BDCE /* Image.m */,
				ABD22DA912552B4A0018A3E8 /* PlantViewController.h */,
				ABD22DAA12552B4A0018A3E8 /* PlantViewController.m */,
				AB026AC912D288EB00D17F90 /* PlantImageViewController.h */,
				AB026ACA12D288EB00D17F90 /* PlantImageViewController.m */,
				ABD22E2D125545CA0018A3E8 /* PlantListViewController.h */,
				ABD22E2E125545CA0018A3E8 /* PlantListViewController.m */,
			);
			path = Classes;
			sourceTree = "<group>";
		};
		19C28FACFE9D520D11CA2CBB /* Products */ = {
			isa = PBXGroup;
			children = (
				1D6058910D05DD3D006BFB54 /* PlantKey.app */,
			);
			name = Products;
			sourceTree = "<group>";
		};
		29B97314FDCFA39411CA2CEA /* CustomTemplate */ = {
			isa = PBXGroup;
			children = (
				080E96DDFE201D6D7F000001 /* Classes */,
				29B97315FDCFA39411CA2CEA /* Other Sources */,
				29B97317FDCFA39411CA2CEA /* Resources */,
				29B97323FDCFA39411CA2CEA /* Frameworks */,
				19C28FACFE9D520D11CA2CBB /* Products */,
				AB7C05DC1213233B005F4DBE /* CoreGraphics.framework */,
				AB9BF95C12256B4C0028D6AC /* notes */,
			);
			name = CustomTemplate;
			sourceTree = "<group>";
		};
		29B97315FDCFA39411CA2CEA /* Other Sources */ = {
			isa = PBXGroup;
			children = (
				32CA4F630368D1EE00C91783 /* PlantKey_Prefix.pch */,
				29B97316FDCFA39411CA2CEA /* main.m */,
			);
			name = "Other Sources";
			sourceTree = "<group>";
		};
		29B97317FDCFA39411CA2CEA /* Resources */ = {
			isa = PBXGroup;
			children = (
				ABD231A31255A9CE0018A3E8 /* plantIcon.png */,
				ABD2319F1255A90A0018A3E8 /* keyIcon.png */,
				ABCE86BC12133B380012C322 /* images */,
				AB7C036D1211E932005F4DBE /* plantKey.sql */,
				28AD733E0D9D9553002E5188 /* MainWindow.xib */,
				8D1107310486CEB800E47090 /* PlantKey-Info.plist */,
				ABD22F0D1255545D0018A3E8 /* KeyNodeViewController.xib */,
				ABD22DAB12552B4A0018A3E8 /* PlantViewController.xib */,
				AB026ACB12D288EB00D17F90 /* PlantImageViewController.xib */,
				ABD22E2F125545CB0018A3E8 /* PlantListViewController.xib */,
			);
			name = Resources;
			sourceTree = "<group>";
		};
		29B97323FDCFA39411CA2CEA /* Frameworks */ = {
			isa = PBXGroup;
			children = (
				1DF5F4DF0D08C38300B7A737 /* UIKit.framework */,
				1D30AB110D05D00D00671497 /* Foundation.framework */,
				AB7C03CC1211F412005F4DBE /* libsqlite3.0.dylib */,
			);
			name = Frameworks;
			sourceTree = "<group>";
		};
		ABCE86BC12133B380012C322 /* images */ = {
			isa = PBXGroup;
			children = (
				ABAB8F9F12D27B420095BDCE /* 1.jpg */,
				ABAB8FA012D27B420095BDCE /* 2.jpg */,
				ABAB8FA112D27B420095BDCE /* 3.jpg */,
				ABAB8FA212D27B420095BDCE /* 4.jpg */,
				ABAB8FA312D27B420095BDCE /* 5.jpg */,
				ABAB8FA412D27B420095BDCE /* 6.jpg */,
				ABAB8FA512D27B420095BDCE /* 7.jpg */,
			);
			path = images;
			sourceTree = "<group>";
		};
/* End PBXGroup section */

/* Begin PBXNativeTarget section */
		1D6058900D05DD3D006BFB54 /* PlantKey */ = {
			isa = PBXNativeTarget;
			buildConfigurationList = 1D6058960D05DD3E006BFB54 /* Build configuration list for PBXNativeTarget "PlantKey" */;
			buildPhases = (
				1D60588D0D05DD3D006BFB54 /* Resources */,
				1D60588E0D05DD3D006BFB54 /* Sources */,
				1D60588F0D05DD3D006BFB54 /* Frameworks */,
			);
			buildRules = (
			);
			dependencies = (
			);
			name = PlantKey;
			productName = PlantKey;
			productReference = 1D6058910D05DD3D006BFB54 /* PlantKey.app */;
			productType = "com.apple.product-type.application";
		};
/* End PBXNativeTarget section */

/* Begin PBXProject section */
		29B97313FDCFA39411CA2CEA /* Project object */ = {
			isa = PBXProject;
			buildConfigurationList = C01FCF4E08A954540054247B /* Build configuration list for PBXProject "PlantKey" */;
			compatibilityVersion = "Xcode 3.1";
			developmentRegion = English;
			hasScannedForEncodings = 1;
			knownRegions = (
				English,
				Japanese,
				French,
				German,
			);
			mainGroup = 29B97314FDCFA39411CA2CEA /* CustomTemplate */;
			projectDirPath = "";
			projectRoot = "";
			targets = (
				1D6058900D05DD3D006BFB54 /* PlantKey */,
			);
		};
/* End PBXProject section */

/* Begin PBXResourcesBuildPhase section */
		1D60588D0D05DD3D006BFB54 /* Resources */ = {
			isa = PBXResourcesBuildPhase;
			buildActionMask = 2147483647;
			files = (
				28AD733F0D9D9553002E5188 /* MainWindow.xib in Resources */,
				AB7C036E1211E932005F4DBE /* plantKey.sql in Resources */,
				AB9BF95D12256B4C0028D6AC /* notes in Resources */,
				ABD22DAD12552B4A0018A3E8 /* PlantViewController.xib in Resources */,
				ABD22E31125545CB0018A3E8 /* PlantListViewController.xib in Resources */,
				ABD22F0E1255545D0018A3E8 /* KeyNodeViewController.xib in Resources */,
				ABD231A01255A90A0018A3E8 /* keyIcon.png in Resources */,
				ABD231A41255A9CE0018A3E8 /* plantIcon.png in Resources */,
				ABAB8FA712D27B430095BDCE /* 1.jpg in Resources */,
				ABAB8FA812D27B430095BDCE /* 2.jpg in Resources */,
				ABAB8FA912D27B430095BDCE /* 3.jpg in Resources */,
				ABAB8FAA12D27B430095BDCE /* 4.jpg in Resources */,
				ABAB8FAB12D27B430095BDCE /* 5.jpg in Resources */,
				ABAB8FAC12D27B430095BDCE /* 6.jpg in Resources */,
				ABAB8FAD12D27B430095BDCE /* 7.jpg in Resources */,
				AB026ACD12D288EB00D17F90 /* PlantImageViewController.xib in Resources */,
			);
			runOnlyForDeploymentPostprocessing = 0;
		};
/* End PBXResourcesBuildPhase section */

/* Begin PBXSourcesBuildPhase section */
		1D60588E0D05DD3D006BFB54 /* Sources */ = {
			isa = PBXSourcesBuildPhase;
			buildActionMask = 2147483647;
			files = (
				1D60589B0D05DD56006BFB54 /* main.m in Sources */,
				1D3623260D0F684500981E51 /* PlantKeyAppDelegate.m in Sources */,
				AB7C01801210A3A8005F4DBE /* AppModel.m in Sources */,
				AB7C05251212E344005F4DBE /* KeyNodeViewController.m in Sources */,
				ABD22C2E125511F10018A3E8 /* KeyNode.m in Sources */,
				ABD22DAC12552B4A0018A3E8 /* PlantViewController.m in Sources */,
				ABD22DB212552B630018A3E8 /* Plant.m in Sources */,
				ABD22E30125545CB0018A3E8 /* PlantListViewController.m in Sources */,
				ABAB8FB312D27BCC0095BDCE /* Image.m in Sources */,
				AB026ACC12D288EB00D17F90 /* PlantImageViewController.m in Sources */,
			);
			runOnlyForDeploymentPostprocessing = 0;
		};
/* End PBXSourcesBuildPhase section */

/* Begin XCBuildConfiguration section */
		1D6058940D05DD3E006BFB54 /* Debug */ = {
			isa = XCBuildConfiguration;
			buildSettings = {
				ALWAYS_SEARCH_USER_PATHS = NO;
				COPY_PHASE_STRIP = NO;
				GCC_DYNAMIC_NO_PIC = NO;
				GCC_OPTIMIZATION_LEVEL = 0;
				GCC_PRECOMPILE_PREFIX_HEADER = YES;
				GCC_PREFIX_HEADER = PlantKey_Prefix.pch;
				INFOPLIST_FILE = "PlantKey-Info.plist";
				IPHONEOS_DEPLOYMENT_TARGET = 3.0;
				PRODUCT_NAME = PlantKey;
				SDKROOT = iphoneos;
			};
			name = Debug;
		};
		1D6058950D05DD3E006BFB54 /* Release */ = {
			isa = XCBuildConfiguration;
			buildSettings = {
				ALWAYS_SEARCH_USER_PATHS = NO;
				COPY_PHASE_STRIP = YES;
				GCC_PRECOMPILE_PREFIX_HEADER = YES;
				GCC_PREFIX_HEADER = PlantKey_Prefix.pch;
				INFOPLIST_FILE = "PlantKey-Info.plist";
				PRODUCT_NAME = PlantKey;
				SDKROOT = iphoneos;
				VALIDATE_PRODUCT = YES;
			};
			name = Release;
		};
		C01FCF4F08A954540054247B /* Debug */ = {
			isa = XCBuildConfiguration;
			buildSettings = {
				ARCHS = "$(ARCHS_STANDARD_32_BIT)";
				"CODE_SIGN_IDENTITY[sdk=iphoneos*]" = "iPhone Developer";
				GCC_C_LANGUAGE_STANDARD = c99;
				GCC_WARN_ABOUT_RETURN_TYPE = YES;
				GCC_WARN_UNUSED_VARIABLE = YES;
				PREBINDING = NO;
				SDKROOT = iphoneos;
			};
			name = Debug;
		};
		C01FCF5008A954540054247B /* Release */ = {
			isa = XCBuildConfiguration;
			buildSettings = {
				ARCHS = "$(ARCHS_STANDARD_32_BIT)";
				"CODE_SIGN_IDENTITY[sdk=iphoneos*]" = "iPhone Developer";
				GCC_C_LANGUAGE_STANDARD = c99;
				GCC_WARN_ABOUT_RETURN_TYPE = YES;
				GCC_WARN_UNUSED_VARIABLE = YES;
				OTHER_CFLAGS = "-DNS_BLOCK_ASSERTIONS=1";
				PREBINDING = NO;
				SDKROOT = iphoneos;
			};
			name = Release;
		};
/* End XCBuildConfiguration section */

/* Begin XCConfigurationList section */
		1D6058960D05DD3E006BFB54 /* Build configuration list for PBXNativeTarget "PlantKey" */ = {
			isa = XCConfigurationList;
			buildConfigurations = (
				1D6058940D05DD3E006BFB54 /* Debug */,
				1D6058950D05DD3E006BFB54 /* Release */,
			);
			defaultConfigurationIsVisible = 0;
			defaultConfigurationName = Release;
		};
		C01FCF4E08A954540054247B /* Build configuration list for PBXProject "PlantKey" */ = {
			isa = XCConfigurationList;
			buildConfigurations = (
				C01FCF4F08A954540054247B /* Debug */,
				C01FCF5008A954540054247B /* Release */,
			);
			defaultConfigurationIsVisible = 0;
			defaultConfigurationName = Release;
		};
/* End XCConfigurationList section */
	};
	rootObject = 29B97313FDCFA39411CA2CEA /* Project object */;
}
