// !$*UTF8*$!
{
	archiveVersion = 1;
	classes = {
	};
	objectVersion = 45;
	objects = {

/* Begin PBXBuildFile section */
		1D3623260D0F684500981E51 /* PlantKeyAppDelegate.m in Sources */ = {isa = PBXBuildFile; fileRef = 1D3623250D0F684500981E51 /* PlantKeyAppDelegate.m */; };
		1D60589B0D05DD56006BFB54 /* main.m in Sources */ = {isa = PBXBuildFile; fileRef = 29B97316FDCFA39411CA2CEA /* main.m */; };
		1D60589F0D05DD5A006BFB54 /* Foundation.framework in Frameworks */ = {isa = PBXBuildFile; fileRef = 1D30AB110D05D00D00671497 /* Foundation.framework */; };
		1DF5F4E00D08C38300B7A737 /* UIKit.framework in Frameworks */ = {isa = PBXBuildFile; fileRef = 1DF5F4DF0D08C38300B7A737 /* UIKit.framework */; };
		AB026ACC12D288EB00D17F90 /* PlantImageViewController.m in Sources */ = {isa = PBXBuildFile; fileRef = AB026ACA12D288EB00D17F90 /* PlantImageViewController.m */; };
		AB62404F12D512CB000EAB07 /* PlantListViewController.m in Sources */ = {isa = PBXBuildFile; fileRef = AB62404E12D512CB000EAB07 /* PlantListViewController.m */; };
		AB62408F12D526DF000EAB07 /* Term.m in Sources */ = {isa = PBXBuildFile; fileRef = AB62408E12D526DF000EAB07 /* Term.m */; };
		AB62443C12D67074000EAB07 /* RootMenuViewController.m in Sources */ = {isa = PBXBuildFile; fileRef = AB62443A12D67074000EAB07 /* RootMenuViewController.m */; };
		AB62445012D6714B000EAB07 /* attribution in Resources */ = {isa = PBXBuildFile; fileRef = AB62444F12D6714B000EAB07 /* attribution */; };
		AB6244D312D686FC000EAB07 /* Default.png in Resources */ = {isa = PBXBuildFile; fileRef = AB6244D212D686FC000EAB07 /* Default.png */; };
		AB62452112D68D09000EAB07 /* KeyNodeOption.m in Sources */ = {isa = PBXBuildFile; fileRef = AB62452012D68D09000EAB07 /* KeyNodeOption.m */; };
		AB6245CD12D77736000EAB07 /* 179-notepad.png in Resources */ = {isa = PBXBuildFile; fileRef = AB6245C712D77736000EAB07 /* 179-notepad.png */; };
		AB6245CE12D77736000EAB07 /* 189-plant.png in Resources */ = {isa = PBXBuildFile; fileRef = AB6245C812D77736000EAB07 /* 189-plant.png */; };
		AB6245CF12D77736000EAB07 /* 30-key.png in Resources */ = {isa = PBXBuildFile; fileRef = AB6245C912D77736000EAB07 /* 30-key.png */; };
		AB6245D012D77736000EAB07 /* 43-film-roll.png in Resources */ = {isa = PBXBuildFile; fileRef = AB6245CA12D77736000EAB07 /* 43-film-roll.png */; };
		AB6245D112D77736000EAB07 /* 53-house.png in Resources */ = {isa = PBXBuildFile; fileRef = AB6245CB12D77736000EAB07 /* 53-house.png */; };
		AB6245D212D77736000EAB07 /* 96-book.png in Resources */ = {isa = PBXBuildFile; fileRef = AB6245CC12D77736000EAB07 /* 96-book.png */; };
		AB6245DB12D77793000EAB07 /* KeyNodeViewController.xib in Resources */ = {isa = PBXBuildFile; fileRef = AB6245D412D77793000EAB07 /* KeyNodeViewController.xib */; };
		AB6245DC12D77793000EAB07 /* KeyViewController.xib in Resources */ = {isa = PBXBuildFile; fileRef = AB6245D512D77793000EAB07 /* KeyViewController.xib */; };
		AB6245DD12D77793000EAB07 /* MainWindow.xib in Resources */ = {isa = PBXBuildFile; fileRef = AB6245D612D77793000EAB07 /* MainWindow.xib */; };
		AB6245DE12D77793000EAB07 /* PlantDataViewController.xib in Resources */ = {isa = PBXBuildFile; fileRef = AB6245D712D77793000EAB07 /* PlantDataViewController.xib */; };
		AB6245DF12D77793000EAB07 /* PlantImageViewController.xib in Resources */ = {isa = PBXBuildFile; fileRef = AB6245D812D77793000EAB07 /* PlantImageViewController.xib */; };
		AB6245E012D77793000EAB07 /* PlantListViewController.xib in Resources */ = {isa = PBXBuildFile; fileRef = AB6245D912D77793000EAB07 /* PlantListViewController.xib */; };
		AB6245E112D77793000EAB07 /* RootMenuViewController.xib in Resources */ = {isa = PBXBuildFile; fileRef = AB6245DA12D77793000EAB07 /* RootMenuViewController.xib */; };
		AB6245E312D777C6000EAB07 /* GlossaryListViewController.xib in Resources */ = {isa = PBXBuildFile; fileRef = AB6245E212D777C6000EAB07 /* GlossaryListViewController.xib */; };
		AB7C01801210A3A8005F4DBE /* AppModel.m in Sources */ = {isa = PBXBuildFile; fileRef = AB7C017E1210A3A8005F4DBE /* AppModel.m */; };
		AB7C036E1211E932005F4DBE /* plantKey.sql in Resources */ = {isa = PBXBuildFile; fileRef = AB7C036D1211E932005F4DBE /* plantKey.sql */; };
		AB7C03CD1211F412005F4DBE /* libsqlite3.0.dylib in Frameworks */ = {isa = PBXBuildFile; fileRef = AB7C03CC1211F412005F4DBE /* libsqlite3.0.dylib */; };
		AB7C05251212E344005F4DBE /* KeyNodeViewController.m in Sources */ = {isa = PBXBuildFile; fileRef = AB7C05231212E344005F4DBE /* KeyNodeViewController.m */; };
		AB7C05DD1213233B005F4DBE /* CoreGraphics.framework in Frameworks */ = {isa = PBXBuildFile; fileRef = AB7C05DC1213233B005F4DBE /* CoreGraphics.framework */; };
		AB9BF95D12256B4C0028D6AC /* notes in Resources */ = {isa = PBXBuildFile; fileRef = AB9BF95C12256B4C0028D6AC /* notes */; };
		ABAB8FB312D27BCC0095BDCE /* Image.m in Sources */ = {isa = PBXBuildFile; fileRef = ABAB8FB212D27BCC0095BDCE /* Image.m */; };
		ABCF9E0C12D780330062FFAF /* Abibal01 Needles.jpg in Resources */ = {isa = PBXBuildFile; fileRef = ABCF9D9912D780320062FFAF /* Abibal01 Needles.jpg */; };
		ABCF9E0D12D780330062FFAF /* Abibal02 Bough.jpg in Resources */ = {isa = PBXBuildFile; fileRef = ABCF9D9A12D780320062FFAF /* Abibal02 Bough.jpg */; };
		ABCF9E0E12D780330062FFAF /* Abibal03 Upright cone.jpg in Resources */ = {isa = PBXBuildFile; fileRef = ABCF9D9B12D780320062FFAF /* Abibal03 Upright cone.jpg */; };
		ABCF9E0F12D780330062FFAF /* Abibal04 Male cones.jpg in Resources */ = {isa = PBXBuildFile; fileRef = ABCF9D9C12D780320062FFAF /* Abibal04 Male cones.jpg */; };
		ABCF9E1012D780330062FFAF /* Abibal05 Bark.jpg in Resources */ = {isa = PBXBuildFile; fileRef = ABCF9D9D12D780320062FFAF /* Abibal05 Bark.jpg */; };
		ABCF9E1112D780330062FFAF /* Abibal06 Habit.jpg in Resources */ = {isa = PBXBuildFile; fileRef = ABCF9D9E12D780320062FFAF /* Abibal06 Habit.jpg */; };
		ABCF9E1212D780330062FFAF /* Abibal07 Distmap.jpg in Resources */ = {isa = PBXBuildFile; fileRef = ABCF9D9F12D780320062FFAF /* Abibal07 Distmap.jpg */; };
		ABCF9E1312D780330062FFAF /* Abicon01 Needles.jpg in Resources */ = {isa = PBXBuildFile; fileRef = ABCF9DA012D780320062FFAF /* Abicon01 Needles.jpg */; };
		ABCF9E1412D780330062FFAF /* Abicon02 Bough.jpg in Resources */ = {isa = PBXBuildFile; fileRef = ABCF9DA112D780320062FFAF /* Abicon02 Bough.jpg */; };
		ABCF9E1512D780330062FFAF /* Abicon03 Leaf scars.jpg in Resources */ = {isa = PBXBuildFile; fileRef = ABCF9DA212D780320062FFAF /* Abicon03 Leaf scars.jpg */; };
		ABCF9E1612D780330062FFAF /* Abicon04 Cones.jpg in Resources */ = {isa = PBXBuildFile; fileRef = ABCF9DA312D780320062FFAF /* Abicon04 Cones.jpg */; };
		ABCF9E1712D780330062FFAF /* Abicon05 Male cones.jpg in Resources */ = {isa = PBXBuildFile; fileRef = ABCF9DA412D780320062FFAF /* Abicon05 Male cones.jpg */; };
		ABCF9E1812D780330062FFAF /* Abicon06 Bark.jpg in Resources */ = {isa = PBXBuildFile; fileRef = ABCF9DA512D780320062FFAF /* Abicon06 Bark.jpg */; };
		ABCF9E1912D780330062FFAF /* Abicon07 Habit.jpg in Resources */ = {isa = PBXBuildFile; fileRef = ABCF9DA612D780320062FFAF /* Abicon07 Habit.jpg */; };
		ABCF9E1A12D780330062FFAF /* Juncom01 Needles.jpg in Resources */ = {isa = PBXBuildFile; fileRef = ABCF9DA712D780320062FFAF /* Juncom01 Needles.jpg */; };
		ABCF9E1B12D780330062FFAF /* Juncom02 Male cones.jpg in Resources */ = {isa = PBXBuildFile; fileRef = ABCF9DA812D780320062FFAF /* Juncom02 Male cones.jpg */; };
		ABCF9E1C12D780330062FFAF /* Juncom03 Branch.jpg in Resources */ = {isa = PBXBuildFile; fileRef = ABCF9DA912D780320062FFAF /* Juncom03 Branch.jpg */; };
		ABCF9E1D12D780330062FFAF /* Juncom04 Cones.jpg in Resources */ = {isa = PBXBuildFile; fileRef = ABCF9DAA12D780320062FFAF /* Juncom04 Cones.jpg */; };
		ABCF9E1E12D780330062FFAF /* Juncom05 Habit.jpg in Resources */ = {isa = PBXBuildFile; fileRef = ABCF9DAB12D780320062FFAF /* Juncom05 Habit.jpg */; };
		ABCF9E1F12D780330062FFAF /* Juncom06 Distmap.jpg in Resources */ = {isa = PBXBuildFile; fileRef = ABCF9DAC12D780320062FFAF /* Juncom06 Distmap.jpg */; };
		ABCF9E2012D780330062FFAF /* Junhor01 Scale leaves.jpg in Resources */ = {isa = PBXBuildFile; fileRef = ABCF9DAD12D780320062FFAF /* Junhor01 Scale leaves.jpg */; };
		ABCF9E2112D780330062FFAF /* Junhor02 Branch.jpg in Resources */ = {isa = PBXBuildFile; fileRef = ABCF9DAE12D780320062FFAF /* Junhor02 Branch.jpg */; };
		ABCF9E2212D780330062FFAF /* Junhor03 Branch withcones.jpg in Resources */ = {isa = PBXBuildFile; fileRef = ABCF9DAF12D780320062FFAF /* Junhor03 Branch withcones.jpg */; };
		ABCF9E2312D780330062FFAF /* Junhor04 Femcones.jpg in Resources */ = {isa = PBXBuildFile; fileRef = ABCF9DB012D780320062FFAF /* Junhor04 Femcones.jpg */; };
		ABCF9E2412D780330062FFAF /* Junhor05 Malcones.jpg in Resources */ = {isa = PBXBuildFile; fileRef = ABCF9DB112D780320062FFAF /* Junhor05 Malcones.jpg */; };
		ABCF9E2512D780330062FFAF /* Junhor06 Sprawl.jpg in Resources */ = {isa = PBXBuildFile; fileRef = ABCF9DB212D780320062FFAF /* Junhor06 Sprawl.jpg */; };
		ABCF9E2612D780330062FFAF /* Junhor07 Compact.jpg in Resources */ = {isa = PBXBuildFile; fileRef = ABCF9DB312D780320062FFAF /* Junhor07 Compact.jpg */; };
		ABCF9E2712D780330062FFAF /* Junhor08 Distmap.jpg in Resources */ = {isa = PBXBuildFile; fileRef = ABCF9DB412D780320062FFAF /* Junhor08 Distmap.jpg */; };
		ABCF9E2812D780330062FFAF /* Junvir01 Needles.jpg in Resources */ = {isa = PBXBuildFile; fileRef = ABCF9DB512D780320062FFAF /* Junvir01 Needles.jpg */; };
		ABCF9E2912D780330062FFAF /* Junvir02 Branch.jpg in Resources */ = {isa = PBXBuildFile; fileRef = ABCF9DB612D780320062FFAF /* Junvir02 Branch.jpg */; };
		ABCF9E2A12D780330062FFAF /* Junvir03 Twig.jpg in Resources */ = {isa = PBXBuildFile; fileRef = ABCF9DB712D780320062FFAF /* Junvir03 Twig.jpg */; };
		ABCF9E2B12D780330062FFAF /* Junvir04 Female cones.jpg in Resources */ = {isa = PBXBuildFile; fileRef = ABCF9DB812D780320062FFAF /* Junvir04 Female cones.jpg */; };
		ABCF9E2C12D780330062FFAF /* Junvir05 Male cones.jpg in Resources */ = {isa = PBXBuildFile; fileRef = ABCF9DB912D780320062FFAF /* Junvir05 Male cones.jpg */; };
		ABCF9E2D12D780330062FFAF /* Junvir06 Bark.jpg in Resources */ = {isa = PBXBuildFile; fileRef = ABCF9DBA12D780320062FFAF /* Junvir06 Bark.jpg */; };
		ABCF9E2E12D780330062FFAF /* Junvir07 Habit.jpg in Resources */ = {isa = PBXBuildFile; fileRef = ABCF9DBB12D780330062FFAF /* Junvir07 Habit.jpg */; };
		ABCF9E2F12D780330062FFAF /* Junvir08 Distmap.jpg in Resources */ = {isa = PBXBuildFile; fileRef = ABCF9DBC12D780330062FFAF /* Junvir08 Distmap.jpg */; };
		ABCF9E3012D780330062FFAF /* Lardec01 Needles.jpg in Resources */ = {isa = PBXBuildFile; fileRef = ABCF9DBD12D780330062FFAF /* Lardec01 Needles.jpg */; };
		ABCF9E3112D780330062FFAF /* Lardec02 Branch.jpg in Resources */ = {isa = PBXBuildFile; fileRef = ABCF9DBE12D780330062FFAF /* Lardec02 Branch.jpg */; };
		ABCF9E3212D780330062FFAF /* Lardec03 Branch wCones.jpg in Resources */ = {isa = PBXBuildFile; fileRef = ABCF9DBF12D780330062FFAF /* Lardec03 Branch wCones.jpg */; };
		ABCF9E3312D780330062FFAF /* Lardec04 Cone.jpg in Resources */ = {isa = PBXBuildFile; fileRef = ABCF9DC012D780330062FFAF /* Lardec04 Cone.jpg */; };
		ABCF9E3412D780330062FFAF /* Lardec05 Winter.jpg in Resources */ = {isa = PBXBuildFile; fileRef = ABCF9DC112D780330062FFAF /* Lardec05 Winter.jpg */; };
		ABCF9E3512D780330062FFAF /* Lardec06 Bark.jpg in Resources */ = {isa = PBXBuildFile; fileRef = ABCF9DC212D780330062FFAF /* Lardec06 Bark.jpg */; };
		ABCF9E3612D780330062FFAF /* Lardec07 Habit.jpg in Resources */ = {isa = PBXBuildFile; fileRef = ABCF9DC312D780330062FFAF /* Lardec07 Habit.jpg */; };
		ABCF9E3712D780330062FFAF /* Larlar01 Needles.jpg in Resources */ = {isa = PBXBuildFile; fileRef = ABCF9DC412D780330062FFAF /* Larlar01 Needles.jpg */; };
		ABCF9E3812D780330062FFAF /* Larlar02 Branch.jpg in Resources */ = {isa = PBXBuildFile; fileRef = ABCF9DC512D780330062FFAF /* Larlar02 Branch.jpg */; };
		ABCF9E3912D780330062FFAF /* Larlar03 Cones.jpg in Resources */ = {isa = PBXBuildFile; fileRef = ABCF9DC612D780330062FFAF /* Larlar03 Cones.jpg */; };
		ABCF9E3A12D780330062FFAF /* Larlar04 Bark.jpg in Resources */ = {isa = PBXBuildFile; fileRef = ABCF9DC712D780330062FFAF /* Larlar04 Bark.jpg */; };
		ABCF9E3B12D780330062FFAF /* Larlar05 Habit.jpg in Resources */ = {isa = PBXBuildFile; fileRef = ABCF9DC812D780330062FFAF /* Larlar05 Habit.jpg */; };
		ABCF9E3C12D780330062FFAF /* Larlar06 Distmap.jpg in Resources */ = {isa = PBXBuildFile; fileRef = ABCF9DC912D780330062FFAF /* Larlar06 Distmap.jpg */; };
		ABCF9E3D12D780330062FFAF /* Photo credits - P menziesii.txt in Resources */ = {isa = PBXBuildFile; fileRef = ABCF9DCA12D780330062FFAF /* Photo credits - P menziesii.txt */; };
		ABCF9E3E12D780330062FFAF /* Picabi01 Needles.jpg in Resources */ = {isa = PBXBuildFile; fileRef = ABCF9DCB12D780330062FFAF /* Picabi01 Needles.jpg */; };
		ABCF9E3F12D780330062FFAF /* Picabi03 Developing cone.jpg in Resources */ = {isa = PBXBuildFile; fileRef = ABCF9DCC12D780330062FFAF /* Picabi03 Developing cone.jpg */; };
		ABCF9E4012D780330062FFAF /* Picabi04 Cones on tree.jpg in Resources */ = {isa = PBXBuildFile; fileRef = ABCF9DCD12D780330062FFAF /* Picabi04 Cones on tree.jpg */; };
		ABCF9E4112D780330062FFAF /* Picabi05 Drooping branchlets.jpg in Resources */ = {isa = PBXBuildFile; fileRef = ABCF9DCE12D780330062FFAF /* Picabi05 Drooping branchlets.jpg */; };
		ABCF9E4212D780330062FFAF /* Picabi06 Bark.jpg in Resources */ = {isa = PBXBuildFile; fileRef = ABCF9DCF12D780330062FFAF /* Picabi06 Bark.jpg */; };
		ABCF9E4312D780330062FFAF /* Picabi07 Habit.jpg in Resources */ = {isa = PBXBuildFile; fileRef = ABCF9DD012D780330062FFAF /* Picabi07 Habit.jpg */; };
		ABCF9E4412D780330062FFAF /* Picgla01 Needles.jpg in Resources */ = {isa = PBXBuildFile; fileRef = ABCF9DD112D780330062FFAF /* Picgla01 Needles.jpg */; };
		ABCF9E4512D780330062FFAF /* Picgla02 Branch.jpg in Resources */ = {isa = PBXBuildFile; fileRef = ABCF9DD212D780330062FFAF /* Picgla02 Branch.jpg */; };
		ABCF9E4612D780330062FFAF /* Picgla03 Cone.jpg in Resources */ = {isa = PBXBuildFile; fileRef = ABCF9DD312D780330062FFAF /* Picgla03 Cone.jpg */; };
		ABCF9E4712D780330062FFAF /* Picgla04 Seeds.jpg in Resources */ = {isa = PBXBuildFile; fileRef = ABCF9DD412D780330062FFAF /* Picgla04 Seeds.jpg */; };
		ABCF9E4812D780330062FFAF /* Picgla05 Bark.jpg in Resources */ = {isa = PBXBuildFile; fileRef = ABCF9DD512D780330062FFAF /* Picgla05 Bark.jpg */; };
		ABCF9E4912D780330062FFAF /* Picgla06 Habit.jpg in Resources */ = {isa = PBXBuildFile; fileRef = ABCF9DD612D780330062FFAF /* Picgla06 Habit.jpg */; };
		ABCF9E4A12D780330062FFAF /* Picgla07 Habit2.jpg in Resources */ = {isa = PBXBuildFile; fileRef = ABCF9DD712D780330062FFAF /* Picgla07 Habit2.jpg */; };
		ABCF9E4B12D780330062FFAF /* Picgla08 Distmap.jpg in Resources */ = {isa = PBXBuildFile; fileRef = ABCF9DD812D780330062FFAF /* Picgla08 Distmap.jpg */; };
		ABCF9E4C12D780330062FFAF /* Picmar01 Needles.jpg in Resources */ = {isa = PBXBuildFile; fileRef = ABCF9DD912D780330062FFAF /* Picmar01 Needles.jpg */; };
		ABCF9E4D12D780330062FFAF /* Picmar02 Bough.jpg in Resources */ = {isa = PBXBuildFile; fileRef = ABCF9DDA12D780330062FFAF /* Picmar02 Bough.jpg */; };
		ABCF9E4E12D780330062FFAF /* Picmar03 Cones.jpg in Resources */ = {isa = PBXBuildFile; fileRef = ABCF9DDB12D780330062FFAF /* Picmar03 Cones.jpg */; };
		ABCF9E4F12D780330062FFAF /* Picmar04 Twig.jpg in Resources */ = {isa = PBXBuildFile; fileRef = ABCF9DDC12D780330062FFAF /* Picmar04 Twig.jpg */; };
		ABCF9E5012D780330062FFAF /* Picmar05 Twig2.jpg in Resources */ = {isa = PBXBuildFile; fileRef = ABCF9DDD12D780330062FFAF /* Picmar05 Twig2.jpg */; };
		ABCF9E5112D780330062FFAF /* Picmar06 Bark.jpg in Resources */ = {isa = PBXBuildFile; fileRef = ABCF9DDE12D780330062FFAF /* Picmar06 Bark.jpg */; };
		ABCF9E5212D780330062FFAF /* Picmar07 Habit.jpg in Resources */ = {isa = PBXBuildFile; fileRef = ABCF9DDF12D780330062FFAF /* Picmar07 Habit.jpg */; };
		ABCF9E5312D780330062FFAF /* Picmar08 Distmap.jpg in Resources */ = {isa = PBXBuildFile; fileRef = ABCF9DE012D780330062FFAF /* Picmar08 Distmap.jpg */; };
		ABCF9E5412D780330062FFAF /* Picpun01 Needles.jpg in Resources */ = {isa = PBXBuildFile; fileRef = ABCF9DE112D780330062FFAF /* Picpun01 Needles.jpg */; };
		ABCF9E5512D780330062FFAF /* Picpun02 Branch.jpg in Resources */ = {isa = PBXBuildFile; fileRef = ABCF9DE212D780330062FFAF /* Picpun02 Branch.jpg */; };
		ABCF9E5612D780330062FFAF /* Picpun03 Cone.jpg in Resources */ = {isa = PBXBuildFile; fileRef = ABCF9DE312D780330062FFAF /* Picpun03 Cone.jpg */; };
		ABCF9E5712D780330062FFAF /* Picpun04 Twig.jpg in Resources */ = {isa = PBXBuildFile; fileRef = ABCF9DE412D780330062FFAF /* Picpun04 Twig.jpg */; };
		ABCF9E5812D780330062FFAF /* Picpun05 Bark.jpg in Resources */ = {isa = PBXBuildFile; fileRef = ABCF9DE512D780330062FFAF /* Picpun05 Bark.jpg */; };
		ABCF9E5912D780330062FFAF /* Picpun06 Habit.jpg in Resources */ = {isa = PBXBuildFile; fileRef = ABCF9DE612D780330062FFAF /* Picpun06 Habit.jpg */; };
		ABCF9E5A12D780330062FFAF /* Pinban01 Needles.jpg in Resources */ = {isa = PBXBuildFile; fileRef = ABCF9DE712D780330062FFAF /* Pinban01 Needles.jpg */; };
		ABCF9E5B12D780330062FFAF /* Pinban02 Twig.jpg in Resources */ = {isa = PBXBuildFile; fileRef = ABCF9DE812D780330062FFAF /* Pinban02 Twig.jpg */; };
		ABCF9E5C12D780330062FFAF /* Pinban03 Conesc.jpg in Resources */ = {isa = PBXBuildFile; fileRef = ABCF9DE912D780330062FFAF /* Pinban03 Conesc.jpg */; };
		ABCF9E5D12D780330062FFAF /* Pinban04 Coneso.jpg in Resources */ = {isa = PBXBuildFile; fileRef = ABCF9DEA12D780330062FFAF /* Pinban04 Coneso.jpg */; };
		ABCF9E5E12D780330062FFAF /* Pinban05 Male.jpg in Resources */ = {isa = PBXBuildFile; fileRef = ABCF9DEB12D780330062FFAF /* Pinban05 Male.jpg */; };
		ABCF9E5F12D780330062FFAF /* Pinban06 Bark.jpg in Resources */ = {isa = PBXBuildFile; fileRef = ABCF9DEC12D780330062FFAF /* Pinban06 Bark.jpg */; };
		ABCF9E6012D780330062FFAF /* Pinban07 Habit.jpg in Resources */ = {isa = PBXBuildFile; fileRef = ABCF9DED12D780330062FFAF /* Pinban07 Habit.jpg */; };
		ABCF9E6112D780330062FFAF /* Pinban08 Distmap.jpg in Resources */ = {isa = PBXBuildFile; fileRef = ABCF9DEE12D780330062FFAF /* Pinban08 Distmap.jpg */; };
		ABCF9E6212D780330062FFAF /* Pinnig01 Needles.jpg in Resources */ = {isa = PBXBuildFile; fileRef = ABCF9DEF12D780330062FFAF /* Pinnig01 Needles.jpg */; };
		ABCF9E6312D780330062FFAF /* Pinnig02 Bough.jpg in Resources */ = {isa = PBXBuildFile; fileRef = ABCF9DF012D780330062FFAF /* Pinnig02 Bough.jpg */; };
		ABCF9E6412D780330062FFAF /* Pinnig03 Cone.jpg in Resources */ = {isa = PBXBuildFile; fileRef = ABCF9DF112D780330062FFAF /* Pinnig03 Cone.jpg */; };
		ABCF9E6512D780330062FFAF /* Pinnig04 Twig.jpg in Resources */ = {isa = PBXBuildFile; fileRef = ABCF9DF212D780330062FFAF /* Pinnig04 Twig.jpg */; };
		ABCF9E6612D780330062FFAF /* Pinnig05 Buds.jpg in Resources */ = {isa = PBXBuildFile; fileRef = ABCF9DF312D780330062FFAF /* Pinnig05 Buds.jpg */; };
		ABCF9E6712D780330062FFAF /* Pinnig06 Bark.jpg in Resources */ = {isa = PBXBuildFile; fileRef = ABCF9DF412D780330062FFAF /* Pinnig06 Bark.jpg */; };
		ABCF9E6812D780330062FFAF /* Pinnig07 Habit.jpg in Resources */ = {isa = PBXBuildFile; fileRef = ABCF9DF512D780330062FFAF /* Pinnig07 Habit.jpg */; };
		ABCF9E6912D780330062FFAF /* Pinres01 Needles.jpg in Resources */ = {isa = PBXBuildFile; fileRef = ABCF9DF612D780330062FFAF /* Pinres01 Needles.jpg */; };
		ABCF9E6A12D780330062FFAF /* Pinres03 Mcones.jpg in Resources */ = {isa = PBXBuildFile; fileRef = ABCF9DF712D780330062FFAF /* Pinres03 Mcones.jpg */; };
		ABCF9E6B12D780330062FFAF /* Pinres04 Fcone.jpg in Resources */ = {isa = PBXBuildFile; fileRef = ABCF9DF812D780330062FFAF /* Pinres04 Fcone.jpg */; };
		ABCF9E6C12D780330062FFAF /* Pinres05 Twig.jpg in Resources */ = {isa = PBXBuildFile; fileRef = ABCF9DF912D780330062FFAF /* Pinres05 Twig.jpg */; };
		ABCF9E6D12D780330062FFAF /* Pinres07 Bark2.jpg in Resources */ = {isa = PBXBuildFile; fileRef = ABCF9DFA12D780330062FFAF /* Pinres07 Bark2.jpg */; };
		ABCF9E6E12D780330062FFAF /* Pinres08 Habit.jpg in Resources */ = {isa = PBXBuildFile; fileRef = ABCF9DFB12D780330062FFAF /* Pinres08 Habit.jpg */; };
		ABCF9E6F12D780330062FFAF /* Pinres09 Distmap.jpg in Resources */ = {isa = PBXBuildFile; fileRef = ABCF9DFC12D780330062FFAF /* Pinres09 Distmap.jpg */; };
		ABCF9E7012D780330062FFAF /* Pinstr01 Needles1.jpg in Resources */ = {isa = PBXBuildFile; fileRef = ABCF9DFD12D780330062FFAF /* Pinstr01 Needles1.jpg */; };
		ABCF9E7112D780330062FFAF /* Pinstr02 Needles2.jpg in Resources */ = {isa = PBXBuildFile; fileRef = ABCF9DFE12D780330062FFAF /* Pinstr02 Needles2.jpg */; };
		ABCF9E7212D780330062FFAF /* Pinstr03 Bough.jpg in Resources */ = {isa = PBXBuildFile; fileRef = ABCF9DFF12D780330062FFAF /* Pinstr03 Bough.jpg */; };
		ABCF9E7312D780330062FFAF /* Pinstr04 Fcone.jpg in Resources */ = {isa = PBXBuildFile; fileRef = ABCF9E0012D780330062FFAF /* Pinstr04 Fcone.jpg */; };
		ABCF9E7412D780330062FFAF /* Pinstr05 Mcone.jpg in Resources */ = {isa = PBXBuildFile; fileRef = ABCF9E0112D780330062FFAF /* Pinstr05 Mcone.jpg */; };
		ABCF9E7512D780330062FFAF /* Pinstr08 Distmap.jpg in Resources */ = {isa = PBXBuildFile; fileRef = ABCF9E0212D780330062FFAF /* Pinstr08 Distmap.jpg */; };
		ABCF9E7612D780330062FFAF /* Pinsyl09 Distmap.jpg in Resources */ = {isa = PBXBuildFile; fileRef = ABCF9E0312D780330062FFAF /* Pinsyl09 Distmap.jpg */; };
		ABCF9E7712D780330062FFAF /* Psemen01 Needles.jpg in Resources */ = {isa = PBXBuildFile; fileRef = ABCF9E0412D780330062FFAF /* Psemen01 Needles.jpg */; };
		ABCF9E7812D780330062FFAF /* Psemen02 Branch.jpg in Resources */ = {isa = PBXBuildFile; fileRef = ABCF9E0512D780330062FFAF /* Psemen02 Branch.jpg */; };
		ABCF9E7912D780330062FFAF /* Psemen03 Cone.jpg in Resources */ = {isa = PBXBuildFile; fileRef = ABCF9E0612D780330062FFAF /* Psemen03 Cone.jpg */; };
		ABCF9E7A12D780330062FFAF /* Taxcan01 Leaves.jpg in Resources */ = {isa = PBXBuildFile; fileRef = ABCF9E0712D780330062FFAF /* Taxcan01 Leaves.jpg */; };
		ABCF9E7B12D780330062FFAF /* Taxcan02 Cones.jpg in Resources */ = {isa = PBXBuildFile; fileRef = ABCF9E0812D780330062FFAF /* Taxcan02 Cones.jpg */; };
		ABCF9E7C12D780330062FFAF /* Taxcan03 Bark.jpg in Resources */ = {isa = PBXBuildFile; fileRef = ABCF9E0912D780330062FFAF /* Taxcan03 Bark.jpg */; };
		ABCF9E7D12D780330062FFAF /* Taxcan04 Habit.jpg in Resources */ = {isa = PBXBuildFile; fileRef = ABCF9E0A12D780330062FFAF /* Taxcan04 Habit.jpg */; };
		ABCF9E7E12D780330062FFAF /* Taxcan05 Distmap.jpg in Resources */ = {isa = PBXBuildFile; fileRef = ABCF9E0B12D780330062FFAF /* Taxcan05 Distmap.jpg */; };
		ABCF9EAC12D7A2AB0062FFAF /* ImageNotAvailable.jpg in Resources */ = {isa = PBXBuildFile; fileRef = ABCF9EAB12D7A2AB0062FFAF /* ImageNotAvailable.jpg */; };
		ABD22C2E125511F10018A3E8 /* KeyNode.m in Sources */ = {isa = PBXBuildFile; fileRef = ABD22C2D125511F10018A3E8 /* KeyNode.m */; };
		ABD22DAC12552B4A0018A3E8 /* PlantDataViewController.m in Sources */ = {isa = PBXBuildFile; fileRef = ABD22DAA12552B4A0018A3E8 /* PlantDataViewController.m */; };
		ABD22DB212552B630018A3E8 /* Plant.m in Sources */ = {isa = PBXBuildFile; fileRef = ABD22DB112552B630018A3E8 /* Plant.m */; };
		ABD22E30125545CB0018A3E8 /* GlossaryListViewController.m in Sources */ = {isa = PBXBuildFile; fileRef = ABD22E2E125545CA0018A3E8 /* GlossaryListViewController.m */; };
/* End PBXBuildFile section */

/* Begin PBXFileReference section */
		1D30AB110D05D00D00671497 /* Foundation.framework */ = {isa = PBXFileReference; lastKnownFileType = wrapper.framework; name = Foundation.framework; path = System/Library/Frameworks/Foundation.framework; sourceTree = SDKROOT; };
		1D3623240D0F684500981E51 /* PlantKeyAppDelegate.h */ = {isa = PBXFileReference; fileEncoding = 4; lastKnownFileType = sourcecode.c.h; path = PlantKeyAppDelegate.h; sourceTree = "<group>"; };
		1D3623250D0F684500981E51 /* PlantKeyAppDelegate.m */ = {isa = PBXFileReference; fileEncoding = 4; lastKnownFileType = sourcecode.c.objc; path = PlantKeyAppDelegate.m; sourceTree = "<group>"; };
		1D6058910D05DD3D006BFB54 /* PlantKey.app */ = {isa = PBXFileReference; explicitFileType = wrapper.application; includeInIndex = 0; path = PlantKey.app; sourceTree = BUILT_PRODUCTS_DIR; };
		1DF5F4DF0D08C38300B7A737 /* UIKit.framework */ = {isa = PBXFileReference; lastKnownFileType = wrapper.framework; name = UIKit.framework; path = System/Library/Frameworks/UIKit.framework; sourceTree = SDKROOT; };
		29B97316FDCFA39411CA2CEA /* main.m */ = {isa = PBXFileReference; fileEncoding = 4; lastKnownFileType = sourcecode.c.objc; path = main.m; sourceTree = "<group>"; };
		32CA4F630368D1EE00C91783 /* PlantKey_Prefix.pch */ = {isa = PBXFileReference; fileEncoding = 4; lastKnownFileType = sourcecode.c.h; path = PlantKey_Prefix.pch; sourceTree = "<group>"; };
		8D1107310486CEB800E47090 /* PlantKey-Info.plist */ = {isa = PBXFileReference; fileEncoding = 4; lastKnownFileType = text.plist.xml; path = "PlantKey-Info.plist"; plistStructureDefinitionIdentifier = "com.apple.xcode.plist.structure-definition.iphone.info-plist"; sourceTree = "<group>"; };
		AB026AC912D288EB00D17F90 /* PlantImageViewController.h */ = {isa = PBXFileReference; fileEncoding = 4; lastKnownFileType = sourcecode.c.h; path = PlantImageViewController.h; sourceTree = "<group>"; };
		AB026ACA12D288EB00D17F90 /* PlantImageViewController.m */ = {isa = PBXFileReference; fileEncoding = 4; lastKnownFileType = sourcecode.c.objc; path = PlantImageViewController.m; sourceTree = "<group>"; };
		AB62404D12D512CB000EAB07 /* PlantListViewController.h */ = {isa = PBXFileReference; fileEncoding = 4; lastKnownFileType = sourcecode.c.h; path = PlantListViewController.h; sourceTree = "<group>"; };
		AB62404E12D512CB000EAB07 /* PlantListViewController.m */ = {isa = PBXFileReference; fileEncoding = 4; lastKnownFileType = sourcecode.c.objc; path = PlantListViewController.m; sourceTree = "<group>"; };
		AB62408D12D526DF000EAB07 /* Term.h */ = {isa = PBXFileReference; fileEncoding = 4; lastKnownFileType = sourcecode.c.h; path = Term.h; sourceTree = "<group>"; };
		AB62408E12D526DF000EAB07 /* Term.m */ = {isa = PBXFileReference; fileEncoding = 4; lastKnownFileType = sourcecode.c.objc; path = Term.m; sourceTree = "<group>"; };
		AB62443912D67074000EAB07 /* RootMenuViewController.h */ = {isa = PBXFileReference; fileEncoding = 4; lastKnownFileType = sourcecode.c.h; path = RootMenuViewController.h; sourceTree = "<group>"; };
		AB62443A12D67074000EAB07 /* RootMenuViewController.m */ = {isa = PBXFileReference; fileEncoding = 4; lastKnownFileType = sourcecode.c.objc; path = RootMenuViewController.m; sourceTree = "<group>"; };
		AB62444F12D6714B000EAB07 /* attribution */ = {isa = PBXFileReference; fileEncoding = 4; lastKnownFileType = text; path = attribution; sourceTree = "<group>"; };
		AB6244D212D686FC000EAB07 /* Default.png */ = {isa = PBXFileReference; lastKnownFileType = image.png; path = Default.png; sourceTree = "<group>"; };
		AB62451F12D68D09000EAB07 /* KeyNodeOption.h */ = {isa = PBXFileReference; fileEncoding = 4; lastKnownFileType = sourcecode.c.h; path = KeyNodeOption.h; sourceTree = "<group>"; };
		AB62452012D68D09000EAB07 /* KeyNodeOption.m */ = {isa = PBXFileReference; fileEncoding = 4; lastKnownFileType = sourcecode.c.objc; path = KeyNodeOption.m; sourceTree = "<group>"; };
		AB6245C712D77736000EAB07 /* 179-notepad.png */ = {isa = PBXFileReference; lastKnownFileType = image.png; path = "179-notepad.png"; sourceTree = "<group>"; };
		AB6245C812D77736000EAB07 /* 189-plant.png */ = {isa = PBXFileReference; lastKnownFileType = image.png; path = "189-plant.png"; sourceTree = "<group>"; };
		AB6245C912D77736000EAB07 /* 30-key.png */ = {isa = PBXFileReference; lastKnownFileType = image.png; path = "30-key.png"; sourceTree = "<group>"; };
		AB6245CA12D77736000EAB07 /* 43-film-roll.png */ = {isa = PBXFileReference; lastKnownFileType = image.png; path = "43-film-roll.png"; sourceTree = "<group>"; };
		AB6245CB12D77736000EAB07 /* 53-house.png */ = {isa = PBXFileReference; lastKnownFileType = image.png; path = "53-house.png"; sourceTree = "<group>"; };
		AB6245CC12D77736000EAB07 /* 96-book.png */ = {isa = PBXFileReference; lastKnownFileType = image.png; path = "96-book.png"; sourceTree = "<group>"; };
		AB6245D412D77793000EAB07 /* KeyNodeViewController.xib */ = {isa = PBXFileReference; lastKnownFileType = file.xib; path = KeyNodeViewController.xib; sourceTree = "<group>"; };
		AB6245D512D77793000EAB07 /* KeyViewController.xib */ = {isa = PBXFileReference; lastKnownFileType = file.xib; path = KeyViewController.xib; sourceTree = "<group>"; };
		AB6245D612D77793000EAB07 /* MainWindow.xib */ = {isa = PBXFileReference; lastKnownFileType = file.xib; path = MainWindow.xib; sourceTree = "<group>"; };
		AB6245D712D77793000EAB07 /* PlantDataViewController.xib */ = {isa = PBXFileReference; lastKnownFileType = file.xib; path = PlantDataViewController.xib; sourceTree = "<group>"; };
		AB6245D812D77793000EAB07 /* PlantImageViewController.xib */ = {isa = PBXFileReference; lastKnownFileType = file.xib; path = PlantImageViewController.xib; sourceTree = "<group>"; };
		AB6245D912D77793000EAB07 /* PlantListViewController.xib */ = {isa = PBXFileReference; lastKnownFileType = file.xib; path = PlantListViewController.xib; sourceTree = "<group>"; };
		AB6245DA12D77793000EAB07 /* RootMenuViewController.xib */ = {isa = PBXFileReference; lastKnownFileType = file.xib; path = RootMenuViewController.xib; sourceTree = "<group>"; };
		AB6245E212D777C6000EAB07 /* GlossaryListViewController.xib */ = {isa = PBXFileReference; lastKnownFileType = file.xib; path = GlossaryListViewController.xib; sourceTree = "<group>"; };
		AB7C017D1210A3A8005F4DBE /* AppModel.h */ = {isa = PBXFileReference; fileEncoding = 4; lastKnownFileType = sourcecode.c.h; path = AppModel.h; sourceTree = "<group>"; };
		AB7C017E1210A3A8005F4DBE /* AppModel.m */ = {isa = PBXFileReference; fileEncoding = 4; lastKnownFileType = sourcecode.c.objc; path = AppModel.m; sourceTree = "<group>"; };
		AB7C017F1210A3A8005F4DBE /* SynthesizeSingleton.h */ = {isa = PBXFileReference; fileEncoding = 4; lastKnownFileType = sourcecode.c.h; path = SynthesizeSingleton.h; sourceTree = "<group>"; };
		AB7C036D1211E932005F4DBE /* plantKey.sql */ = {isa = PBXFileReference; lastKnownFileType = file; path = plantKey.sql; sourceTree = "<group>"; };
		AB7C03701211E968005F4DBE /* KeyNode.h */ = {isa = PBXFileReference; fileEncoding = 4; lastKnownFileType = sourcecode.c.h; path = KeyNode.h; sourceTree = "<group>"; };
		AB7C03CC1211F412005F4DBE /* libsqlite3.0.dylib */ = {isa = PBXFileReference; lastKnownFileType = "compiled.mach-o.dylib"; name = libsqlite3.0.dylib; path = usr/lib/libsqlite3.0.dylib; sourceTree = SDKROOT; };
		AB7C05221212E344005F4DBE /* KeyNodeViewController.h */ = {isa = PBXFileReference; fileEncoding = 4; lastKnownFileType = sourcecode.c.h; path = KeyNodeViewController.h; sourceTree = "<group>"; };
		AB7C05231212E344005F4DBE /* KeyNodeViewController.m */ = {isa = PBXFileReference; fileEncoding = 4; lastKnownFileType = sourcecode.c.objc; path = KeyNodeViewController.m; sourceTree = "<group>"; };
		AB7C05DC1213233B005F4DBE /* CoreGraphics.framework */ = {isa = PBXFileReference; lastKnownFileType = wrapper.framework; name = CoreGraphics.framework; path = System/Library/Frameworks/CoreGraphics.framework; sourceTree = SDKROOT; };
		AB9BF95C12256B4C0028D6AC /* notes */ = {isa = PBXFileReference; fileEncoding = 4; lastKnownFileType = text; path = notes; sourceTree = "<group>"; };
		ABAB8FB112D27BCC0095BDCE /* Image.h */ = {isa = PBXFileReference; fileEncoding = 4; lastKnownFileType = sourcecode.c.h; path = Image.h; sourceTree = "<group>"; };
		ABAB8FB212D27BCC0095BDCE /* Image.m */ = {isa = PBXFileReference; fileEncoding = 4; lastKnownFileType = sourcecode.c.objc; path = Image.m; sourceTree = "<group>"; };
		ABCF9D9912D780320062FFAF /* Abibal01 Needles.jpg */ = {isa = PBXFileReference; lastKnownFileType = image.jpeg; path = "Abibal01 Needles.jpg"; sourceTree = "<group>"; };
		ABCF9D9A12D780320062FFAF /* Abibal02 Bough.jpg */ = {isa = PBXFileReference; lastKnownFileType = image.jpeg; path = "Abibal02 Bough.jpg"; sourceTree = "<group>"; };
		ABCF9D9B12D780320062FFAF /* Abibal03 Upright cone.jpg */ = {isa = PBXFileReference; lastKnownFileType = image.jpeg; path = "Abibal03 Upright cone.jpg"; sourceTree = "<group>"; };
		ABCF9D9C12D780320062FFAF /* Abibal04 Male cones.jpg */ = {isa = PBXFileReference; lastKnownFileType = image.jpeg; path = "Abibal04 Male cones.jpg"; sourceTree = "<group>"; };
		ABCF9D9D12D780320062FFAF /* Abibal05 Bark.jpg */ = {isa = PBXFileReference; lastKnownFileType = image.jpeg; path = "Abibal05 Bark.jpg"; sourceTree = "<group>"; };
		ABCF9D9E12D780320062FFAF /* Abibal06 Habit.jpg */ = {isa = PBXFileReference; lastKnownFileType = image.jpeg; path = "Abibal06 Habit.jpg"; sourceTree = "<group>"; };
		ABCF9D9F12D780320062FFAF /* Abibal07 Distmap.jpg */ = {isa = PBXFileReference; lastKnownFileType = image.jpeg; path = "Abibal07 Distmap.jpg"; sourceTree = "<group>"; };
		ABCF9DA012D780320062FFAF /* Abicon01 Needles.jpg */ = {isa = PBXFileReference; lastKnownFileType = image.jpeg; path = "Abicon01 Needles.jpg"; sourceTree = "<group>"; };
		ABCF9DA112D780320062FFAF /* Abicon02 Bough.jpg */ = {isa = PBXFileReference; lastKnownFileType = image.jpeg; path = "Abicon02 Bough.jpg"; sourceTree = "<group>"; };
		ABCF9DA212D780320062FFAF /* Abicon03 Leaf scars.jpg */ = {isa = PBXFileReference; lastKnownFileType = image.jpeg; path = "Abicon03 Leaf scars.jpg"; sourceTree = "<group>"; };
		ABCF9DA312D780320062FFAF /* Abicon04 Cones.jpg */ = {isa = PBXFileReference; lastKnownFileType = image.jpeg; path = "Abicon04 Cones.jpg"; sourceTree = "<group>"; };
		ABCF9DA412D780320062FFAF /* Abicon05 Male cones.jpg */ = {isa = PBXFileReference; lastKnownFileType = image.jpeg; path = "Abicon05 Male cones.jpg"; sourceTree = "<group>"; };
		ABCF9DA512D780320062FFAF /* Abicon06 Bark.jpg */ = {isa = PBXFileReference; lastKnownFileType = image.jpeg; path = "Abicon06 Bark.jpg"; sourceTree = "<group>"; };
		ABCF9DA612D780320062FFAF /* Abicon07 Habit.jpg */ = {isa = PBXFileReference; lastKnownFileType = image.jpeg; path = "Abicon07 Habit.jpg"; sourceTree = "<group>"; };
		ABCF9DA712D780320062FFAF /* Juncom01 Needles.jpg */ = {isa = PBXFileReference; lastKnownFileType = image.jpeg; path = "Juncom01 Needles.jpg"; sourceTree = "<group>"; };
		ABCF9DA812D780320062FFAF /* Juncom02 Male cones.jpg */ = {isa = PBXFileReference; lastKnownFileType = image.jpeg; path = "Juncom02 Male cones.jpg"; sourceTree = "<group>"; };
		ABCF9DA912D780320062FFAF /* Juncom03 Branch.jpg */ = {isa = PBXFileReference; lastKnownFileType = image.jpeg; path = "Juncom03 Branch.jpg"; sourceTree = "<group>"; };
		ABCF9DAA12D780320062FFAF /* Juncom04 Cones.jpg */ = {isa = PBXFileReference; lastKnownFileType = image.jpeg; path = "Juncom04 Cones.jpg"; sourceTree = "<group>"; };
		ABCF9DAB12D780320062FFAF /* Juncom05 Habit.jpg */ = {isa = PBXFileReference; lastKnownFileType = image.jpeg; path = "Juncom05 Habit.jpg"; sourceTree = "<group>"; };
		ABCF9DAC12D780320062FFAF /* Juncom06 Distmap.jpg */ = {isa = PBXFileReference; lastKnownFileType = image.jpeg; path = "Juncom06 Distmap.jpg"; sourceTree = "<group>"; };
		ABCF9DAD12D780320062FFAF /* Junhor01 Scale leaves.jpg */ = {isa = PBXFileReference; lastKnownFileType = image.jpeg; path = "Junhor01 Scale leaves.jpg"; sourceTree = "<group>"; };
		ABCF9DAE12D780320062FFAF /* Junhor02 Branch.jpg */ = {isa = PBXFileReference; lastKnownFileType = image.jpeg; path = "Junhor02 Branch.jpg"; sourceTree = "<group>"; };
		ABCF9DAF12D780320062FFAF /* Junhor03 Branch withcones.jpg */ = {isa = PBXFileReference; lastKnownFileType = image.jpeg; path = "Junhor03 Branch withcones.jpg"; sourceTree = "<group>"; };
		ABCF9DB012D780320062FFAF /* Junhor04 Femcones.jpg */ = {isa = PBXFileReference; lastKnownFileType = image.jpeg; path = "Junhor04 Femcones.jpg"; sourceTree = "<group>"; };
		ABCF9DB112D780320062FFAF /* Junhor05 Malcones.jpg */ = {isa = PBXFileReference; lastKnownFileType = image.jpeg; path = "Junhor05 Malcones.jpg"; sourceTree = "<group>"; };
		ABCF9DB212D780320062FFAF /* Junhor06 Sprawl.jpg */ = {isa = PBXFileReference; lastKnownFileType = image.jpeg; path = "Junhor06 Sprawl.jpg"; sourceTree = "<group>"; };
		ABCF9DB312D780320062FFAF /* Junhor07 Compact.jpg */ = {isa = PBXFileReference; lastKnownFileType = image.jpeg; path = "Junhor07 Compact.jpg"; sourceTree = "<group>"; };
		ABCF9DB412D780320062FFAF /* Junhor08 Distmap.jpg */ = {isa = PBXFileReference; lastKnownFileType = image.jpeg; path = "Junhor08 Distmap.jpg"; sourceTree = "<group>"; };
		ABCF9DB512D780320062FFAF /* Junvir01 Needles.jpg */ = {isa = PBXFileReference; lastKnownFileType = image.jpeg; path = "Junvir01 Needles.jpg"; sourceTree = "<group>"; };
		ABCF9DB612D780320062FFAF /* Junvir02 Branch.jpg */ = {isa = PBXFileReference; lastKnownFileType = image.jpeg; path = "Junvir02 Branch.jpg"; sourceTree = "<group>"; };
		ABCF9DB712D780320062FFAF /* Junvir03 Twig.jpg */ = {isa = PBXFileReference; lastKnownFileType = image.jpeg; path = "Junvir03 Twig.jpg"; sourceTree = "<group>"; };
		ABCF9DB812D780320062FFAF /* Junvir04 Female cones.jpg */ = {isa = PBXFileReference; lastKnownFileType = image.jpeg; path = "Junvir04 Female cones.jpg"; sourceTree = "<group>"; };
		ABCF9DB912D780320062FFAF /* Junvir05 Male cones.jpg */ = {isa = PBXFileReference; lastKnownFileType = image.jpeg; path = "Junvir05 Male cones.jpg"; sourceTree = "<group>"; };
		ABCF9DBA12D780320062FFAF /* Junvir06 Bark.jpg */ = {isa = PBXFileReference; lastKnownFileType = image.jpeg; path = "Junvir06 Bark.jpg"; sourceTree = "<group>"; };
		ABCF9DBB12D780330062FFAF /* Junvir07 Habit.jpg */ = {isa = PBXFileReference; lastKnownFileType = image.jpeg; path = "Junvir07 Habit.jpg"; sourceTree = "<group>"; };
		ABCF9DBC12D780330062FFAF /* Junvir08 Distmap.jpg */ = {isa = PBXFileReference; lastKnownFileType = image.jpeg; path = "Junvir08 Distmap.jpg"; sourceTree = "<group>"; };
		ABCF9DBD12D780330062FFAF /* Lardec01 Needles.jpg */ = {isa = PBXFileReference; lastKnownFileType = image.jpeg; path = "Lardec01 Needles.jpg"; sourceTree = "<group>"; };
		ABCF9DBE12D780330062FFAF /* Lardec02 Branch.jpg */ = {isa = PBXFileReference; lastKnownFileType = image.jpeg; path = "Lardec02 Branch.jpg"; sourceTree = "<group>"; };
		ABCF9DBF12D780330062FFAF /* Lardec03 Branch wCones.jpg */ = {isa = PBXFileReference; lastKnownFileType = image.jpeg; path = "Lardec03 Branch wCones.jpg"; sourceTree = "<group>"; };
		ABCF9DC012D780330062FFAF /* Lardec04 Cone.jpg */ = {isa = PBXFileReference; lastKnownFileType = image.jpeg; path = "Lardec04 Cone.jpg"; sourceTree = "<group>"; };
		ABCF9DC112D780330062FFAF /* Lardec05 Winter.jpg */ = {isa = PBXFileReference; lastKnownFileType = image.jpeg; path = "Lardec05 Winter.jpg"; sourceTree = "<group>"; };
		ABCF9DC212D780330062FFAF /* Lardec06 Bark.jpg */ = {isa = PBXFileReference; lastKnownFileType = image.jpeg; path = "Lardec06 Bark.jpg"; sourceTree = "<group>"; };
		ABCF9DC312D780330062FFAF /* Lardec07 Habit.jpg */ = {isa = PBXFileReference; lastKnownFileType = image.jpeg; path = "Lardec07 Habit.jpg"; sourceTree = "<group>"; };
		ABCF9DC412D780330062FFAF /* Larlar01 Needles.jpg */ = {isa = PBXFileReference; lastKnownFileType = image.jpeg; path = "Larlar01 Needles.jpg"; sourceTree = "<group>"; };
		ABCF9DC512D780330062FFAF /* Larlar02 Branch.jpg */ = {isa = PBXFileReference; lastKnownFileType = image.jpeg; path = "Larlar02 Branch.jpg"; sourceTree = "<group>"; };
		ABCF9DC612D780330062FFAF /* Larlar03 Cones.jpg */ = {isa = PBXFileReference; lastKnownFileType = image.jpeg; path = "Larlar03 Cones.jpg"; sourceTree = "<group>"; };
		ABCF9DC712D780330062FFAF /* Larlar04 Bark.jpg */ = {isa = PBXFileReference; lastKnownFileType = image.jpeg; path = "Larlar04 Bark.jpg"; sourceTree = "<group>"; };
		ABCF9DC812D780330062FFAF /* Larlar05 Habit.jpg */ = {isa = PBXFileReference; lastKnownFileType = image.jpeg; path = "Larlar05 Habit.jpg"; sourceTree = "<group>"; };
		ABCF9DC912D780330062FFAF /* Larlar06 Distmap.jpg */ = {isa = PBXFileReference; lastKnownFileType = image.jpeg; path = "Larlar06 Distmap.jpg"; sourceTree = "<group>"; };
		ABCF9DCA12D780330062FFAF /* Photo credits - P menziesii.txt */ = {isa = PBXFileReference; fileEncoding = 4; lastKnownFileType = text; path = "Photo credits - P menziesii.txt"; sourceTree = "<group>"; };
		ABCF9DCB12D780330062FFAF /* Picabi01 Needles.jpg */ = {isa = PBXFileReference; lastKnownFileType = image.jpeg; path = "Picabi01 Needles.jpg"; sourceTree = "<group>"; };
		ABCF9DCC12D780330062FFAF /* Picabi03 Developing cone.jpg */ = {isa = PBXFileReference; lastKnownFileType = image.jpeg; path = "Picabi03 Developing cone.jpg"; sourceTree = "<group>"; };
		ABCF9DCD12D780330062FFAF /* Picabi04 Cones on tree.jpg */ = {isa = PBXFileReference; lastKnownFileType = image.jpeg; path = "Picabi04 Cones on tree.jpg"; sourceTree = "<group>"; };
		ABCF9DCE12D780330062FFAF /* Picabi05 Drooping branchlets.jpg */ = {isa = PBXFileReference; lastKnownFileType = image.jpeg; path = "Picabi05 Drooping branchlets.jpg"; sourceTree = "<group>"; };
		ABCF9DCF12D780330062FFAF /* Picabi06 Bark.jpg */ = {isa = PBXFileReference; lastKnownFileType = image.jpeg; path = "Picabi06 Bark.jpg"; sourceTree = "<group>"; };
		ABCF9DD012D780330062FFAF /* Picabi07 Habit.jpg */ = {isa = PBXFileReference; lastKnownFileType = image.jpeg; path = "Picabi07 Habit.jpg"; sourceTree = "<group>"; };
		ABCF9DD112D780330062FFAF /* Picgla01 Needles.jpg */ = {isa = PBXFileReference; lastKnownFileType = image.jpeg; path = "Picgla01 Needles.jpg"; sourceTree = "<group>"; };
		ABCF9DD212D780330062FFAF /* Picgla02 Branch.jpg */ = {isa = PBXFileReference; lastKnownFileType = image.jpeg; path = "Picgla02 Branch.jpg"; sourceTree = "<group>"; };
		ABCF9DD312D780330062FFAF /* Picgla03 Cone.jpg */ = {isa = PBXFileReference; lastKnownFileType = image.jpeg; path = "Picgla03 Cone.jpg"; sourceTree = "<group>"; };
		ABCF9DD412D780330062FFAF /* Picgla04 Seeds.jpg */ = {isa = PBXFileReference; lastKnownFileType = image.jpeg; path = "Picgla04 Seeds.jpg"; sourceTree = "<group>"; };
		ABCF9DD512D780330062FFAF /* Picgla05 Bark.jpg */ = {isa = PBXFileReference; lastKnownFileType = image.jpeg; path = "Picgla05 Bark.jpg"; sourceTree = "<group>"; };
		ABCF9DD612D780330062FFAF /* Picgla06 Habit.jpg */ = {isa = PBXFileReference; lastKnownFileType = image.jpeg; path = "Picgla06 Habit.jpg"; sourceTree = "<group>"; };
		ABCF9DD712D780330062FFAF /* Picgla07 Habit2.jpg */ = {isa = PBXFileReference; lastKnownFileType = image.jpeg; path = "Picgla07 Habit2.jpg"; sourceTree = "<group>"; };
		ABCF9DD812D780330062FFAF /* Picgla08 Distmap.jpg */ = {isa = PBXFileReference; lastKnownFileType = image.jpeg; path = "Picgla08 Distmap.jpg"; sourceTree = "<group>"; };
		ABCF9DD912D780330062FFAF /* Picmar01 Needles.jpg */ = {isa = PBXFileReference; lastKnownFileType = image.jpeg; path = "Picmar01 Needles.jpg"; sourceTree = "<group>"; };
		ABCF9DDA12D780330062FFAF /* Picmar02 Bough.jpg */ = {isa = PBXFileReference; lastKnownFileType = image.jpeg; path = "Picmar02 Bough.jpg"; sourceTree = "<group>"; };
		ABCF9DDB12D780330062FFAF /* Picmar03 Cones.jpg */ = {isa = PBXFileReference; lastKnownFileType = image.jpeg; path = "Picmar03 Cones.jpg"; sourceTree = "<group>"; };
		ABCF9DDC12D780330062FFAF /* Picmar04 Twig.jpg */ = {isa = PBXFileReference; lastKnownFileType = image.jpeg; path = "Picmar04 Twig.jpg"; sourceTree = "<group>"; };
		ABCF9DDD12D780330062FFAF /* Picmar05 Twig2.jpg */ = {isa = PBXFileReference; lastKnownFileType = image.jpeg; path = "Picmar05 Twig2.jpg"; sourceTree = "<group>"; };
		ABCF9DDE12D780330062FFAF /* Picmar06 Bark.jpg */ = {isa = PBXFileReference; lastKnownFileType = image.jpeg; path = "Picmar06 Bark.jpg"; sourceTree = "<group>"; };
		ABCF9DDF12D780330062FFAF /* Picmar07 Habit.jpg */ = {isa = PBXFileReference; lastKnownFileType = image.jpeg; path = "Picmar07 Habit.jpg"; sourceTree = "<group>"; };
		ABCF9DE012D780330062FFAF /* Picmar08 Distmap.jpg */ = {isa = PBXFileReference; lastKnownFileType = image.jpeg; path = "Picmar08 Distmap.jpg"; sourceTree = "<group>"; };
		ABCF9DE112D780330062FFAF /* Picpun01 Needles.jpg */ = {isa = PBXFileReference; lastKnownFileType = image.jpeg; path = "Picpun01 Needles.jpg"; sourceTree = "<group>"; };
		ABCF9DE212D780330062FFAF /* Picpun02 Branch.jpg */ = {isa = PBXFileReference; lastKnownFileType = image.jpeg; path = "Picpun02 Branch.jpg"; sourceTree = "<group>"; };
		ABCF9DE312D780330062FFAF /* Picpun03 Cone.jpg */ = {isa = PBXFileReference; lastKnownFileType = image.jpeg; path = "Picpun03 Cone.jpg"; sourceTree = "<group>"; };
		ABCF9DE412D780330062FFAF /* Picpun04 Twig.jpg */ = {isa = PBXFileReference; lastKnownFileType = image.jpeg; path = "Picpun04 Twig.jpg"; sourceTree = "<group>"; };
		ABCF9DE512D780330062FFAF /* Picpun05 Bark.jpg */ = {isa = PBXFileReference; lastKnownFileType = image.jpeg; path = "Picpun05 Bark.jpg"; sourceTree = "<group>"; };
		ABCF9DE612D780330062FFAF /* Picpun06 Habit.jpg */ = {isa = PBXFileReference; lastKnownFileType = image.jpeg; path = "Picpun06 Habit.jpg"; sourceTree = "<group>"; };
		ABCF9DE712D780330062FFAF /* Pinban01 Needles.jpg */ = {isa = PBXFileReference; lastKnownFileType = image.jpeg; path = "Pinban01 Needles.jpg"; sourceTree = "<group>"; };
		ABCF9DE812D780330062FFAF /* Pinban02 Twig.jpg */ = {isa = PBXFileReference; lastKnownFileType = image.jpeg; path = "Pinban02 Twig.jpg"; sourceTree = "<group>"; };
		ABCF9DE912D780330062FFAF /* Pinban03 Conesc.jpg */ = {isa = PBXFileReference; lastKnownFileType = image.jpeg; path = "Pinban03 Conesc.jpg"; sourceTree = "<group>"; };
		ABCF9DEA12D780330062FFAF /* Pinban04 Coneso.jpg */ = {isa = PBXFileReference; lastKnownFileType = image.jpeg; path = "Pinban04 Coneso.jpg"; sourceTree = "<group>"; };
		ABCF9DEB12D780330062FFAF /* Pinban05 Male.jpg */ = {isa = PBXFileReference; lastKnownFileType = image.jpeg; path = "Pinban05 Male.jpg"; sourceTree = "<group>"; };
		ABCF9DEC12D780330062FFAF /* Pinban06 Bark.jpg */ = {isa = PBXFileReference; lastKnownFileType = image.jpeg; path = "Pinban06 Bark.jpg"; sourceTree = "<group>"; };
		ABCF9DED12D780330062FFAF /* Pinban07 Habit.jpg */ = {isa = PBXFileReference; lastKnownFileType = image.jpeg; path = "Pinban07 Habit.jpg"; sourceTree = "<group>"; };
		ABCF9DEE12D780330062FFAF /* Pinban08 Distmap.jpg */ = {isa = PBXFileReference; lastKnownFileType = image.jpeg; path = "Pinban08 Distmap.jpg"; sourceTree = "<group>"; };
		ABCF9DEF12D780330062FFAF /* Pinnig01 Needles.jpg */ = {isa = PBXFileReference; lastKnownFileType = image.jpeg; path = "Pinnig01 Needles.jpg"; sourceTree = "<group>"; };
		ABCF9DF012D780330062FFAF /* Pinnig02 Bough.jpg */ = {isa = PBXFileReference; lastKnownFileType = image.jpeg; path = "Pinnig02 Bough.jpg"; sourceTree = "<group>"; };
		ABCF9DF112D780330062FFAF /* Pinnig03 Cone.jpg */ = {isa = PBXFileReference; lastKnownFileType = image.jpeg; path = "Pinnig03 Cone.jpg"; sourceTree = "<group>"; };
		ABCF9DF212D780330062FFAF /* Pinnig04 Twig.jpg */ = {isa = PBXFileReference; lastKnownFileType = image.jpeg; path = "Pinnig04 Twig.jpg"; sourceTree = "<group>"; };
		ABCF9DF312D780330062FFAF /* Pinnig05 Buds.jpg */ = {isa = PBXFileReference; lastKnownFileType = image.jpeg; path = "Pinnig05 Buds.jpg"; sourceTree = "<group>"; };
		ABCF9DF412D780330062FFAF /* Pinnig06 Bark.jpg */ = {isa = PBXFileReference; lastKnownFileType = image.jpeg; path = "Pinnig06 Bark.jpg"; sourceTree = "<group>"; };
		ABCF9DF512D780330062FFAF /* Pinnig07 Habit.jpg */ = {isa = PBXFileReference; lastKnownFileType = image.jpeg; path = "Pinnig07 Habit.jpg"; sourceTree = "<group>"; };
		ABCF9DF612D780330062FFAF /* Pinres01 Needles.jpg */ = {isa = PBXFileReference; lastKnownFileType = image.jpeg; path = "Pinres01 Needles.jpg"; sourceTree = "<group>"; };
		ABCF9DF712D780330062FFAF /* Pinres03 Mcones.jpg */ = {isa = PBXFileReference; lastKnownFileType = image.jpeg; path = "Pinres03 Mcones.jpg"; sourceTree = "<group>"; };
		ABCF9DF812D780330062FFAF /* Pinres04 Fcone.jpg */ = {isa = PBXFileReference; lastKnownFileType = image.jpeg; path = "Pinres04 Fcone.jpg"; sourceTree = "<group>"; };
		ABCF9DF912D780330062FFAF /* Pinres05 Twig.jpg */ = {isa = PBXFileReference; lastKnownFileType = image.jpeg; path = "Pinres05 Twig.jpg"; sourceTree = "<group>"; };
		ABCF9DFA12D780330062FFAF /* Pinres07 Bark2.jpg */ = {isa = PBXFileReference; lastKnownFileType = image.jpeg; path = "Pinres07 Bark2.jpg"; sourceTree = "<group>"; };
		ABCF9DFB12D780330062FFAF /* Pinres08 Habit.jpg */ = {isa = PBXFileReference; lastKnownFileType = image.jpeg; path = "Pinres08 Habit.jpg"; sourceTree = "<group>"; };
		ABCF9DFC12D780330062FFAF /* Pinres09 Distmap.jpg */ = {isa = PBXFileReference; lastKnownFileType = image.jpeg; path = "Pinres09 Distmap.jpg"; sourceTree = "<group>"; };
		ABCF9DFD12D780330062FFAF /* Pinstr01 Needles1.jpg */ = {isa = PBXFileReference; lastKnownFileType = image.jpeg; path = "Pinstr01 Needles1.jpg"; sourceTree = "<group>"; };
		ABCF9DFE12D780330062FFAF /* Pinstr02 Needles2.jpg */ = {isa = PBXFileReference; lastKnownFileType = image.jpeg; path = "Pinstr02 Needles2.jpg"; sourceTree = "<group>"; };
		ABCF9DFF12D780330062FFAF /* Pinstr03 Bough.jpg */ = {isa = PBXFileReference; lastKnownFileType = image.jpeg; path = "Pinstr03 Bough.jpg"; sourceTree = "<group>"; };
		ABCF9E0012D780330062FFAF /* Pinstr04 Fcone.jpg */ = {isa = PBXFileReference; lastKnownFileType = image.jpeg; path = "Pinstr04 Fcone.jpg"; sourceTree = "<group>"; };
		ABCF9E0112D780330062FFAF /* Pinstr05 Mcone.jpg */ = {isa = PBXFileReference; lastKnownFileType = image.jpeg; path = "Pinstr05 Mcone.jpg"; sourceTree = "<group>"; };
		ABCF9E0212D780330062FFAF /* Pinstr08 Distmap.jpg */ = {isa = PBXFileReference; lastKnownFileType = image.jpeg; path = "Pinstr08 Distmap.jpg"; sourceTree = "<group>"; };
		ABCF9E0312D780330062FFAF /* Pinsyl09 Distmap.jpg */ = {isa = PBXFileReference; lastKnownFileType = image.jpeg; path = "Pinsyl09 Distmap.jpg"; sourceTree = "<group>"; };
		ABCF9E0412D780330062FFAF /* Psemen01 Needles.jpg */ = {isa = PBXFileReference; lastKnownFileType = image.jpeg; path = "Psemen01 Needles.jpg"; sourceTree = "<group>"; };
		ABCF9E0512D780330062FFAF /* Psemen02 Branch.jpg */ = {isa = PBXFileReference; lastKnownFileType = image.jpeg; path = "Psemen02 Branch.jpg"; sourceTree = "<group>"; };
		ABCF9E0612D780330062FFAF /* Psemen03 Cone.jpg */ = {isa = PBXFileReference; lastKnownFileType = image.jpeg; path = "Psemen03 Cone.jpg"; sourceTree = "<group>"; };
		ABCF9E0712D780330062FFAF /* Taxcan01 Leaves.jpg */ = {isa = PBXFileReference; lastKnownFileType = image.jpeg; path = "Taxcan01 Leaves.jpg"; sourceTree = "<group>"; };
		ABCF9E0812D780330062FFAF /* Taxcan02 Cones.jpg */ = {isa = PBXFileReference; lastKnownFileType = image.jpeg; path = "Taxcan02 Cones.jpg"; sourceTree = "<group>"; };
		ABCF9E0912D780330062FFAF /* Taxcan03 Bark.jpg */ = {isa = PBXFileReference; lastKnownFileType = image.jpeg; path = "Taxcan03 Bark.jpg"; sourceTree = "<group>"; };
		ABCF9E0A12D780330062FFAF /* Taxcan04 Habit.jpg */ = {isa = PBXFileReference; lastKnownFileType = image.jpeg; path = "Taxcan04 Habit.jpg"; sourceTree = "<group>"; };
		ABCF9E0B12D780330062FFAF /* Taxcan05 Distmap.jpg */ = {isa = PBXFileReference; lastKnownFileType = image.jpeg; path = "Taxcan05 Distmap.jpg"; sourceTree = "<group>"; };
		ABCF9EAB12D7A2AB0062FFAF /* ImageNotAvailable.jpg */ = {isa = PBXFileReference; lastKnownFileType = image.jpeg; path = ImageNotAvailable.jpg; sourceTree = "<group>"; };
		ABD22C2912550E580018A3E8 /* PlantKeyType.h */ = {isa = PBXFileReference; fileEncoding = 4; lastKnownFileType = sourcecode.c.h; path = PlantKeyType.h; sourceTree = "<group>"; };
		ABD22C2D125511F10018A3E8 /* KeyNode.m */ = {isa = PBXFileReference; fileEncoding = 4; lastKnownFileType = sourcecode.c.objc; path = KeyNode.m; sourceTree = "<group>"; };
		ABD22DA912552B4A0018A3E8 /* PlantDataViewController.h */ = {isa = PBXFileReference; fileEncoding = 4; lastKnownFileType = sourcecode.c.h; path = PlantDataViewController.h; sourceTree = "<group>"; };
		ABD22DAA12552B4A0018A3E8 /* PlantDataViewController.m */ = {isa = PBXFileReference; fileEncoding = 4; lastKnownFileType = sourcecode.c.objc; path = PlantDataViewController.m; sourceTree = "<group>"; };
		ABD22DB012552B630018A3E8 /* Plant.h */ = {isa = PBXFileReference; fileEncoding = 4; lastKnownFileType = sourcecode.c.h; path = Plant.h; sourceTree = "<group>"; };
		ABD22DB112552B630018A3E8 /* Plant.m */ = {isa = PBXFileReference; fileEncoding = 4; lastKnownFileType = sourcecode.c.objc; path = Plant.m; sourceTree = "<group>"; };
		ABD22E2D125545CA0018A3E8 /* GlossaryListViewController.h */ = {isa = PBXFileReference; fileEncoding = 4; lastKnownFileType = sourcecode.c.h; path = GlossaryListViewController.h; sourceTree = "<group>"; };
		ABD22E2E125545CA0018A3E8 /* GlossaryListViewController.m */ = {isa = PBXFileReference; fileEncoding = 4; lastKnownFileType = sourcecode.c.objc; path = GlossaryListViewController.m; sourceTree = "<group>"; };
/* End PBXFileReference section */

/* Begin PBXFrameworksBuildPhase section */
		1D60588F0D05DD3D006BFB54 /* Frameworks */ = {
			isa = PBXFrameworksBuildPhase;
			buildActionMask = 2147483647;
			files = (
				1D60589F0D05DD5A006BFB54 /* Foundation.framework in Frameworks */,
				1DF5F4E00D08C38300B7A737 /* UIKit.framework in Frameworks */,
				AB7C03CD1211F412005F4DBE /* libsqlite3.0.dylib in Frameworks */,
				AB7C05DD1213233B005F4DBE /* CoreGraphics.framework in Frameworks */,
			);
			runOnlyForDeploymentPostprocessing = 0;
		};
/* End PBXFrameworksBuildPhase section */

/* Begin PBXGroup section */
		080E96DDFE201D6D7F000001 /* Classes */ = {
			isa = PBXGroup;
			children = (
				1D3623240D0F684500981E51 /* PlantKeyAppDelegate.h */,
				1D3623250D0F684500981E51 /* PlantKeyAppDelegate.m */,
				ABD22C2912550E580018A3E8 /* PlantKeyType.h */,
				AB7C017D1210A3A8005F4DBE /* AppModel.h */,
				AB7C017E1210A3A8005F4DBE /* AppModel.m */,
				AB7C017F1210A3A8005F4DBE /* SynthesizeSingleton.h */,
				AB7C03701211E968005F4DBE /* KeyNode.h */,
				ABD22C2D125511F10018A3E8 /* KeyNode.m */,
				AB62451F12D68D09000EAB07 /* KeyNodeOption.h */,
				AB62452012D68D09000EAB07 /* KeyNodeOption.m */,
				AB62408D12D526DF000EAB07 /* Term.h */,
				AB62408E12D526DF000EAB07 /* Term.m */,
				ABD22DB012552B630018A3E8 /* Plant.h */,
				ABD22DB112552B630018A3E8 /* Plant.m */,
				ABAB8FB112D27BCC0095BDCE /* Image.h */,
				ABAB8FB212D27BCC0095BDCE /* Image.m */,
				AB62443912D67074000EAB07 /* RootMenuViewController.h */,
				AB62443A12D67074000EAB07 /* RootMenuViewController.m */,
				AB7C05221212E344005F4DBE /* KeyNodeViewController.h */,
				AB7C05231212E344005F4DBE /* KeyNodeViewController.m */,
				ABD22DA912552B4A0018A3E8 /* PlantDataViewController.h */,
				ABD22DAA12552B4A0018A3E8 /* PlantDataViewController.m */,
				AB026AC912D288EB00D17F90 /* PlantImageViewController.h */,
				AB026ACA12D288EB00D17F90 /* PlantImageViewController.m */,
				AB62404D12D512CB000EAB07 /* PlantListViewController.h */,
				AB62404E12D512CB000EAB07 /* PlantListViewController.m */,
				ABD22E2D125545CA0018A3E8 /* GlossaryListViewController.h */,
				ABD22E2E125545CA0018A3E8 /* GlossaryListViewController.m */,
			);
			path = Classes;
			sourceTree = "<group>";
		};
		19C28FACFE9D520D11CA2CBB /* Products */ = {
			isa = PBXGroup;
			children = (
				1D6058910D05DD3D006BFB54 /* PlantKey.app */,
			);
			name = Products;
			sourceTree = "<group>";
		};
		29B97314FDCFA39411CA2CEA /* CustomTemplate */ = {
			isa = PBXGroup;
			children = (
				080E96DDFE201D6D7F000001 /* Classes */,
				29B97315FDCFA39411CA2CEA /* Other Sources */,
				29B97317FDCFA39411CA2CEA /* Resources */,
				29B97323FDCFA39411CA2CEA /* Frameworks */,
				19C28FACFE9D520D11CA2CBB /* Products */,
				AB7C05DC1213233B005F4DBE /* CoreGraphics.framework */,
				AB9BF95C12256B4C0028D6AC /* notes */,
				AB62444F12D6714B000EAB07 /* attribution */,
			);
			name = CustomTemplate;
			sourceTree = "<group>";
		};
		29B97315FDCFA39411CA2CEA /* Other Sources */ = {
			isa = PBXGroup;
			children = (
				32CA4F630368D1EE00C91783 /* PlantKey_Prefix.pch */,
				29B97316FDCFA39411CA2CEA /* main.m */,
			);
			name = "Other Sources";
			sourceTree = "<group>";
		};
		29B97317FDCFA39411CA2CEA /* Resources */ = {
			isa = PBXGroup;
			children = (
				ABCF9EAB12D7A2AB0062FFAF /* ImageNotAvailable.jpg */,
				AB6244D212D686FC000EAB07 /* Default.png */,
				AB6245C612D77736000EAB07 /* icons */,
				ABCE86BC12133B380012C322 /* images */,
				AB6245D312D77793000EAB07 /* xibs */,
				AB7C036D1211E932005F4DBE /* plantKey.sql */,
				8D1107310486CEB800E47090 /* PlantKey-Info.plist */,
			);
			name = Resources;
			sourceTree = "<group>";
		};
		29B97323FDCFA39411CA2CEA /* Frameworks */ = {
			isa = PBXGroup;
			children = (
				1DF5F4DF0D08C38300B7A737 /* UIKit.framework */,
				1D30AB110D05D00D00671497 /* Foundation.framework */,
				AB7C03CC1211F412005F4DBE /* libsqlite3.0.dylib */,
			);
			name = Frameworks;
			sourceTree = "<group>";
		};
		AB6245C612D77736000EAB07 /* icons */ = {
			isa = PBXGroup;
			children = (
				AB6245C712D77736000EAB07 /* 179-notepad.png */,
				AB6245C812D77736000EAB07 /* 189-plant.png */,
				AB6245C912D77736000EAB07 /* 30-key.png */,
				AB6245CA12D77736000EAB07 /* 43-film-roll.png */,
				AB6245CB12D77736000EAB07 /* 53-house.png */,
				AB6245CC12D77736000EAB07 /* 96-book.png */,
			);
			path = icons;
			sourceTree = "<group>";
		};
		AB6245D312D77793000EAB07 /* xibs */ = {
			isa = PBXGroup;
			children = (
				AB6245E212D777C6000EAB07 /* GlossaryListViewController.xib */,
				AB6245D412D77793000EAB07 /* KeyNodeViewController.xib */,
				AB6245D512D77793000EAB07 /* KeyViewController.xib */,
				AB6245D612D77793000EAB07 /* MainWindow.xib */,
				AB6245D712D77793000EAB07 /* PlantDataViewController.xib */,
				AB6245D812D77793000EAB07 /* PlantImageViewController.xib */,
				AB6245D912D77793000EAB07 /* PlantListViewController.xib */,
				AB6245DA12D77793000EAB07 /* RootMenuViewController.xib */,
			);
			path = xibs;
			sourceTree = "<group>";
		};
		ABCE86BC12133B380012C322 /* images */ = {
			isa = PBXGroup;
			children = (
				ABCF9D9912D780320062FFAF /* Abibal01 Needles.jpg */,
				ABCF9D9A12D780320062FFAF /* Abibal02 Bough.jpg */,
				ABCF9D9B12D780320062FFAF /* Abibal03 Upright cone.jpg */,
				ABCF9D9C12D780320062FFAF /* Abibal04 Male cones.jpg */,
				ABCF9D9D12D780320062FFAF /* Abibal05 Bark.jpg */,
				ABCF9D9E12D780320062FFAF /* Abibal06 Habit.jpg */,
				ABCF9D9F12D780320062FFAF /* Abibal07 Distmap.jpg */,
				ABCF9DA012D780320062FFAF /* Abicon01 Needles.jpg */,
				ABCF9DA112D780320062FFAF /* Abicon02 Bough.jpg */,
				ABCF9DA212D780320062FFAF /* Abicon03 Leaf scars.jpg */,
				ABCF9DA312D780320062FFAF /* Abicon04 Cones.jpg */,
				ABCF9DA412D780320062FFAF /* Abicon05 Male cones.jpg */,
				ABCF9DA512D780320062FFAF /* Abicon06 Bark.jpg */,
				ABCF9DA612D780320062FFAF /* Abicon07 Habit.jpg */,
				ABCF9DA712D780320062FFAF /* Juncom01 Needles.jpg */,
				ABCF9DA812D780320062FFAF /* Juncom02 Male cones.jpg */,
				ABCF9DA912D780320062FFAF /* Juncom03 Branch.jpg */,
				ABCF9DAA12D780320062FFAF /* Juncom04 Cones.jpg */,
				ABCF9DAB12D780320062FFAF /* Juncom05 Habit.jpg */,
				ABCF9DAC12D780320062FFAF /* Juncom06 Distmap.jpg */,
				ABCF9DAD12D780320062FFAF /* Junhor01 Scale leaves.jpg */,
				ABCF9DAE12D780320062FFAF /* Junhor02 Branch.jpg */,
				ABCF9DAF12D780320062FFAF /* Junhor03 Branch withcones.jpg */,
				ABCF9DB012D780320062FFAF /* Junhor04 Femcones.jpg */,
				ABCF9DB112D780320062FFAF /* Junhor05 Malcones.jpg */,
				ABCF9DB212D780320062FFAF /* Junhor06 Sprawl.jpg */,
				ABCF9DB312D780320062FFAF /* Junhor07 Compact.jpg */,
				ABCF9DB412D780320062FFAF /* Junhor08 Distmap.jpg */,
				ABCF9DB512D780320062FFAF /* Junvir01 Needles.jpg */,
				ABCF9DB612D780320062FFAF /* Junvir02 Branch.jpg */,
				ABCF9DB712D780320062FFAF /* Junvir03 Twig.jpg */,
				ABCF9DB812D780320062FFAF /* Junvir04 Female cones.jpg */,
				ABCF9DB912D780320062FFAF /* Junvir05 Male cones.jpg */,
				ABCF9DBA12D780320062FFAF /* Junvir06 Bark.jpg */,
				ABCF9DBB12D780330062FFAF /* Junvir07 Habit.jpg */,
				ABCF9DBC12D780330062FFAF /* Junvir08 Distmap.jpg */,
				ABCF9DBD12D780330062FFAF /* Lardec01 Needles.jpg */,
				ABCF9DBE12D780330062FFAF /* Lardec02 Branch.jpg */,
				ABCF9DBF12D780330062FFAF /* Lardec03 Branch wCones.jpg */,
				ABCF9DC012D780330062FFAF /* Lardec04 Cone.jpg */,
				ABCF9DC112D780330062FFAF /* Lardec05 Winter.jpg */,
				ABCF9DC212D780330062FFAF /* Lardec06 Bark.jpg */,
				ABCF9DC312D780330062FFAF /* Lardec07 Habit.jpg */,
				ABCF9DC412D780330062FFAF /* Larlar01 Needles.jpg */,
				ABCF9DC512D780330062FFAF /* Larlar02 Branch.jpg */,
				ABCF9DC612D780330062FFAF /* Larlar03 Cones.jpg */,
				ABCF9DC712D780330062FFAF /* Larlar04 Bark.jpg */,
				ABCF9DC812D780330062FFAF /* Larlar05 Habit.jpg */,
				ABCF9DC912D780330062FFAF /* Larlar06 Distmap.jpg */,
				ABCF9DCA12D780330062FFAF /* Photo credits - P menziesii.txt */,
				ABCF9DCB12D780330062FFAF /* Picabi01 Needles.jpg */,
				ABCF9DCC12D780330062FFAF /* Picabi03 Developing cone.jpg */,
				ABCF9DCD12D780330062FFAF /* Picabi04 Cones on tree.jpg */,
				ABCF9DCE12D780330062FFAF /* Picabi05 Drooping branchlets.jpg */,
				ABCF9DCF12D780330062FFAF /* Picabi06 Bark.jpg */,
				ABCF9DD012D780330062FFAF /* Picabi07 Habit.jpg */,
				ABCF9DD112D780330062FFAF /* Picgla01 Needles.jpg */,
				ABCF9DD212D780330062FFAF /* Picgla02 Branch.jpg */,
				ABCF9DD312D780330062FFAF /* Picgla03 Cone.jpg */,
				ABCF9DD412D780330062FFAF /* Picgla04 Seeds.jpg */,
				ABCF9DD512D780330062FFAF /* Picgla05 Bark.jpg */,
				ABCF9DD612D780330062FFAF /* Picgla06 Habit.jpg */,
				ABCF9DD712D780330062FFAF /* Picgla07 Habit2.jpg */,
				ABCF9DD812D780330062FFAF /* Picgla08 Distmap.jpg */,
				ABCF9DD912D780330062FFAF /* Picmar01 Needles.jpg */,
				ABCF9DDA12D780330062FFAF /* Picmar02 Bough.jpg */,
				ABCF9DDB12D780330062FFAF /* Picmar03 Cones.jpg */,
				ABCF9DDC12D780330062FFAF /* Picmar04 Twig.jpg */,
				ABCF9DDD12D780330062FFAF /* Picmar05 Twig2.jpg */,
				ABCF9DDE12D780330062FFAF /* Picmar06 Bark.jpg */,
				ABCF9DDF12D780330062FFAF /* Picmar07 Habit.jpg */,
				ABCF9DE012D780330062FFAF /* Picmar08 Distmap.jpg */,
				ABCF9DE112D780330062FFAF /* Picpun01 Needles.jpg */,
				ABCF9DE212D780330062FFAF /* Picpun02 Branch.jpg */,
				ABCF9DE312D780330062FFAF /* Picpun03 Cone.jpg */,
				ABCF9DE412D780330062FFAF /* Picpun04 Twig.jpg */,
				ABCF9DE512D780330062FFAF /* Picpun05 Bark.jpg */,
				ABCF9DE612D780330062FFAF /* Picpun06 Habit.jpg */,
				ABCF9DE712D780330062FFAF /* Pinban01 Needles.jpg */,
				ABCF9DE812D780330062FFAF /* Pinban02 Twig.jpg */,
				ABCF9DE912D780330062FFAF /* Pinban03 Conesc.jpg */,
				ABCF9DEA12D780330062FFAF /* Pinban04 Coneso.jpg */,
				ABCF9DEB12D780330062FFAF /* Pinban05 Male.jpg */,
				ABCF9DEC12D780330062FFAF /* Pinban06 Bark.jpg */,
				ABCF9DED12D780330062FFAF /* Pinban07 Habit.jpg */,
				ABCF9DEE12D780330062FFAF /* Pinban08 Distmap.jpg */,
				ABCF9DEF12D780330062FFAF /* Pinnig01 Needles.jpg */,
				ABCF9DF012D780330062FFAF /* Pinnig02 Bough.jpg */,
				ABCF9DF112D780330062FFAF /* Pinnig03 Cone.jpg */,
				ABCF9DF212D780330062FFAF /* Pinnig04 Twig.jpg */,
				ABCF9DF312D780330062FFAF /* Pinnig05 Buds.jpg */,
				ABCF9DF412D780330062FFAF /* Pinnig06 Bark.jpg */,
				ABCF9DF512D780330062FFAF /* Pinnig07 Habit.jpg */,
				ABCF9DF612D780330062FFAF /* Pinres01 Needles.jpg */,
				ABCF9DF712D780330062FFAF /* Pinres03 Mcones.jpg */,
				ABCF9DF812D780330062FFAF /* Pinres04 Fcone.jpg */,
				ABCF9DF912D780330062FFAF /* Pinres05 Twig.jpg */,
				ABCF9DFA12D780330062FFAF /* Pinres07 Bark2.jpg */,
				ABCF9DFB12D780330062FFAF /* Pinres08 Habit.jpg */,
				ABCF9DFC12D780330062FFAF /* Pinres09 Distmap.jpg */,
				ABCF9DFD12D780330062FFAF /* Pinstr01 Needles1.jpg */,
				ABCF9DFE12D780330062FFAF /* Pinstr02 Needles2.jpg */,
				ABCF9DFF12D780330062FFAF /* Pinstr03 Bough.jpg */,
				ABCF9E0012D780330062FFAF /* Pinstr04 Fcone.jpg */,
				ABCF9E0112D780330062FFAF /* Pinstr05 Mcone.jpg */,
				ABCF9E0212D780330062FFAF /* Pinstr08 Distmap.jpg */,
				ABCF9E0312D780330062FFAF /* Pinsyl09 Distmap.jpg */,
				ABCF9E0412D780330062FFAF /* Psemen01 Needles.jpg */,
				ABCF9E0512D780330062FFAF /* Psemen02 Branch.jpg */,
				ABCF9E0612D780330062FFAF /* Psemen03 Cone.jpg */,
				ABCF9E0712D780330062FFAF /* Taxcan01 Leaves.jpg */,
				ABCF9E0812D780330062FFAF /* Taxcan02 Cones.jpg */,
				ABCF9E0912D780330062FFAF /* Taxcan03 Bark.jpg */,
				ABCF9E0A12D780330062FFAF /* Taxcan04 Habit.jpg */,
				ABCF9E0B12D780330062FFAF /* Taxcan05 Distmap.jpg */,
			);
			path = images;
			sourceTree = "<group>";
		};
/* End PBXGroup section */

/* Begin PBXNativeTarget section */
		1D6058900D05DD3D006BFB54 /* PlantKey */ = {
			isa = PBXNativeTarget;
			buildConfigurationList = 1D6058960D05DD3E006BFB54 /* Build configuration list for PBXNativeTarget "PlantKey" */;
			buildPhases = (
				1D60588D0D05DD3D006BFB54 /* Resources */,
				1D60588E0D05DD3D006BFB54 /* Sources */,
				1D60588F0D05DD3D006BFB54 /* Frameworks */,
			);
			buildRules = (
			);
			dependencies = (
			);
			name = PlantKey;
			productName = PlantKey;
			productReference = 1D6058910D05DD3D006BFB54 /* PlantKey.app */;
			productType = "com.apple.product-type.application";
		};
/* End PBXNativeTarget section */

/* Begin PBXProject section */
		29B97313FDCFA39411CA2CEA /* Project object */ = {
			isa = PBXProject;
			buildConfigurationList = C01FCF4E08A954540054247B /* Build configuration list for PBXProject "PlantKey" */;
			compatibilityVersion = "Xcode 3.1";
			developmentRegion = English;
			hasScannedForEncodings = 1;
			knownRegions = (
				English,
				Japanese,
				French,
				German,
			);
			mainGroup = 29B97314FDCFA39411CA2CEA /* CustomTemplate */;
			projectDirPath = "";
			projectRoot = "";
			targets = (
				1D6058900D05DD3D006BFB54 /* PlantKey */,
			);
		};
/* End PBXProject section */

/* Begin PBXResourcesBuildPhase section */
		1D60588D0D05DD3D006BFB54 /* Resources */ = {
			isa = PBXResourcesBuildPhase;
			buildActionMask = 2147483647;
			files = (
				AB7C036E1211E932005F4DBE /* plantKey.sql in Resources */,
				AB9BF95D12256B4C0028D6AC /* notes in Resources */,
				AB62445012D6714B000EAB07 /* attribution in Resources */,
				AB6244D312D686FC000EAB07 /* Default.png in Resources */,
				AB6245CD12D77736000EAB07 /* 179-notepad.png in Resources */,
				AB6245CE12D77736000EAB07 /* 189-plant.png in Resources */,
				AB6245CF12D77736000EAB07 /* 30-key.png in Resources */,
				AB6245D012D77736000EAB07 /* 43-film-roll.png in Resources */,
				AB6245D112D77736000EAB07 /* 53-house.png in Resources */,
				AB6245D212D77736000EAB07 /* 96-book.png in Resources */,
				AB6245DB12D77793000EAB07 /* KeyNodeViewController.xib in Resources */,
				AB6245DC12D77793000EAB07 /* KeyViewController.xib in Resources */,
				AB6245DD12D77793000EAB07 /* MainWindow.xib in Resources */,
				AB6245DE12D77793000EAB07 /* PlantDataViewController.xib in Resources */,
				AB6245DF12D77793000EAB07 /* PlantImageViewController.xib in Resources */,
				AB6245E012D77793000EAB07 /* PlantListViewController.xib in Resources */,
				AB6245E112D77793000EAB07 /* RootMenuViewController.xib in Resources */,
				AB6245E312D777C6000EAB07 /* GlossaryListViewController.xib in Resources */,
				ABCF9E0C12D780330062FFAF /* Abibal01 Needles.jpg in Resources */,
				ABCF9E0D12D780330062FFAF /* Abibal02 Bough.jpg in Resources */,
				ABCF9E0E12D780330062FFAF /* Abibal03 Upright cone.jpg in Resources */,
				ABCF9E0F12D780330062FFAF /* Abibal04 Male cones.jpg in Resources */,
				ABCF9E1012D780330062FFAF /* Abibal05 Bark.jpg in Resources */,
				ABCF9E1112D780330062FFAF /* Abibal06 Habit.jpg in Resources */,
				ABCF9E1212D780330062FFAF /* Abibal07 Distmap.jpg in Resources */,
				ABCF9E1312D780330062FFAF /* Abicon01 Needles.jpg in Resources */,
				ABCF9E1412D780330062FFAF /* Abicon02 Bough.jpg in Resources */,
				ABCF9E1512D780330062FFAF /* Abicon03 Leaf scars.jpg in Resources */,
				ABCF9E1612D780330062FFAF /* Abicon04 Cones.jpg in Resources */,
				ABCF9E1712D780330062FFAF /* Abicon05 Male cones.jpg in Resources */,
				ABCF9E1812D780330062FFAF /* Abicon06 Bark.jpg in Resources */,
				ABCF9E1912D780330062FFAF /* Abicon07 Habit.jpg in Resources */,
				ABCF9E1A12D780330062FFAF /* Juncom01 Needles.jpg in Resources */,
				ABCF9E1B12D780330062FFAF /* Juncom02 Male cones.jpg in Resources */,
				ABCF9E1C12D780330062FFAF /* Juncom03 Branch.jpg in Resources */,
				ABCF9E1D12D780330062FFAF /* Juncom04 Cones.jpg in Resources */,
				ABCF9E1E12D780330062FFAF /* Juncom05 Habit.jpg in Resources */,
				ABCF9E1F12D780330062FFAF /* Juncom06 Distmap.jpg in Resources */,
				ABCF9E2012D780330062FFAF /* Junhor01 Scale leaves.jpg in Resources */,
				ABCF9E2112D780330062FFAF /* Junhor02 Branch.jpg in Resources */,
				ABCF9E2212D780330062FFAF /* Junhor03 Branch withcones.jpg in Resources */,
				ABCF9E2312D780330062FFAF /* Junhor04 Femcones.jpg in Resources */,
				ABCF9E2412D780330062FFAF /* Junhor05 Malcones.jpg in Resources */,
				ABCF9E2512D780330062FFAF /* Junhor06 Sprawl.jpg in Resources */,
				ABCF9E2612D780330062FFAF /* Junhor07 Compact.jpg in Resources */,
				ABCF9E2712D780330062FFAF /* Junhor08 Distmap.jpg in Resources */,
				ABCF9E2812D780330062FFAF /* Junvir01 Needles.jpg in Resources */,
				ABCF9E2912D780330062FFAF /* Junvir02 Branch.jpg in Resources */,
				ABCF9E2A12D780330062FFAF /* Junvir03 Twig.jpg in Resources */,
				ABCF9E2B12D780330062FFAF /* Junvir04 Female cones.jpg in Resources */,
				ABCF9E2C12D780330062FFAF /* Junvir05 Male cones.jpg in Resources */,
				ABCF9E2D12D780330062FFAF /* Junvir06 Bark.jpg in Resources */,
				ABCF9E2E12D780330062FFAF /* Junvir07 Habit.jpg in Resources */,
				ABCF9E2F12D780330062FFAF /* Junvir08 Distmap.jpg in Resources */,
				ABCF9E3012D780330062FFAF /* Lardec01 Needles.jpg in Resources */,
				ABCF9E3112D780330062FFAF /* Lardec02 Branch.jpg in Resources */,
				ABCF9E3212D780330062FFAF /* Lardec03 Branch wCones.jpg in Resources */,
				ABCF9E3312D780330062FFAF /* Lardec04 Cone.jpg in Resources */,
				ABCF9E3412D780330062FFAF /* Lardec05 Winter.jpg in Resources */,
				ABCF9E3512D780330062FFAF /* Lardec06 Bark.jpg in Resources */,
				ABCF9E3612D780330062FFAF /* Lardec07 Habit.jpg in Resources */,
				ABCF9E3712D780330062FFAF /* Larlar01 Needles.jpg in Resources */,
				ABCF9E3812D780330062FFAF /* Larlar02 Branch.jpg in Resources */,
				ABCF9E3912D780330062FFAF /* Larlar03 Cones.jpg in Resources */,
				ABCF9E3A12D780330062FFAF /* Larlar04 Bark.jpg in Resources */,
				ABCF9E3B12D780330062FFAF /* Larlar05 Habit.jpg in Resources */,
				ABCF9E3C12D780330062FFAF /* Larlar06 Distmap.jpg in Resources */,
				ABCF9E3D12D780330062FFAF /* Photo credits - P menziesii.txt in Resources */,
				ABCF9E3E12D780330062FFAF /* Picabi01 Needles.jpg in Resources */,
				ABCF9E3F12D780330062FFAF /* Picabi03 Developing cone.jpg in Resources */,
				ABCF9E4012D780330062FFAF /* Picabi04 Cones on tree.jpg in Resources */,
				ABCF9E4112D780330062FFAF /* Picabi05 Drooping branchlets.jpg in Resources */,
				ABCF9E4212D780330062FFAF /* Picabi06 Bark.jpg in Resources */,
				ABCF9E4312D780330062FFAF /* Picabi07 Habit.jpg in Resources */,
				ABCF9E4412D780330062FFAF /* Picgla01 Needles.jpg in Resources */,
				ABCF9E4512D780330062FFAF /* Picgla02 Branch.jpg in Resources */,
				ABCF9E4612D780330062FFAF /* Picgla03 Cone.jpg in Resources */,
				ABCF9E4712D780330062FFAF /* Picgla04 Seeds.jpg in Resources */,
				ABCF9E4812D780330062FFAF /* Picgla05 Bark.jpg in Resources */,
				ABCF9E4912D780330062FFAF /* Picgla06 Habit.jpg in Resources */,
				ABCF9E4A12D780330062FFAF /* Picgla07 Habit2.jpg in Resources */,
				ABCF9E4B12D780330062FFAF /* Picgla08 Distmap.jpg in Resources */,
				ABCF9E4C12D780330062FFAF /* Picmar01 Needles.jpg in Resources */,
				ABCF9E4D12D780330062FFAF /* Picmar02 Bough.jpg in Resources */,
				ABCF9E4E12D780330062FFAF /* Picmar03 Cones.jpg in Resources */,
				ABCF9E4F12D780330062FFAF /* Picmar04 Twig.jpg in Resources */,
				ABCF9E5012D780330062FFAF /* Picmar05 Twig2.jpg in Resources */,
				ABCF9E5112D780330062FFAF /* Picmar06 Bark.jpg in Resources */,
				ABCF9E5212D780330062FFAF /* Picmar07 Habit.jpg in Resources */,
				ABCF9E5312D780330062FFAF /* Picmar08 Distmap.jpg in Resources */,
				ABCF9E5412D780330062FFAF /* Picpun01 Needles.jpg in Resources */,
				ABCF9E5512D780330062FFAF /* Picpun02 Branch.jpg in Resources */,
				ABCF9E5612D780330062FFAF /* Picpun03 Cone.jpg in Resources */,
				ABCF9E5712D780330062FFAF /* Picpun04 Twig.jpg in Resources */,
				ABCF9E5812D780330062FFAF /* Picpun05 Bark.jpg in Resources */,
				ABCF9E5912D780330062FFAF /* Picpun06 Habit.jpg in Resources */,
				ABCF9E5A12D780330062FFAF /* Pinban01 Needles.jpg in Resources */,
				ABCF9E5B12D780330062FFAF /* Pinban02 Twig.jpg in Resources */,
				ABCF9E5C12D780330062FFAF /* Pinban03 Conesc.jpg in Resources */,
				ABCF9E5D12D780330062FFAF /* Pinban04 Coneso.jpg in Resources */,
				ABCF9E5E12D780330062FFAF /* Pinban05 Male.jpg in Resources */,
				ABCF9E5F12D780330062FFAF /* Pinban06 Bark.jpg in Resources */,
				ABCF9E6012D780330062FFAF /* Pinban07 Habit.jpg in Resources */,
				ABCF9E6112D780330062FFAF /* Pinban08 Distmap.jpg in Resources */,
				ABCF9E6212D780330062FFAF /* Pinnig01 Needles.jpg in Resources */,
				ABCF9E6312D780330062FFAF /* Pinnig02 Bough.jpg in Resources */,
				ABCF9E6412D780330062FFAF /* Pinnig03 Cone.jpg in Resources */,
				ABCF9E6512D780330062FFAF /* Pinnig04 Twig.jpg in Resources */,
				ABCF9E6612D780330062FFAF /* Pinnig05 Buds.jpg in Resources */,
				ABCF9E6712D780330062FFAF /* Pinnig06 Bark.jpg in Resources */,
				ABCF9E6812D780330062FFAF /* Pinnig07 Habit.jpg in Resources */,
				ABCF9E6912D780330062FFAF /* Pinres01 Needles.jpg in Resources */,
				ABCF9E6A12D780330062FFAF /* Pinres03 Mcones.jpg in Resources */,
				ABCF9E6B12D780330062FFAF /* Pinres04 Fcone.jpg in Resources */,
				ABCF9E6C12D780330062FFAF /* Pinres05 Twig.jpg in Resources */,
				ABCF9E6D12D780330062FFAF /* Pinres07 Bark2.jpg in Resources */,
				ABCF9E6E12D780330062FFAF /* Pinres08 Habit.jpg in Resources */,
				ABCF9E6F12D780330062FFAF /* Pinres09 Distmap.jpg in Resources */,
				ABCF9E7012D780330062FFAF /* Pinstr01 Needles1.jpg in Resources */,
				ABCF9E7112D780330062FFAF /* Pinstr02 Needles2.jpg in Resources */,
				ABCF9E7212D780330062FFAF /* Pinstr03 Bough.jpg in Resources */,
				ABCF9E7312D780330062FFAF /* Pinstr04 Fcone.jpg in Resources */,
				ABCF9E7412D780330062FFAF /* Pinstr05 Mcone.jpg in Resources */,
				ABCF9E7512D780330062FFAF /* Pinstr08 Distmap.jpg in Resources */,
				ABCF9E7612D780330062FFAF /* Pinsyl09 Distmap.jpg in Resources */,
				ABCF9E7712D780330062FFAF /* Psemen01 Needles.jpg in Resources */,
				ABCF9E7812D780330062FFAF /* Psemen02 Branch.jpg in Resources */,
				ABCF9E7912D780330062FFAF /* Psemen03 Cone.jpg in Resources */,
				ABCF9E7A12D780330062FFAF /* Taxcan01 Leaves.jpg in Resources */,
				ABCF9E7B12D780330062FFAF /* Taxcan02 Cones.jpg in Resources */,
				ABCF9E7C12D780330062FFAF /* Taxcan03 Bark.jpg in Resources */,
				ABCF9E7D12D780330062FFAF /* Taxcan04 Habit.jpg in Resources */,
				ABCF9E7E12D780330062FFAF /* Taxcan05 Distmap.jpg in Resources */,
				ABCF9EAC12D7A2AB0062FFAF /* ImageNotAvailable.jpg in Resources */,
			);
			runOnlyForDeploymentPostprocessing = 0;
		};
/* End PBXResourcesBuildPhase section */

/* Begin PBXSourcesBuildPhase section */
		1D60588E0D05DD3D006BFB54 /* Sources */ = {
			isa = PBXSourcesBuildPhase;
			buildActionMask = 2147483647;
			files = (
				1D60589B0D05DD56006BFB54 /* main.m in Sources */,
				1D3623260D0F684500981E51 /* PlantKeyAppDelegate.m in Sources */,
				AB7C01801210A3A8005F4DBE /* AppModel.m in Sources */,
				AB7C05251212E344005F4DBE /* KeyNodeViewController.m in Sources */,
				ABD22C2E125511F10018A3E8 /* KeyNode.m in Sources */,
				ABD22DAC12552B4A0018A3E8 /* PlantDataViewController.m in Sources */,
				ABD22DB212552B630018A3E8 /* Plant.m in Sources */,
				ABD22E30125545CB0018A3E8 /* GlossaryListViewController.m in Sources */,
				ABAB8FB312D27BCC0095BDCE /* Image.m in Sources */,
				AB026ACC12D288EB00D17F90 /* PlantImageViewController.m in Sources */,
				AB62404F12D512CB000EAB07 /* PlantListViewController.m in Sources */,
				AB62408F12D526DF000EAB07 /* Term.m in Sources */,
				AB62443C12D67074000EAB07 /* RootMenuViewController.m in Sources */,
				AB62452112D68D09000EAB07 /* KeyNodeOption.m in Sources */,
			);
			runOnlyForDeploymentPostprocessing = 0;
		};
/* End PBXSourcesBuildPhase section */

/* Begin XCBuildConfiguration section */
		1D6058940D05DD3E006BFB54 /* Debug */ = {
			isa = XCBuildConfiguration;
			buildSettings = {
				ALWAYS_SEARCH_USER_PATHS = NO;
				COPY_PHASE_STRIP = NO;
				GCC_DYNAMIC_NO_PIC = NO;
				GCC_OPTIMIZATION_LEVEL = 0;
				GCC_PRECOMPILE_PREFIX_HEADER = YES;
				GCC_PREFIX_HEADER = PlantKey_Prefix.pch;
				INFOPLIST_FILE = "PlantKey-Info.plist";
				IPHONEOS_DEPLOYMENT_TARGET = 3.0;
				PRODUCT_NAME = PlantKey;
				SDKROOT = iphoneos;
			};
			name = Debug;
		};
		1D6058950D05DD3E006BFB54 /* Release */ = {
			isa = XCBuildConfiguration;
			buildSettings = {
				ALWAYS_SEARCH_USER_PATHS = NO;
				COPY_PHASE_STRIP = YES;
				GCC_PRECOMPILE_PREFIX_HEADER = YES;
				GCC_PREFIX_HEADER = PlantKey_Prefix.pch;
				INFOPLIST_FILE = "PlantKey-Info.plist";
				PRODUCT_NAME = PlantKey;
				SDKROOT = iphoneos;
				VALIDATE_PRODUCT = YES;
			};
			name = Release;
		};
		C01FCF4F08A954540054247B /* Debug */ = {
			isa = XCBuildConfiguration;
			buildSettings = {
				ARCHS = "$(ARCHS_STANDARD_32_BIT)";
				"CODE_SIGN_IDENTITY[sdk=iphoneos*]" = "iPhone Developer";
				GCC_C_LANGUAGE_STANDARD = c99;
				GCC_WARN_ABOUT_RETURN_TYPE = YES;
				GCC_WARN_UNUSED_VARIABLE = YES;
				PREBINDING = NO;
				SDKROOT = iphoneos;
			};
			name = Debug;
		};
		C01FCF5008A954540054247B /* Release */ = {
			isa = XCBuildConfiguration;
			buildSettings = {
				ARCHS = "$(ARCHS_STANDARD_32_BIT)";
				"CODE_SIGN_IDENTITY[sdk=iphoneos*]" = "iPhone Developer";
				GCC_C_LANGUAGE_STANDARD = c99;
				GCC_WARN_ABOUT_RETURN_TYPE = YES;
				GCC_WARN_UNUSED_VARIABLE = YES;
				OTHER_CFLAGS = "-DNS_BLOCK_ASSERTIONS=1";
				PREBINDING = NO;
				SDKROOT = iphoneos;
			};
			name = Release;
		};
/* End XCBuildConfiguration section */

/* Begin XCConfigurationList section */
		1D6058960D05DD3E006BFB54 /* Build configuration list for PBXNativeTarget "PlantKey" */ = {
			isa = XCConfigurationList;
			buildConfigurations = (
				1D6058940D05DD3E006BFB54 /* Debug */,
				1D6058950D05DD3E006BFB54 /* Release */,
			);
			defaultConfigurationIsVisible = 0;
			defaultConfigurationName = Release;
		};
		C01FCF4E08A954540054247B /* Build configuration list for PBXProject "PlantKey" */ = {
			isa = XCConfigurationList;
			buildConfigurations = (
				C01FCF4F08A954540054247B /* Debug */,
				C01FCF5008A954540054247B /* Release */,
			);
			defaultConfigurationIsVisible = 0;
			defaultConfigurationName = Release;
		};
/* End XCConfigurationList section */
	};
	rootObject = 29B97313FDCFA39411CA2CEA /* Project object */;
}
