// !$*UTF8*$!
{
	archiveVersion = 1;
	classes = {
	};
	objectVersion = 45;
	objects = {

/* Begin PBXBuildFile section */
		1D3623260D0F684500981E51 /* PlantKeyAppDelegate.m in Sources */ = {isa = PBXBuildFile; fileRef = 1D3623250D0F684500981E51 /* PlantKeyAppDelegate.m */; };
		1D60589B0D05DD56006BFB54 /* main.m in Sources */ = {isa = PBXBuildFile; fileRef = 29B97316FDCFA39411CA2CEA /* main.m */; };
		1D60589F0D05DD5A006BFB54 /* Foundation.framework in Frameworks */ = {isa = PBXBuildFile; fileRef = 1D30AB110D05D00D00671497 /* Foundation.framework */; };
		1DF5F4E00D08C38300B7A737 /* UIKit.framework in Frameworks */ = {isa = PBXBuildFile; fileRef = 1DF5F4DF0D08C38300B7A737 /* UIKit.framework */; };
		AB026ACC12D288EB00D17F90 /* PlantImageViewController.m in Sources */ = {isa = PBXBuildFile; fileRef = AB026ACA12D288EB00D17F90 /* PlantImageViewController.m */; };
		AB62404F12D512CB000EAB07 /* PlantListViewController.m in Sources */ = {isa = PBXBuildFile; fileRef = AB62404E12D512CB000EAB07 /* PlantListViewController.m */; };
		AB62408F12D526DF000EAB07 /* Term.m in Sources */ = {isa = PBXBuildFile; fileRef = AB62408E12D526DF000EAB07 /* Term.m */; };
		AB62443C12D67074000EAB07 /* RootMenuViewController.m in Sources */ = {isa = PBXBuildFile; fileRef = AB62443A12D67074000EAB07 /* RootMenuViewController.m */; };
		AB6244D312D686FC000EAB07 /* Default.png in Resources */ = {isa = PBXBuildFile; fileRef = AB6244D212D686FC000EAB07 /* Default.png */; };
		AB62452112D68D09000EAB07 /* KeyNodeOption.m in Sources */ = {isa = PBXBuildFile; fileRef = AB62452012D68D09000EAB07 /* KeyNodeOption.m */; };
		AB6245CD12D77736000EAB07 /* 179-notepad.png in Resources */ = {isa = PBXBuildFile; fileRef = AB6245C712D77736000EAB07 /* 179-notepad.png */; };
		AB6245CE12D77736000EAB07 /* 189-plant.png in Resources */ = {isa = PBXBuildFile; fileRef = AB6245C812D77736000EAB07 /* 189-plant.png */; };
		AB6245CF12D77736000EAB07 /* 30-key.png in Resources */ = {isa = PBXBuildFile; fileRef = AB6245C912D77736000EAB07 /* 30-key.png */; };
		AB6245D012D77736000EAB07 /* 43-film-roll.png in Resources */ = {isa = PBXBuildFile; fileRef = AB6245CA12D77736000EAB07 /* 43-film-roll.png */; };
		AB6245D112D77736000EAB07 /* 53-house.png in Resources */ = {isa = PBXBuildFile; fileRef = AB6245CB12D77736000EAB07 /* 53-house.png */; };
		AB6245D212D77736000EAB07 /* 96-book.png in Resources */ = {isa = PBXBuildFile; fileRef = AB6245CC12D77736000EAB07 /* 96-book.png */; };
		AB6245DB12D77793000EAB07 /* KeyNodeViewController.xib in Resources */ = {isa = PBXBuildFile; fileRef = AB6245D412D77793000EAB07 /* KeyNodeViewController.xib */; };
		AB6245DC12D77793000EAB07 /* KeyViewController.xib in Resources */ = {isa = PBXBuildFile; fileRef = AB6245D512D77793000EAB07 /* KeyViewController.xib */; };
		AB6245DD12D77793000EAB07 /* MainWindow.xib in Resources */ = {isa = PBXBuildFile; fileRef = AB6245D612D77793000EAB07 /* MainWindow.xib */; };
		AB6245DE12D77793000EAB07 /* PlantDataViewController.xib in Resources */ = {isa = PBXBuildFile; fileRef = AB6245D712D77793000EAB07 /* PlantDataViewController.xib */; };
		AB6245DF12D77793000EAB07 /* PlantImageViewController.xib in Resources */ = {isa = PBXBuildFile; fileRef = AB6245D812D77793000EAB07 /* PlantImageViewController.xib */; };
		AB6245E012D77793000EAB07 /* PlantListViewController.xib in Resources */ = {isa = PBXBuildFile; fileRef = AB6245D912D77793000EAB07 /* PlantListViewController.xib */; };
		AB6245E112D77793000EAB07 /* RootMenuViewController.xib in Resources */ = {isa = PBXBuildFile; fileRef = AB6245DA12D77793000EAB07 /* RootMenuViewController.xib */; };
		AB6245E312D777C6000EAB07 /* GlossaryListViewController.xib in Resources */ = {isa = PBXBuildFile; fileRef = AB6245E212D777C6000EAB07 /* GlossaryListViewController.xib */; };
		AB7C01801210A3A8005F4DBE /* AppModel.m in Sources */ = {isa = PBXBuildFile; fileRef = AB7C017E1210A3A8005F4DBE /* AppModel.m */; };
		AB7C036E1211E932005F4DBE /* plantKey.sql in Resources */ = {isa = PBXBuildFile; fileRef = AB7C036D1211E932005F4DBE /* plantKey.sql */; };
		AB7C03CD1211F412005F4DBE /* libsqlite3.0.dylib in Frameworks */ = {isa = PBXBuildFile; fileRef = AB7C03CC1211F412005F4DBE /* libsqlite3.0.dylib */; };
		AB7C05251212E344005F4DBE /* KeyNodeViewController.m in Sources */ = {isa = PBXBuildFile; fileRef = AB7C05231212E344005F4DBE /* KeyNodeViewController.m */; };
		AB7C05DD1213233B005F4DBE /* CoreGraphics.framework in Frameworks */ = {isa = PBXBuildFile; fileRef = AB7C05DC1213233B005F4DBE /* CoreGraphics.framework */; };
		AB9BF95D12256B4C0028D6AC /* notes in Resources */ = {isa = PBXBuildFile; fileRef = AB9BF95C12256B4C0028D6AC /* notes */; };
		ABAB8FB312D27BCC0095BDCE /* Image.m in Sources */ = {isa = PBXBuildFile; fileRef = ABAB8FB212D27BCC0095BDCE /* Image.m */; };
		ABCF9EAC12D7A2AB0062FFAF /* ImageNotAvailable.jpg in Resources */ = {isa = PBXBuildFile; fileRef = ABCF9EAB12D7A2AB0062FFAF /* ImageNotAvailable.jpg */; };
		ABCF9F1E12D7BC9D0062FFAF /* curlButton.png in Resources */ = {isa = PBXBuildFile; fileRef = ABCF9F1B12D7BC9D0062FFAF /* curlButton.png */; };
		ABCF9F3812D7C0A30062FFAF /* AppInfoViewController.m in Sources */ = {isa = PBXBuildFile; fileRef = ABCF9F3712D7C0A30062FFAF /* AppInfoViewController.m */; };
		ABCF9F3B12D7C0B60062FFAF /* AppInfoViewController.xib in Resources */ = {isa = PBXBuildFile; fileRef = ABCF9F3A12D7C0B60062FFAF /* AppInfoViewController.xib */; };
		ABD22C2E125511F10018A3E8 /* KeyNode.m in Sources */ = {isa = PBXBuildFile; fileRef = ABD22C2D125511F10018A3E8 /* KeyNode.m */; };
		ABD22DAC12552B4A0018A3E8 /* PlantDataViewController.m in Sources */ = {isa = PBXBuildFile; fileRef = ABD22DAA12552B4A0018A3E8 /* PlantDataViewController.m */; };
		ABD22DB212552B630018A3E8 /* Plant.m in Sources */ = {isa = PBXBuildFile; fileRef = ABD22DB112552B630018A3E8 /* Plant.m */; };
		ABD22E30125545CB0018A3E8 /* GlossaryListViewController.m in Sources */ = {isa = PBXBuildFile; fileRef = ABD22E2E125545CA0018A3E8 /* GlossaryListViewController.m */; };
		ABD6E16412F217D000276B67 /* Abibal01 Needles.jpg in Resources */ = {isa = PBXBuildFile; fileRef = ABD6E0F112F217CF00276B67 /* Abibal01 Needles.jpg */; };
		ABD6E16512F217D000276B67 /* Abibal02 Bough.jpg in Resources */ = {isa = PBXBuildFile; fileRef = ABD6E0F212F217CF00276B67 /* Abibal02 Bough.jpg */; };
		ABD6E16612F217D000276B67 /* Abibal03 Upright cone.jpg in Resources */ = {isa = PBXBuildFile; fileRef = ABD6E0F312F217CF00276B67 /* Abibal03 Upright cone.jpg */; };
		ABD6E16712F217D000276B67 /* Abibal04 Male cones.jpg in Resources */ = {isa = PBXBuildFile; fileRef = ABD6E0F412F217CF00276B67 /* Abibal04 Male cones.jpg */; };
		ABD6E16812F217D000276B67 /* Abibal05 Bark.jpg in Resources */ = {isa = PBXBuildFile; fileRef = ABD6E0F512F217CF00276B67 /* Abibal05 Bark.jpg */; };
		ABD6E16912F217D000276B67 /* Abibal06 Habit.jpg in Resources */ = {isa = PBXBuildFile; fileRef = ABD6E0F612F217CF00276B67 /* Abibal06 Habit.jpg */; };
		ABD6E16A12F217D000276B67 /* Abibal07 Distmap.jpg in Resources */ = {isa = PBXBuildFile; fileRef = ABD6E0F712F217CF00276B67 /* Abibal07 Distmap.jpg */; };
		ABD6E16B12F217D000276B67 /* Abicon01 Needles.jpg in Resources */ = {isa = PBXBuildFile; fileRef = ABD6E0F812F217CF00276B67 /* Abicon01 Needles.jpg */; };
		ABD6E16C12F217D000276B67 /* Abicon02 Bough.jpg in Resources */ = {isa = PBXBuildFile; fileRef = ABD6E0F912F217CF00276B67 /* Abicon02 Bough.jpg */; };
		ABD6E16D12F217D000276B67 /* Abicon03 Leaf scars.jpg in Resources */ = {isa = PBXBuildFile; fileRef = ABD6E0FA12F217CF00276B67 /* Abicon03 Leaf scars.jpg */; };
		ABD6E16E12F217D000276B67 /* Abicon04 Cones.jpg in Resources */ = {isa = PBXBuildFile; fileRef = ABD6E0FB12F217CF00276B67 /* Abicon04 Cones.jpg */; };
		ABD6E16F12F217D000276B67 /* Abicon05 Male cones.jpg in Resources */ = {isa = PBXBuildFile; fileRef = ABD6E0FC12F217CF00276B67 /* Abicon05 Male cones.jpg */; };
		ABD6E17012F217D000276B67 /* Abicon06 Bark.jpg in Resources */ = {isa = PBXBuildFile; fileRef = ABD6E0FD12F217CF00276B67 /* Abicon06 Bark.jpg */; };
		ABD6E17112F217D000276B67 /* Abicon07 Habit.jpg in Resources */ = {isa = PBXBuildFile; fileRef = ABD6E0FE12F217CF00276B67 /* Abicon07 Habit.jpg */; };
		ABD6E17212F217D000276B67 /* Juncom01 Needles.jpg in Resources */ = {isa = PBXBuildFile; fileRef = ABD6E0FF12F217CF00276B67 /* Juncom01 Needles.jpg */; };
		ABD6E17312F217D000276B67 /* Juncom02 Male cones.jpg in Resources */ = {isa = PBXBuildFile; fileRef = ABD6E10012F217CF00276B67 /* Juncom02 Male cones.jpg */; };
		ABD6E17412F217D000276B67 /* Juncom03 Branch.jpg in Resources */ = {isa = PBXBuildFile; fileRef = ABD6E10112F217CF00276B67 /* Juncom03 Branch.jpg */; };
		ABD6E17512F217D000276B67 /* Juncom04 Cones.jpg in Resources */ = {isa = PBXBuildFile; fileRef = ABD6E10212F217CF00276B67 /* Juncom04 Cones.jpg */; };
		ABD6E17612F217D000276B67 /* Juncom05 Habit.jpg in Resources */ = {isa = PBXBuildFile; fileRef = ABD6E10312F217CF00276B67 /* Juncom05 Habit.jpg */; };
		ABD6E17712F217D000276B67 /* Juncom06 Distmap.jpg in Resources */ = {isa = PBXBuildFile; fileRef = ABD6E10412F217CF00276B67 /* Juncom06 Distmap.jpg */; };
		ABD6E17812F217D000276B67 /* Junhor01 Scale leaves.jpg in Resources */ = {isa = PBXBuildFile; fileRef = ABD6E10512F217CF00276B67 /* Junhor01 Scale leaves.jpg */; };
		ABD6E17912F217D000276B67 /* Junhor02 Branch.jpg in Resources */ = {isa = PBXBuildFile; fileRef = ABD6E10612F217CF00276B67 /* Junhor02 Branch.jpg */; };
		ABD6E17A12F217D000276B67 /* Junhor03 Branch withcones.jpg in Resources */ = {isa = PBXBuildFile; fileRef = ABD6E10712F217CF00276B67 /* Junhor03 Branch withcones.jpg */; };
		ABD6E17B12F217D000276B67 /* Junhor04 Femcones.jpg in Resources */ = {isa = PBXBuildFile; fileRef = ABD6E10812F217CF00276B67 /* Junhor04 Femcones.jpg */; };
		ABD6E17C12F217D000276B67 /* Junhor05 Malcones.jpg in Resources */ = {isa = PBXBuildFile; fileRef = ABD6E10912F217CF00276B67 /* Junhor05 Malcones.jpg */; };
		ABD6E17D12F217D000276B67 /* Junhor06 Sprawl.jpg in Resources */ = {isa = PBXBuildFile; fileRef = ABD6E10A12F217CF00276B67 /* Junhor06 Sprawl.jpg */; };
		ABD6E17E12F217D000276B67 /* Junhor07 Compact.jpg in Resources */ = {isa = PBXBuildFile; fileRef = ABD6E10B12F217CF00276B67 /* Junhor07 Compact.jpg */; };
		ABD6E17F12F217D000276B67 /* Junhor08 Distmap.jpg in Resources */ = {isa = PBXBuildFile; fileRef = ABD6E10C12F217CF00276B67 /* Junhor08 Distmap.jpg */; };
		ABD6E18012F217D000276B67 /* Junvir01 Needles.jpg in Resources */ = {isa = PBXBuildFile; fileRef = ABD6E10D12F217CF00276B67 /* Junvir01 Needles.jpg */; };
		ABD6E18112F217D000276B67 /* Junvir02 Branch.jpg in Resources */ = {isa = PBXBuildFile; fileRef = ABD6E10E12F217CF00276B67 /* Junvir02 Branch.jpg */; };
		ABD6E18212F217D000276B67 /* Junvir03 Twig.jpg in Resources */ = {isa = PBXBuildFile; fileRef = ABD6E10F12F217CF00276B67 /* Junvir03 Twig.jpg */; };
		ABD6E18312F217D000276B67 /* Junvir04 Female cones.jpg in Resources */ = {isa = PBXBuildFile; fileRef = ABD6E11012F217CF00276B67 /* Junvir04 Female cones.jpg */; };
		ABD6E18412F217D000276B67 /* Junvir05 Male cones.jpg in Resources */ = {isa = PBXBuildFile; fileRef = ABD6E11112F217CF00276B67 /* Junvir05 Male cones.jpg */; };
		ABD6E18512F217D000276B67 /* Junvir06 Bark.jpg in Resources */ = {isa = PBXBuildFile; fileRef = ABD6E11212F217CF00276B67 /* Junvir06 Bark.jpg */; };
		ABD6E18612F217D000276B67 /* Junvir07 Habit.jpg in Resources */ = {isa = PBXBuildFile; fileRef = ABD6E11312F217CF00276B67 /* Junvir07 Habit.jpg */; };
		ABD6E18712F217D000276B67 /* Junvir08 Distmap.jpg in Resources */ = {isa = PBXBuildFile; fileRef = ABD6E11412F217CF00276B67 /* Junvir08 Distmap.jpg */; };
		ABD6E18812F217D000276B67 /* Lardec01 Needles.jpg in Resources */ = {isa = PBXBuildFile; fileRef = ABD6E11512F217CF00276B67 /* Lardec01 Needles.jpg */; };
		ABD6E18912F217D000276B67 /* Lardec02 Branch.jpg in Resources */ = {isa = PBXBuildFile; fileRef = ABD6E11612F217CF00276B67 /* Lardec02 Branch.jpg */; };
		ABD6E18A12F217D000276B67 /* Lardec03 Branch wCones.jpg in Resources */ = {isa = PBXBuildFile; fileRef = ABD6E11712F217CF00276B67 /* Lardec03 Branch wCones.jpg */; };
		ABD6E18B12F217D000276B67 /* Lardec04 Cone.jpg in Resources */ = {isa = PBXBuildFile; fileRef = ABD6E11812F217CF00276B67 /* Lardec04 Cone.jpg */; };
		ABD6E18C12F217D000276B67 /* Lardec05 Winter.jpg in Resources */ = {isa = PBXBuildFile; fileRef = ABD6E11912F217CF00276B67 /* Lardec05 Winter.jpg */; };
		ABD6E18D12F217D000276B67 /* Lardec06 Bark.jpg in Resources */ = {isa = PBXBuildFile; fileRef = ABD6E11A12F217CF00276B67 /* Lardec06 Bark.jpg */; };
		ABD6E18E12F217D000276B67 /* Lardec07 Habit.jpg in Resources */ = {isa = PBXBuildFile; fileRef = ABD6E11B12F217CF00276B67 /* Lardec07 Habit.jpg */; };
		ABD6E18F12F217D000276B67 /* Larlar01 Needles.jpg in Resources */ = {isa = PBXBuildFile; fileRef = ABD6E11C12F217CF00276B67 /* Larlar01 Needles.jpg */; };
		ABD6E19012F217D000276B67 /* Larlar02 Branch.jpg in Resources */ = {isa = PBXBuildFile; fileRef = ABD6E11D12F217CF00276B67 /* Larlar02 Branch.jpg */; };
		ABD6E19112F217D000276B67 /* Larlar03 Cones.jpg in Resources */ = {isa = PBXBuildFile; fileRef = ABD6E11E12F217CF00276B67 /* Larlar03 Cones.jpg */; };
		ABD6E19212F217D000276B67 /* Larlar04 Bark.jpg in Resources */ = {isa = PBXBuildFile; fileRef = ABD6E11F12F217CF00276B67 /* Larlar04 Bark.jpg */; };
		ABD6E19312F217D000276B67 /* Larlar05 Habit.jpg in Resources */ = {isa = PBXBuildFile; fileRef = ABD6E12012F217CF00276B67 /* Larlar05 Habit.jpg */; };
		ABD6E19412F217D000276B67 /* Larlar06 Distmap.jpg in Resources */ = {isa = PBXBuildFile; fileRef = ABD6E12112F217CF00276B67 /* Larlar06 Distmap.jpg */; };
		ABD6E19512F217D000276B67 /* Photo credits - P menziesii.txt in Resources */ = {isa = PBXBuildFile; fileRef = ABD6E12212F217CF00276B67 /* Photo credits - P menziesii.txt */; };
		ABD6E19612F217D000276B67 /* Picabi01 Needles.jpg in Resources */ = {isa = PBXBuildFile; fileRef = ABD6E12312F217CF00276B67 /* Picabi01 Needles.jpg */; };
		ABD6E19712F217D000276B67 /* Picabi03 Developing cone.jpg in Resources */ = {isa = PBXBuildFile; fileRef = ABD6E12412F217CF00276B67 /* Picabi03 Developing cone.jpg */; };
		ABD6E19812F217D000276B67 /* Picabi04 Cones on tree.jpg in Resources */ = {isa = PBXBuildFile; fileRef = ABD6E12512F217CF00276B67 /* Picabi04 Cones on tree.jpg */; };
		ABD6E19912F217D000276B67 /* Picabi05 Drooping branchlets.jpg in Resources */ = {isa = PBXBuildFile; fileRef = ABD6E12612F217CF00276B67 /* Picabi05 Drooping branchlets.jpg */; };
		ABD6E19A12F217D000276B67 /* Picabi06 Bark.jpg in Resources */ = {isa = PBXBuildFile; fileRef = ABD6E12712F217CF00276B67 /* Picabi06 Bark.jpg */; };
		ABD6E19B12F217D000276B67 /* Picabi07 Habit.jpg in Resources */ = {isa = PBXBuildFile; fileRef = ABD6E12812F217CF00276B67 /* Picabi07 Habit.jpg */; };
		ABD6E19C12F217D000276B67 /* Picgla01 Needles.jpg in Resources */ = {isa = PBXBuildFile; fileRef = ABD6E12912F217CF00276B67 /* Picgla01 Needles.jpg */; };
		ABD6E19D12F217D000276B67 /* Picgla02 Branch.jpg in Resources */ = {isa = PBXBuildFile; fileRef = ABD6E12A12F217CF00276B67 /* Picgla02 Branch.jpg */; };
		ABD6E19E12F217D000276B67 /* Picgla03 Cone.jpg in Resources */ = {isa = PBXBuildFile; fileRef = ABD6E12B12F217CF00276B67 /* Picgla03 Cone.jpg */; };
		ABD6E19F12F217D000276B67 /* Picgla04 Seeds.jpg in Resources */ = {isa = PBXBuildFile; fileRef = ABD6E12C12F217CF00276B67 /* Picgla04 Seeds.jpg */; };
		ABD6E1A012F217D000276B67 /* Picgla05 Bark.jpg in Resources */ = {isa = PBXBuildFile; fileRef = ABD6E12D12F217CF00276B67 /* Picgla05 Bark.jpg */; };
		ABD6E1A112F217D000276B67 /* Picgla06 Habit.jpg in Resources */ = {isa = PBXBuildFile; fileRef = ABD6E12E12F217CF00276B67 /* Picgla06 Habit.jpg */; };
		ABD6E1A212F217D000276B67 /* Picgla07 Habit2.jpg in Resources */ = {isa = PBXBuildFile; fileRef = ABD6E12F12F217CF00276B67 /* Picgla07 Habit2.jpg */; };
		ABD6E1A312F217D000276B67 /* Picgla08 Distmap.jpg in Resources */ = {isa = PBXBuildFile; fileRef = ABD6E13012F217CF00276B67 /* Picgla08 Distmap.jpg */; };
		ABD6E1A412F217D000276B67 /* Picmar01 Needles.jpg in Resources */ = {isa = PBXBuildFile; fileRef = ABD6E13112F217CF00276B67 /* Picmar01 Needles.jpg */; };
		ABD6E1A512F217D000276B67 /* Picmar02 Bough.jpg in Resources */ = {isa = PBXBuildFile; fileRef = ABD6E13212F217CF00276B67 /* Picmar02 Bough.jpg */; };
		ABD6E1A612F217D000276B67 /* Picmar03 Cones.jpg in Resources */ = {isa = PBXBuildFile; fileRef = ABD6E13312F217CF00276B67 /* Picmar03 Cones.jpg */; };
		ABD6E1A712F217D000276B67 /* Picmar04 Twig.jpg in Resources */ = {isa = PBXBuildFile; fileRef = ABD6E13412F217CF00276B67 /* Picmar04 Twig.jpg */; };
		ABD6E1A812F217D000276B67 /* Picmar05 Twig2.jpg in Resources */ = {isa = PBXBuildFile; fileRef = ABD6E13512F217CF00276B67 /* Picmar05 Twig2.jpg */; };
		ABD6E1A912F217D000276B67 /* Picmar06 Bark.jpg in Resources */ = {isa = PBXBuildFile; fileRef = ABD6E13612F217CF00276B67 /* Picmar06 Bark.jpg */; };
		ABD6E1AA12F217D000276B67 /* Picmar07 Habit.jpg in Resources */ = {isa = PBXBuildFile; fileRef = ABD6E13712F217CF00276B67 /* Picmar07 Habit.jpg */; };
		ABD6E1AB12F217D000276B67 /* Picmar08 Distmap.jpg in Resources */ = {isa = PBXBuildFile; fileRef = ABD6E13812F217CF00276B67 /* Picmar08 Distmap.jpg */; };
		ABD6E1AC12F217D000276B67 /* Picpun01 Needles.jpg in Resources */ = {isa = PBXBuildFile; fileRef = ABD6E13912F217CF00276B67 /* Picpun01 Needles.jpg */; };
		ABD6E1AD12F217D000276B67 /* Picpun02 Branch.jpg in Resources */ = {isa = PBXBuildFile; fileRef = ABD6E13A12F217CF00276B67 /* Picpun02 Branch.jpg */; };
		ABD6E1AE12F217D000276B67 /* Picpun03 Cone.jpg in Resources */ = {isa = PBXBuildFile; fileRef = ABD6E13B12F217CF00276B67 /* Picpun03 Cone.jpg */; };
		ABD6E1AF12F217D000276B67 /* Picpun04 Twig.jpg in Resources */ = {isa = PBXBuildFile; fileRef = ABD6E13C12F217CF00276B67 /* Picpun04 Twig.jpg */; };
		ABD6E1B012F217D000276B67 /* Picpun05 Bark.jpg in Resources */ = {isa = PBXBuildFile; fileRef = ABD6E13D12F217CF00276B67 /* Picpun05 Bark.jpg */; };
		ABD6E1B112F217D000276B67 /* Picpun06 Habit.jpg in Resources */ = {isa = PBXBuildFile; fileRef = ABD6E13E12F217CF00276B67 /* Picpun06 Habit.jpg */; };
		ABD6E1B212F217D000276B67 /* Pinban01 Needles.jpg in Resources */ = {isa = PBXBuildFile; fileRef = ABD6E13F12F217CF00276B67 /* Pinban01 Needles.jpg */; };
		ABD6E1B312F217D000276B67 /* Pinban02 Twig.jpg in Resources */ = {isa = PBXBuildFile; fileRef = ABD6E14012F217CF00276B67 /* Pinban02 Twig.jpg */; };
		ABD6E1B412F217D000276B67 /* Pinban03 Conesc.jpg in Resources */ = {isa = PBXBuildFile; fileRef = ABD6E14112F217CF00276B67 /* Pinban03 Conesc.jpg */; };
		ABD6E1B512F217D000276B67 /* Pinban04 Coneso.jpg in Resources */ = {isa = PBXBuildFile; fileRef = ABD6E14212F217CF00276B67 /* Pinban04 Coneso.jpg */; };
		ABD6E1B612F217D000276B67 /* Pinban05 Male.jpg in Resources */ = {isa = PBXBuildFile; fileRef = ABD6E14312F217CF00276B67 /* Pinban05 Male.jpg */; };
		ABD6E1B712F217D000276B67 /* Pinban06 Bark.jpg in Resources */ = {isa = PBXBuildFile; fileRef = ABD6E14412F217CF00276B67 /* Pinban06 Bark.jpg */; };
		ABD6E1B812F217D000276B67 /* Pinban07 Habit.jpg in Resources */ = {isa = PBXBuildFile; fileRef = ABD6E14512F217CF00276B67 /* Pinban07 Habit.jpg */; };
		ABD6E1B912F217D000276B67 /* Pinban08 Distmap.jpg in Resources */ = {isa = PBXBuildFile; fileRef = ABD6E14612F217CF00276B67 /* Pinban08 Distmap.jpg */; };
		ABD6E1BA12F217D000276B67 /* Pinnig01 Needles.jpg in Resources */ = {isa = PBXBuildFile; fileRef = ABD6E14712F217CF00276B67 /* Pinnig01 Needles.jpg */; };
		ABD6E1BB12F217D000276B67 /* Pinnig02 Bough.jpg in Resources */ = {isa = PBXBuildFile; fileRef = ABD6E14812F217CF00276B67 /* Pinnig02 Bough.jpg */; };
		ABD6E1BC12F217D000276B67 /* Pinnig03 Cone.jpg in Resources */ = {isa = PBXBuildFile; fileRef = ABD6E14912F217CF00276B67 /* Pinnig03 Cone.jpg */; };
		ABD6E1BD12F217D000276B67 /* Pinnig04 Twig.jpg in Resources */ = {isa = PBXBuildFile; fileRef = ABD6E14A12F217CF00276B67 /* Pinnig04 Twig.jpg */; };
		ABD6E1BE12F217D000276B67 /* Pinnig05 Buds.jpg in Resources */ = {isa = PBXBuildFile; fileRef = ABD6E14B12F217CF00276B67 /* Pinnig05 Buds.jpg */; };
		ABD6E1BF12F217D000276B67 /* Pinnig06 Bark.jpg in Resources */ = {isa = PBXBuildFile; fileRef = ABD6E14C12F217CF00276B67 /* Pinnig06 Bark.jpg */; };
		ABD6E1C012F217D000276B67 /* Pinnig07 Habit.jpg in Resources */ = {isa = PBXBuildFile; fileRef = ABD6E14D12F217CF00276B67 /* Pinnig07 Habit.jpg */; };
		ABD6E1C112F217D000276B67 /* Pinres01 Needles.jpg in Resources */ = {isa = PBXBuildFile; fileRef = ABD6E14E12F217CF00276B67 /* Pinres01 Needles.jpg */; };
		ABD6E1C212F217D000276B67 /* Pinres03 Mcones.jpg in Resources */ = {isa = PBXBuildFile; fileRef = ABD6E14F12F217CF00276B67 /* Pinres03 Mcones.jpg */; };
		ABD6E1C312F217D000276B67 /* Pinres04 Fcone.jpg in Resources */ = {isa = PBXBuildFile; fileRef = ABD6E15012F217CF00276B67 /* Pinres04 Fcone.jpg */; };
		ABD6E1C412F217D000276B67 /* Pinres05 Twig.jpg in Resources */ = {isa = PBXBuildFile; fileRef = ABD6E15112F217CF00276B67 /* Pinres05 Twig.jpg */; };
		ABD6E1C512F217D000276B67 /* Pinres07 Bark2.jpg in Resources */ = {isa = PBXBuildFile; fileRef = ABD6E15212F217CF00276B67 /* Pinres07 Bark2.jpg */; };
		ABD6E1C612F217D000276B67 /* Pinres08 Habit.jpg in Resources */ = {isa = PBXBuildFile; fileRef = ABD6E15312F217CF00276B67 /* Pinres08 Habit.jpg */; };
		ABD6E1C712F217D000276B67 /* Pinres09 Distmap.jpg in Resources */ = {isa = PBXBuildFile; fileRef = ABD6E15412F217CF00276B67 /* Pinres09 Distmap.jpg */; };
		ABD6E1C812F217D000276B67 /* Pinstr01 Needles1.jpg in Resources */ = {isa = PBXBuildFile; fileRef = ABD6E15512F217CF00276B67 /* Pinstr01 Needles1.jpg */; };
		ABD6E1C912F217D000276B67 /* Pinstr02 Needles2.jpg in Resources */ = {isa = PBXBuildFile; fileRef = ABD6E15612F217CF00276B67 /* Pinstr02 Needles2.jpg */; };
		ABD6E1CA12F217D000276B67 /* Pinstr03 Bough.jpg in Resources */ = {isa = PBXBuildFile; fileRef = ABD6E15712F217CF00276B67 /* Pinstr03 Bough.jpg */; };
		ABD6E1CB12F217D000276B67 /* Pinstr04 Fcone.jpg in Resources */ = {isa = PBXBuildFile; fileRef = ABD6E15812F217D000276B67 /* Pinstr04 Fcone.jpg */; };
		ABD6E1CC12F217D000276B67 /* Pinstr05 Mcone.jpg in Resources */ = {isa = PBXBuildFile; fileRef = ABD6E15912F217D000276B67 /* Pinstr05 Mcone.jpg */; };
		ABD6E1CD12F217D000276B67 /* Pinstr08 Distmap.jpg in Resources */ = {isa = PBXBuildFile; fileRef = ABD6E15A12F217D000276B67 /* Pinstr08 Distmap.jpg */; };
		ABD6E1CE12F217D000276B67 /* Pinsyl09 Distmap.jpg in Resources */ = {isa = PBXBuildFile; fileRef = ABD6E15B12F217D000276B67 /* Pinsyl09 Distmap.jpg */; };
		ABD6E1CF12F217D000276B67 /* Psemen01 Needles.jpg in Resources */ = {isa = PBXBuildFile; fileRef = ABD6E15C12F217D000276B67 /* Psemen01 Needles.jpg */; };
		ABD6E1D012F217D000276B67 /* Psemen02 Branch.jpg in Resources */ = {isa = PBXBuildFile; fileRef = ABD6E15D12F217D000276B67 /* Psemen02 Branch.jpg */; };
		ABD6E1D112F217D000276B67 /* Psemen03 Cone.jpg in Resources */ = {isa = PBXBuildFile; fileRef = ABD6E15E12F217D000276B67 /* Psemen03 Cone.jpg */; };
		ABD6E1D212F217D000276B67 /* Taxcan01 Leaves.jpg in Resources */ = {isa = PBXBuildFile; fileRef = ABD6E15F12F217D000276B67 /* Taxcan01 Leaves.jpg */; };
		ABD6E1D312F217D000276B67 /* Taxcan02 Cones.jpg in Resources */ = {isa = PBXBuildFile; fileRef = ABD6E16012F217D000276B67 /* Taxcan02 Cones.jpg */; };
		ABD6E1D412F217D000276B67 /* Taxcan03 Bark.jpg in Resources */ = {isa = PBXBuildFile; fileRef = ABD6E16112F217D000276B67 /* Taxcan03 Bark.jpg */; };
		ABD6E1D512F217D000276B67 /* Taxcan04 Habit.jpg in Resources */ = {isa = PBXBuildFile; fileRef = ABD6E16212F217D000276B67 /* Taxcan04 Habit.jpg */; };
		ABD6E1D612F217D000276B67 /* Taxcan05 Distmap.jpg in Resources */ = {isa = PBXBuildFile; fileRef = ABD6E16312F217D000276B67 /* Taxcan05 Distmap.jpg */; };
		ABD6E20912F225A000276B67 /* info.html in Resources */ = {isa = PBXBuildFile; fileRef = ABD6E20812F225A000276B67 /* info.html */; };
/* End PBXBuildFile section */

/* Begin PBXFileReference section */
		1D30AB110D05D00D00671497 /* Foundation.framework */ = {isa = PBXFileReference; lastKnownFileType = wrapper.framework; name = Foundation.framework; path = System/Library/Frameworks/Foundation.framework; sourceTree = SDKROOT; };
		1D3623240D0F684500981E51 /* PlantKeyAppDelegate.h */ = {isa = PBXFileReference; fileEncoding = 4; lastKnownFileType = sourcecode.c.h; path = PlantKeyAppDelegate.h; sourceTree = "<group>"; };
		1D3623250D0F684500981E51 /* PlantKeyAppDelegate.m */ = {isa = PBXFileReference; fileEncoding = 4; lastKnownFileType = sourcecode.c.objc; path = PlantKeyAppDelegate.m; sourceTree = "<group>"; };
		1D6058910D05DD3D006BFB54 /* PlantKey.app */ = {isa = PBXFileReference; explicitFileType = wrapper.application; includeInIndex = 0; path = PlantKey.app; sourceTree = BUILT_PRODUCTS_DIR; };
		1DF5F4DF0D08C38300B7A737 /* UIKit.framework */ = {isa = PBXFileReference; lastKnownFileType = wrapper.framework; name = UIKit.framework; path = System/Library/Frameworks/UIKit.framework; sourceTree = SDKROOT; };
		29B97316FDCFA39411CA2CEA /* main.m */ = {isa = PBXFileReference; fileEncoding = 4; lastKnownFileType = sourcecode.c.objc; path = main.m; sourceTree = "<group>"; };
		32CA4F630368D1EE00C91783 /* PlantKey_Prefix.pch */ = {isa = PBXFileReference; fileEncoding = 4; lastKnownFileType = sourcecode.c.h; path = PlantKey_Prefix.pch; sourceTree = "<group>"; };
		8D1107310486CEB800E47090 /* PlantKey-Info.plist */ = {isa = PBXFileReference; fileEncoding = 4; lastKnownFileType = text.plist.xml; path = "PlantKey-Info.plist"; plistStructureDefinitionIdentifier = "com.apple.xcode.plist.structure-definition.iphone.info-plist"; sourceTree = "<group>"; };
		AB026AC912D288EB00D17F90 /* PlantImageViewController.h */ = {isa = PBXFileReference; fileEncoding = 4; lastKnownFileType = sourcecode.c.h; path = PlantImageViewController.h; sourceTree = "<group>"; };
		AB026ACA12D288EB00D17F90 /* PlantImageViewController.m */ = {isa = PBXFileReference; fileEncoding = 4; lastKnownFileType = sourcecode.c.objc; path = PlantImageViewController.m; sourceTree = "<group>"; };
		AB62404D12D512CB000EAB07 /* PlantListViewController.h */ = {isa = PBXFileReference; fileEncoding = 4; lastKnownFileType = sourcecode.c.h; path = PlantListViewController.h; sourceTree = "<group>"; };
		AB62404E12D512CB000EAB07 /* PlantListViewController.m */ = {isa = PBXFileReference; fileEncoding = 4; lastKnownFileType = sourcecode.c.objc; path = PlantListViewController.m; sourceTree = "<group>"; };
		AB62408D12D526DF000EAB07 /* Term.h */ = {isa = PBXFileReference; fileEncoding = 4; lastKnownFileType = sourcecode.c.h; path = Term.h; sourceTree = "<group>"; };
		AB62408E12D526DF000EAB07 /* Term.m */ = {isa = PBXFileReference; fileEncoding = 4; lastKnownFileType = sourcecode.c.objc; path = Term.m; sourceTree = "<group>"; };
		AB62443912D67074000EAB07 /* RootMenuViewController.h */ = {isa = PBXFileReference; fileEncoding = 4; lastKnownFileType = sourcecode.c.h; path = RootMenuViewController.h; sourceTree = "<group>"; };
		AB62443A12D67074000EAB07 /* RootMenuViewController.m */ = {isa = PBXFileReference; fileEncoding = 4; lastKnownFileType = sourcecode.c.objc; path = RootMenuViewController.m; sourceTree = "<group>"; };
		AB6244D212D686FC000EAB07 /* Default.png */ = {isa = PBXFileReference; lastKnownFileType = image.png; path = Default.png; sourceTree = "<group>"; };
		AB62451F12D68D09000EAB07 /* KeyNodeOption.h */ = {isa = PBXFileReference; fileEncoding = 4; lastKnownFileType = sourcecode.c.h; path = KeyNodeOption.h; sourceTree = "<group>"; };
		AB62452012D68D09000EAB07 /* KeyNodeOption.m */ = {isa = PBXFileReference; fileEncoding = 4; lastKnownFileType = sourcecode.c.objc; path = KeyNodeOption.m; sourceTree = "<group>"; };
		AB6245C712D77736000EAB07 /* 179-notepad.png */ = {isa = PBXFileReference; lastKnownFileType = image.png; path = "179-notepad.png"; sourceTree = "<group>"; };
		AB6245C812D77736000EAB07 /* 189-plant.png */ = {isa = PBXFileReference; lastKnownFileType = image.png; path = "189-plant.png"; sourceTree = "<group>"; };
		AB6245C912D77736000EAB07 /* 30-key.png */ = {isa = PBXFileReference; lastKnownFileType = image.png; path = "30-key.png"; sourceTree = "<group>"; };
		AB6245CA12D77736000EAB07 /* 43-film-roll.png */ = {isa = PBXFileReference; lastKnownFileType = image.png; path = "43-film-roll.png"; sourceTree = "<group>"; };
		AB6245CB12D77736000EAB07 /* 53-house.png */ = {isa = PBXFileReference; lastKnownFileType = image.png; path = "53-house.png"; sourceTree = "<group>"; };
		AB6245CC12D77736000EAB07 /* 96-book.png */ = {isa = PBXFileReference; lastKnownFileType = image.png; path = "96-book.png"; sourceTree = "<group>"; };
		AB6245D412D77793000EAB07 /* KeyNodeViewController.xib */ = {isa = PBXFileReference; lastKnownFileType = file.xib; path = KeyNodeViewController.xib; sourceTree = "<group>"; };
		AB6245D512D77793000EAB07 /* KeyViewController.xib */ = {isa = PBXFileReference; lastKnownFileType = file.xib; path = KeyViewController.xib; sourceTree = "<group>"; };
		AB6245D612D77793000EAB07 /* MainWindow.xib */ = {isa = PBXFileReference; lastKnownFileType = file.xib; path = MainWindow.xib; sourceTree = "<group>"; };
		AB6245D712D77793000EAB07 /* PlantDataViewController.xib */ = {isa = PBXFileReference; lastKnownFileType = file.xib; path = PlantDataViewController.xib; sourceTree = "<group>"; };
		AB6245D812D77793000EAB07 /* PlantImageViewController.xib */ = {isa = PBXFileReference; lastKnownFileType = file.xib; path = PlantImageViewController.xib; sourceTree = "<group>"; };
		AB6245D912D77793000EAB07 /* PlantListViewController.xib */ = {isa = PBXFileReference; lastKnownFileType = file.xib; path = PlantListViewController.xib; sourceTree = "<group>"; };
		AB6245DA12D77793000EAB07 /* RootMenuViewController.xib */ = {isa = PBXFileReference; lastKnownFileType = file.xib; path = RootMenuViewController.xib; sourceTree = "<group>"; };
		AB6245E212D777C6000EAB07 /* GlossaryListViewController.xib */ = {isa = PBXFileReference; lastKnownFileType = file.xib; path = GlossaryListViewController.xib; sourceTree = "<group>"; };
		AB7C017D1210A3A8005F4DBE /* AppModel.h */ = {isa = PBXFileReference; fileEncoding = 4; lastKnownFileType = sourcecode.c.h; path = AppModel.h; sourceTree = "<group>"; };
		AB7C017E1210A3A8005F4DBE /* AppModel.m */ = {isa = PBXFileReference; fileEncoding = 4; lastKnownFileType = sourcecode.c.objc; path = AppModel.m; sourceTree = "<group>"; };
		AB7C017F1210A3A8005F4DBE /* SynthesizeSingleton.h */ = {isa = PBXFileReference; fileEncoding = 4; lastKnownFileType = sourcecode.c.h; path = SynthesizeSingleton.h; sourceTree = "<group>"; };
		AB7C036D1211E932005F4DBE /* plantKey.sql */ = {isa = PBXFileReference; lastKnownFileType = file; path = plantKey.sql; sourceTree = "<group>"; };
		AB7C03701211E968005F4DBE /* KeyNode.h */ = {isa = PBXFileReference; fileEncoding = 4; lastKnownFileType = sourcecode.c.h; path = KeyNode.h; sourceTree = "<group>"; };
		AB7C03CC1211F412005F4DBE /* libsqlite3.0.dylib */ = {isa = PBXFileReference; lastKnownFileType = "compiled.mach-o.dylib"; name = libsqlite3.0.dylib; path = usr/lib/libsqlite3.0.dylib; sourceTree = SDKROOT; };
		AB7C05221212E344005F4DBE /* KeyNodeViewController.h */ = {isa = PBXFileReference; fileEncoding = 4; lastKnownFileType = sourcecode.c.h; path = KeyNodeViewController.h; sourceTree = "<group>"; };
		AB7C05231212E344005F4DBE /* KeyNodeViewController.m */ = {isa = PBXFileReference; fileEncoding = 4; lastKnownFileType = sourcecode.c.objc; path = KeyNodeViewController.m; sourceTree = "<group>"; };
		AB7C05DC1213233B005F4DBE /* CoreGraphics.framework */ = {isa = PBXFileReference; lastKnownFileType = wrapper.framework; name = CoreGraphics.framework; path = System/Library/Frameworks/CoreGraphics.framework; sourceTree = SDKROOT; };
		AB9BF95C12256B4C0028D6AC /* notes */ = {isa = PBXFileReference; fileEncoding = 4; lastKnownFileType = text; path = notes; sourceTree = "<group>"; };
		ABAB8FB112D27BCC0095BDCE /* Image.h */ = {isa = PBXFileReference; fileEncoding = 4; lastKnownFileType = sourcecode.c.h; path = Image.h; sourceTree = "<group>"; };
		ABAB8FB212D27BCC0095BDCE /* Image.m */ = {isa = PBXFileReference; fileEncoding = 4; lastKnownFileType = sourcecode.c.objc; path = Image.m; sourceTree = "<group>"; };
		ABCF9EAB12D7A2AB0062FFAF /* ImageNotAvailable.jpg */ = {isa = PBXFileReference; lastKnownFileType = image.jpeg; path = ImageNotAvailable.jpg; sourceTree = "<group>"; };
		ABCF9F1B12D7BC9D0062FFAF /* curlButton.png */ = {isa = PBXFileReference; lastKnownFileType = image.png; path = curlButton.png; sourceTree = "<group>"; };
		ABCF9F3612D7C0A30062FFAF /* AppInfoViewController.h */ = {isa = PBXFileReference; fileEncoding = 4; lastKnownFileType = sourcecode.c.h; path = AppInfoViewController.h; sourceTree = "<group>"; };
		ABCF9F3712D7C0A30062FFAF /* AppInfoViewController.m */ = {isa = PBXFileReference; fileEncoding = 4; lastKnownFileType = sourcecode.c.objc; path = AppInfoViewController.m; sourceTree = "<group>"; };
		ABCF9F3A12D7C0B60062FFAF /* AppInfoViewController.xib */ = {isa = PBXFileReference; lastKnownFileType = file.xib; path = AppInfoViewController.xib; sourceTree = "<group>"; };
		ABD22C2912550E580018A3E8 /* PlantKeyType.h */ = {isa = PBXFileReference; fileEncoding = 4; lastKnownFileType = sourcecode.c.h; path = PlantKeyType.h; sourceTree = "<group>"; };
		ABD22C2D125511F10018A3E8 /* KeyNode.m */ = {isa = PBXFileReference; fileEncoding = 4; lastKnownFileType = sourcecode.c.objc; path = KeyNode.m; sourceTree = "<group>"; };
		ABD22DA912552B4A0018A3E8 /* PlantDataViewController.h */ = {isa = PBXFileReference; fileEncoding = 4; lastKnownFileType = sourcecode.c.h; path = PlantDataViewController.h; sourceTree = "<group>"; };
		ABD22DAA12552B4A0018A3E8 /* PlantDataViewController.m */ = {isa = PBXFileReference; fileEncoding = 4; lastKnownFileType = sourcecode.c.objc; path = PlantDataViewController.m; sourceTree = "<group>"; };
		ABD22DB012552B630018A3E8 /* Plant.h */ = {isa = PBXFileReference; fileEncoding = 4; lastKnownFileType = sourcecode.c.h; path = Plant.h; sourceTree = "<group>"; };
		ABD22DB112552B630018A3E8 /* Plant.m */ = {isa = PBXFileReference; fileEncoding = 4; lastKnownFileType = sourcecode.c.objc; path = Plant.m; sourceTree = "<group>"; };
		ABD22E2D125545CA0018A3E8 /* GlossaryListViewController.h */ = {isa = PBXFileReference; fileEncoding = 4; lastKnownFileType = sourcecode.c.h; path = GlossaryListViewController.h; sourceTree = "<group>"; };
		ABD22E2E125545CA0018A3E8 /* GlossaryListViewController.m */ = {isa = PBXFileReference; fileEncoding = 4; lastKnownFileType = sourcecode.c.objc; path = GlossaryListViewController.m; sourceTree = "<group>"; };
		ABD6E0F112F217CF00276B67 /* Abibal01 Needles.jpg */ = {isa = PBXFileReference; lastKnownFileType = image.jpeg; path = "Abibal01 Needles.jpg"; sourceTree = "<group>"; };
		ABD6E0F212F217CF00276B67 /* Abibal02 Bough.jpg */ = {isa = PBXFileReference; lastKnownFileType = image.jpeg; path = "Abibal02 Bough.jpg"; sourceTree = "<group>"; };
		ABD6E0F312F217CF00276B67 /* Abibal03 Upright cone.jpg */ = {isa = PBXFileReference; lastKnownFileType = image.jpeg; path = "Abibal03 Upright cone.jpg"; sourceTree = "<group>"; };
		ABD6E0F412F217CF00276B67 /* Abibal04 Male cones.jpg */ = {isa = PBXFileReference; lastKnownFileType = image.jpeg; path = "Abibal04 Male cones.jpg"; sourceTree = "<group>"; };
		ABD6E0F512F217CF00276B67 /* Abibal05 Bark.jpg */ = {isa = PBXFileReference; lastKnownFileType = image.jpeg; path = "Abibal05 Bark.jpg"; sourceTree = "<group>"; };
		ABD6E0F612F217CF00276B67 /* Abibal06 Habit.jpg */ = {isa = PBXFileReference; lastKnownFileType = image.jpeg; path = "Abibal06 Habit.jpg"; sourceTree = "<group>"; };
		ABD6E0F712F217CF00276B67 /* Abibal07 Distmap.jpg */ = {isa = PBXFileReference; lastKnownFileType = image.jpeg; path = "Abibal07 Distmap.jpg"; sourceTree = "<group>"; };
		ABD6E0F812F217CF00276B67 /* Abicon01 Needles.jpg */ = {isa = PBXFileReference; lastKnownFileType = image.jpeg; path = "Abicon01 Needles.jpg"; sourceTree = "<group>"; };
		ABD6E0F912F217CF00276B67 /* Abicon02 Bough.jpg */ = {isa = PBXFileReference; lastKnownFileType = image.jpeg; path = "Abicon02 Bough.jpg"; sourceTree = "<group>"; };
		ABD6E0FA12F217CF00276B67 /* Abicon03 Leaf scars.jpg */ = {isa = PBXFileReference; lastKnownFileType = image.jpeg; path = "Abicon03 Leaf scars.jpg"; sourceTree = "<group>"; };
		ABD6E0FB12F217CF00276B67 /* Abicon04 Cones.jpg */ = {isa = PBXFileReference; lastKnownFileType = image.jpeg; path = "Abicon04 Cones.jpg"; sourceTree = "<group>"; };
		ABD6E0FC12F217CF00276B67 /* Abicon05 Male cones.jpg */ = {isa = PBXFileReference; lastKnownFileType = image.jpeg; path = "Abicon05 Male cones.jpg"; sourceTree = "<group>"; };
		ABD6E0FD12F217CF00276B67 /* Abicon06 Bark.jpg */ = {isa = PBXFileReference; lastKnownFileType = image.jpeg; path = "Abicon06 Bark.jpg"; sourceTree = "<group>"; };
		ABD6E0FE12F217CF00276B67 /* Abicon07 Habit.jpg */ = {isa = PBXFileReference; lastKnownFileType = image.jpeg; path = "Abicon07 Habit.jpg"; sourceTree = "<group>"; };
		ABD6E0FF12F217CF00276B67 /* Juncom01 Needles.jpg */ = {isa = PBXFileReference; lastKnownFileType = image.jpeg; path = "Juncom01 Needles.jpg"; sourceTree = "<group>"; };
		ABD6E10012F217CF00276B67 /* Juncom02 Male cones.jpg */ = {isa = PBXFileReference; lastKnownFileType = image.jpeg; path = "Juncom02 Male cones.jpg"; sourceTree = "<group>"; };
		ABD6E10112F217CF00276B67 /* Juncom03 Branch.jpg */ = {isa = PBXFileReference; lastKnownFileType = image.jpeg; path = "Juncom03 Branch.jpg"; sourceTree = "<group>"; };
		ABD6E10212F217CF00276B67 /* Juncom04 Cones.jpg */ = {isa = PBXFileReference; lastKnownFileType = image.jpeg; path = "Juncom04 Cones.jpg"; sourceTree = "<group>"; };
		ABD6E10312F217CF00276B67 /* Juncom05 Habit.jpg */ = {isa = PBXFileReference; lastKnownFileType = image.jpeg; path = "Juncom05 Habit.jpg"; sourceTree = "<group>"; };
		ABD6E10412F217CF00276B67 /* Juncom06 Distmap.jpg */ = {isa = PBXFileReference; lastKnownFileType = image.jpeg; path = "Juncom06 Distmap.jpg"; sourceTree = "<group>"; };
		ABD6E10512F217CF00276B67 /* Junhor01 Scale leaves.jpg */ = {isa = PBXFileReference; lastKnownFileType = image.jpeg; path = "Junhor01 Scale leaves.jpg"; sourceTree = "<group>"; };
		ABD6E10612F217CF00276B67 /* Junhor02 Branch.jpg */ = {isa = PBXFileReference; lastKnownFileType = image.jpeg; path = "Junhor02 Branch.jpg"; sourceTree = "<group>"; };
		ABD6E10712F217CF00276B67 /* Junhor03 Branch withcones.jpg */ = {isa = PBXFileReference; lastKnownFileType = image.jpeg; path = "Junhor03 Branch withcones.jpg"; sourceTree = "<group>"; };
		ABD6E10812F217CF00276B67 /* Junhor04 Femcones.jpg */ = {isa = PBXFileReference; lastKnownFileType = image.jpeg; path = "Junhor04 Femcones.jpg"; sourceTree = "<group>"; };
		ABD6E10912F217CF00276B67 /* Junhor05 Malcones.jpg */ = {isa = PBXFileReference; lastKnownFileType = image.jpeg; path = "Junhor05 Malcones.jpg"; sourceTree = "<group>"; };
		ABD6E10A12F217CF00276B67 /* Junhor06 Sprawl.jpg */ = {isa = PBXFileReference; lastKnownFileType = image.jpeg; path = "Junhor06 Sprawl.jpg"; sourceTree = "<group>"; };
		ABD6E10B12F217CF00276B67 /* Junhor07 Compact.jpg */ = {isa = PBXFileReference; lastKnownFileType = image.jpeg; path = "Junhor07 Compact.jpg"; sourceTree = "<group>"; };
		ABD6E10C12F217CF00276B67 /* Junhor08 Distmap.jpg */ = {isa = PBXFileReference; lastKnownFileType = image.jpeg; path = "Junhor08 Distmap.jpg"; sourceTree = "<group>"; };
		ABD6E10D12F217CF00276B67 /* Junvir01 Needles.jpg */ = {isa = PBXFileReference; lastKnownFileType = image.jpeg; path = "Junvir01 Needles.jpg"; sourceTree = "<group>"; };
		ABD6E10E12F217CF00276B67 /* Junvir02 Branch.jpg */ = {isa = PBXFileReference; lastKnownFileType = image.jpeg; path = "Junvir02 Branch.jpg"; sourceTree = "<group>"; };
		ABD6E10F12F217CF00276B67 /* Junvir03 Twig.jpg */ = {isa = PBXFileReference; lastKnownFileType = image.jpeg; path = "Junvir03 Twig.jpg"; sourceTree = "<group>"; };
		ABD6E11012F217CF00276B67 /* Junvir04 Female cones.jpg */ = {isa = PBXFileReference; lastKnownFileType = image.jpeg; path = "Junvir04 Female cones.jpg"; sourceTree = "<group>"; };
		ABD6E11112F217CF00276B67 /* Junvir05 Male cones.jpg */ = {isa = PBXFileReference; lastKnownFileType = image.jpeg; path = "Junvir05 Male cones.jpg"; sourceTree = "<group>"; };
		ABD6E11212F217CF00276B67 /* Junvir06 Bark.jpg */ = {isa = PBXFileReference; lastKnownFileType = image.jpeg; path = "Junvir06 Bark.jpg"; sourceTree = "<group>"; };
		ABD6E11312F217CF00276B67 /* Junvir07 Habit.jpg */ = {isa = PBXFileReference; lastKnownFileType = image.jpeg; path = "Junvir07 Habit.jpg"; sourceTree = "<group>"; };
		ABD6E11412F217CF00276B67 /* Junvir08 Distmap.jpg */ = {isa = PBXFileReference; lastKnownFileType = image.jpeg; path = "Junvir08 Distmap.jpg"; sourceTree = "<group>"; };
		ABD6E11512F217CF00276B67 /* Lardec01 Needles.jpg */ = {isa = PBXFileReference; lastKnownFileType = image.jpeg; path = "Lardec01 Needles.jpg"; sourceTree = "<group>"; };
		ABD6E11612F217CF00276B67 /* Lardec02 Branch.jpg */ = {isa = PBXFileReference; lastKnownFileType = image.jpeg; path = "Lardec02 Branch.jpg"; sourceTree = "<group>"; };
		ABD6E11712F217CF00276B67 /* Lardec03 Branch wCones.jpg */ = {isa = PBXFileReference; lastKnownFileType = image.jpeg; path = "Lardec03 Branch wCones.jpg"; sourceTree = "<group>"; };
		ABD6E11812F217CF00276B67 /* Lardec04 Cone.jpg */ = {isa = PBXFileReference; lastKnownFileType = image.jpeg; path = "Lardec04 Cone.jpg"; sourceTree = "<group>"; };
		ABD6E11912F217CF00276B67 /* Lardec05 Winter.jpg */ = {isa = PBXFileReference; lastKnownFileType = image.jpeg; path = "Lardec05 Winter.jpg"; sourceTree = "<group>"; };
		ABD6E11A12F217CF00276B67 /* Lardec06 Bark.jpg */ = {isa = PBXFileReference; lastKnownFileType = image.jpeg; path = "Lardec06 Bark.jpg"; sourceTree = "<group>"; };
		ABD6E11B12F217CF00276B67 /* Lardec07 Habit.jpg */ = {isa = PBXFileReference; lastKnownFileType = image.jpeg; path = "Lardec07 Habit.jpg"; sourceTree = "<group>"; };
		ABD6E11C12F217CF00276B67 /* Larlar01 Needles.jpg */ = {isa = PBXFileReference; lastKnownFileType = image.jpeg; path = "Larlar01 Needles.jpg"; sourceTree = "<group>"; };
		ABD6E11D12F217CF00276B67 /* Larlar02 Branch.jpg */ = {isa = PBXFileReference; lastKnownFileType = image.jpeg; path = "Larlar02 Branch.jpg"; sourceTree = "<group>"; };
		ABD6E11E12F217CF00276B67 /* Larlar03 Cones.jpg */ = {isa = PBXFileReference; lastKnownFileType = image.jpeg; path = "Larlar03 Cones.jpg"; sourceTree = "<group>"; };
		ABD6E11F12F217CF00276B67 /* Larlar04 Bark.jpg */ = {isa = PBXFileReference; lastKnownFileType = image.jpeg; path = "Larlar04 Bark.jpg"; sourceTree = "<group>"; };
		ABD6E12012F217CF00276B67 /* Larlar05 Habit.jpg */ = {isa = PBXFileReference; lastKnownFileType = image.jpeg; path = "Larlar05 Habit.jpg"; sourceTree = "<group>"; };
		ABD6E12112F217CF00276B67 /* Larlar06 Distmap.jpg */ = {isa = PBXFileReference; lastKnownFileType = image.jpeg; path = "Larlar06 Distmap.jpg"; sourceTree = "<group>"; };
		ABD6E12212F217CF00276B67 /* Photo credits - P menziesii.txt */ = {isa = PBXFileReference; fileEncoding = 4; lastKnownFileType = text; path = "Photo credits - P menziesii.txt"; sourceTree = "<group>"; };
		ABD6E12312F217CF00276B67 /* Picabi01 Needles.jpg */ = {isa = PBXFileReference; lastKnownFileType = image.jpeg; path = "Picabi01 Needles.jpg"; sourceTree = "<group>"; };
		ABD6E12412F217CF00276B67 /* Picabi03 Developing cone.jpg */ = {isa = PBXFileReference; lastKnownFileType = image.jpeg; path = "Picabi03 Developing cone.jpg"; sourceTree = "<group>"; };
		ABD6E12512F217CF00276B67 /* Picabi04 Cones on tree.jpg */ = {isa = PBXFileReference; lastKnownFileType = image.jpeg; path = "Picabi04 Cones on tree.jpg"; sourceTree = "<group>"; };
		ABD6E12612F217CF00276B67 /* Picabi05 Drooping branchlets.jpg */ = {isa = PBXFileReference; lastKnownFileType = image.jpeg; path = "Picabi05 Drooping branchlets.jpg"; sourceTree = "<group>"; };
		ABD6E12712F217CF00276B67 /* Picabi06 Bark.jpg */ = {isa = PBXFileReference; lastKnownFileType = image.jpeg; path = "Picabi06 Bark.jpg"; sourceTree = "<group>"; };
		ABD6E12812F217CF00276B67 /* Picabi07 Habit.jpg */ = {isa = PBXFileReference; lastKnownFileType = image.jpeg; path = "Picabi07 Habit.jpg"; sourceTree = "<group>"; };
		ABD6E12912F217CF00276B67 /* Picgla01 Needles.jpg */ = {isa = PBXFileReference; lastKnownFileType = image.jpeg; path = "Picgla01 Needles.jpg"; sourceTree = "<group>"; };
		ABD6E12A12F217CF00276B67 /* Picgla02 Branch.jpg */ = {isa = PBXFileReference; lastKnownFileType = image.jpeg; path = "Picgla02 Branch.jpg"; sourceTree = "<group>"; };
		ABD6E12B12F217CF00276B67 /* Picgla03 Cone.jpg */ = {isa = PBXFileReference; lastKnownFileType = image.jpeg; path = "Picgla03 Cone.jpg"; sourceTree = "<group>"; };
		ABD6E12C12F217CF00276B67 /* Picgla04 Seeds.jpg */ = {isa = PBXFileReference; lastKnownFileType = image.jpeg; path = "Picgla04 Seeds.jpg"; sourceTree = "<group>"; };
		ABD6E12D12F217CF00276B67 /* Picgla05 Bark.jpg */ = {isa = PBXFileReference; lastKnownFileType = image.jpeg; path = "Picgla05 Bark.jpg"; sourceTree = "<group>"; };
		ABD6E12E12F217CF00276B67 /* Picgla06 Habit.jpg */ = {isa = PBXFileReference; lastKnownFileType = image.jpeg; path = "Picgla06 Habit.jpg"; sourceTree = "<group>"; };
		ABD6E12F12F217CF00276B67 /* Picgla07 Habit2.jpg */ = {isa = PBXFileReference; lastKnownFileType = image.jpeg; path = "Picgla07 Habit2.jpg"; sourceTree = "<group>"; };
		ABD6E13012F217CF00276B67 /* Picgla08 Distmap.jpg */ = {isa = PBXFileReference; lastKnownFileType = image.jpeg; path = "Picgla08 Distmap.jpg"; sourceTree = "<group>"; };
		ABD6E13112F217CF00276B67 /* Picmar01 Needles.jpg */ = {isa = PBXFileReference; lastKnownFileType = image.jpeg; path = "Picmar01 Needles.jpg"; sourceTree = "<group>"; };
		ABD6E13212F217CF00276B67 /* Picmar02 Bough.jpg */ = {isa = PBXFileReference; lastKnownFileType = image.jpeg; path = "Picmar02 Bough.jpg"; sourceTree = "<group>"; };
		ABD6E13312F217CF00276B67 /* Picmar03 Cones.jpg */ = {isa = PBXFileReference; lastKnownFileType = image.jpeg; path = "Picmar03 Cones.jpg"; sourceTree = "<group>"; };
		ABD6E13412F217CF00276B67 /* Picmar04 Twig.jpg */ = {isa = PBXFileReference; lastKnownFileType = image.jpeg; path = "Picmar04 Twig.jpg"; sourceTree = "<group>"; };
		ABD6E13512F217CF00276B67 /* Picmar05 Twig2.jpg */ = {isa = PBXFileReference; lastKnownFileType = image.jpeg; path = "Picmar05 Twig2.jpg"; sourceTree = "<group>"; };
		ABD6E13612F217CF00276B67 /* Picmar06 Bark.jpg */ = {isa = PBXFileReference; lastKnownFileType = image.jpeg; path = "Picmar06 Bark.jpg"; sourceTree = "<group>"; };
		ABD6E13712F217CF00276B67 /* Picmar07 Habit.jpg */ = {isa = PBXFileReference; lastKnownFileType = image.jpeg; path = "Picmar07 Habit.jpg"; sourceTree = "<group>"; };
		ABD6E13812F217CF00276B67 /* Picmar08 Distmap.jpg */ = {isa = PBXFileReference; lastKnownFileType = image.jpeg; path = "Picmar08 Distmap.jpg"; sourceTree = "<group>"; };
		ABD6E13912F217CF00276B67 /* Picpun01 Needles.jpg */ = {isa = PBXFileReference; lastKnownFileType = image.jpeg; path = "Picpun01 Needles.jpg"; sourceTree = "<group>"; };
		ABD6E13A12F217CF00276B67 /* Picpun02 Branch.jpg */ = {isa = PBXFileReference; lastKnownFileType = image.jpeg; path = "Picpun02 Branch.jpg"; sourceTree = "<group>"; };
		ABD6E13B12F217CF00276B67 /* Picpun03 Cone.jpg */ = {isa = PBXFileReference; lastKnownFileType = image.jpeg; path = "Picpun03 Cone.jpg"; sourceTree = "<group>"; };
		ABD6E13C12F217CF00276B67 /* Picpun04 Twig.jpg */ = {isa = PBXFileReference; lastKnownFileType = image.jpeg; path = "Picpun04 Twig.jpg"; sourceTree = "<group>"; };
		ABD6E13D12F217CF00276B67 /* Picpun05 Bark.jpg */ = {isa = PBXFileReference; lastKnownFileType = image.jpeg; path = "Picpun05 Bark.jpg"; sourceTree = "<group>"; };
		ABD6E13E12F217CF00276B67 /* Picpun06 Habit.jpg */ = {isa = PBXFileReference; lastKnownFileType = image.jpeg; path = "Picpun06 Habit.jpg"; sourceTree = "<group>"; };
		ABD6E13F12F217CF00276B67 /* Pinban01 Needles.jpg */ = {isa = PBXFileReference; lastKnownFileType = image.jpeg; path = "Pinban01 Needles.jpg"; sourceTree = "<group>"; };
		ABD6E14012F217CF00276B67 /* Pinban02 Twig.jpg */ = {isa = PBXFileReference; lastKnownFileType = image.jpeg; path = "Pinban02 Twig.jpg"; sourceTree = "<group>"; };
		ABD6E14112F217CF00276B67 /* Pinban03 Conesc.jpg */ = {isa = PBXFileReference; lastKnownFileType = image.jpeg; path = "Pinban03 Conesc.jpg"; sourceTree = "<group>"; };
		ABD6E14212F217CF00276B67 /* Pinban04 Coneso.jpg */ = {isa = PBXFileReference; lastKnownFileType = image.jpeg; path = "Pinban04 Coneso.jpg"; sourceTree = "<group>"; };
		ABD6E14312F217CF00276B67 /* Pinban05 Male.jpg */ = {isa = PBXFileReference; lastKnownFileType = image.jpeg; path = "Pinban05 Male.jpg"; sourceTree = "<group>"; };
		ABD6E14412F217CF00276B67 /* Pinban06 Bark.jpg */ = {isa = PBXFileReference; lastKnownFileType = image.jpeg; path = "Pinban06 Bark.jpg"; sourceTree = "<group>"; };
		ABD6E14512F217CF00276B67 /* Pinban07 Habit.jpg */ = {isa = PBXFileReference; lastKnownFileType = image.jpeg; path = "Pinban07 Habit.jpg"; sourceTree = "<group>"; };
		ABD6E14612F217CF00276B67 /* Pinban08 Distmap.jpg */ = {isa = PBXFileReference; lastKnownFileType = image.jpeg; path = "Pinban08 Distmap.jpg"; sourceTree = "<group>"; };
		ABD6E14712F217CF00276B67 /* Pinnig01 Needles.jpg */ = {isa = PBXFileReference; lastKnownFileType = image.jpeg; path = "Pinnig01 Needles.jpg"; sourceTree = "<group>"; };
		ABD6E14812F217CF00276B67 /* Pinnig02 Bough.jpg */ = {isa = PBXFileReference; lastKnownFileType = image.jpeg; path = "Pinnig02 Bough.jpg"; sourceTree = "<group>"; };
		ABD6E14912F217CF00276B67 /* Pinnig03 Cone.jpg */ = {isa = PBXFileReference; lastKnownFileType = image.jpeg; path = "Pinnig03 Cone.jpg"; sourceTree = "<group>"; };
		ABD6E14A12F217CF00276B67 /* Pinnig04 Twig.jpg */ = {isa = PBXFileReference; lastKnownFileType = image.jpeg; path = "Pinnig04 Twig.jpg"; sourceTree = "<group>"; };
		ABD6E14B12F217CF00276B67 /* Pinnig05 Buds.jpg */ = {isa = PBXFileReference; lastKnownFileType = image.jpeg; path = "Pinnig05 Buds.jpg"; sourceTree = "<group>"; };
		ABD6E14C12F217CF00276B67 /* Pinnig06 Bark.jpg */ = {isa = PBXFileReference; lastKnownFileType = image.jpeg; path = "Pinnig06 Bark.jpg"; sourceTree = "<group>"; };
		ABD6E14D12F217CF00276B67 /* Pinnig07 Habit.jpg */ = {isa = PBXFileReference; lastKnownFileType = image.jpeg; path = "Pinnig07 Habit.jpg"; sourceTree = "<group>"; };
		ABD6E14E12F217CF00276B67 /* Pinres01 Needles.jpg */ = {isa = PBXFileReference; lastKnownFileType = image.jpeg; path = "Pinres01 Needles.jpg"; sourceTree = "<group>"; };
		ABD6E14F12F217CF00276B67 /* Pinres03 Mcones.jpg */ = {isa = PBXFileReference; lastKnownFileType = image.jpeg; path = "Pinres03 Mcones.jpg"; sourceTree = "<group>"; };
		ABD6E15012F217CF00276B67 /* Pinres04 Fcone.jpg */ = {isa = PBXFileReference; lastKnownFileType = image.jpeg; path = "Pinres04 Fcone.jpg"; sourceTree = "<group>"; };
		ABD6E15112F217CF00276B67 /* Pinres05 Twig.jpg */ = {isa = PBXFileReference; lastKnownFileType = image.jpeg; path = "Pinres05 Twig.jpg"; sourceTree = "<group>"; };
		ABD6E15212F217CF00276B67 /* Pinres07 Bark2.jpg */ = {isa = PBXFileReference; lastKnownFileType = image.jpeg; path = "Pinres07 Bark2.jpg"; sourceTree = "<group>"; };
		ABD6E15312F217CF00276B67 /* Pinres08 Habit.jpg */ = {isa = PBXFileReference; lastKnownFileType = image.jpeg; path = "Pinres08 Habit.jpg"; sourceTree = "<group>"; };
		ABD6E15412F217CF00276B67 /* Pinres09 Distmap.jpg */ = {isa = PBXFileReference; lastKnownFileType = image.jpeg; path = "Pinres09 Distmap.jpg"; sourceTree = "<group>"; };
		ABD6E15512F217CF00276B67 /* Pinstr01 Needles1.jpg */ = {isa = PBXFileReference; lastKnownFileType = image.jpeg; path = "Pinstr01 Needles1.jpg"; sourceTree = "<group>"; };
		ABD6E15612F217CF00276B67 /* Pinstr02 Needles2.jpg */ = {isa = PBXFileReference; lastKnownFileType = image.jpeg; path = "Pinstr02 Needles2.jpg"; sourceTree = "<group>"; };
		ABD6E15712F217CF00276B67 /* Pinstr03 Bough.jpg */ = {isa = PBXFileReference; lastKnownFileType = image.jpeg; path = "Pinstr03 Bough.jpg"; sourceTree = "<group>"; };
		ABD6E15812F217D000276B67 /* Pinstr04 Fcone.jpg */ = {isa = PBXFileReference; lastKnownFileType = image.jpeg; path = "Pinstr04 Fcone.jpg"; sourceTree = "<group>"; };
		ABD6E15912F217D000276B67 /* Pinstr05 Mcone.jpg */ = {isa = PBXFileReference; lastKnownFileType = image.jpeg; path = "Pinstr05 Mcone.jpg"; sourceTree = "<group>"; };
		ABD6E15A12F217D000276B67 /* Pinstr08 Distmap.jpg */ = {isa = PBXFileReference; lastKnownFileType = image.jpeg; path = "Pinstr08 Distmap.jpg"; sourceTree = "<group>"; };
		ABD6E15B12F217D000276B67 /* Pinsyl09 Distmap.jpg */ = {isa = PBXFileReference; lastKnownFileType = image.jpeg; path = "Pinsyl09 Distmap.jpg"; sourceTree = "<group>"; };
		ABD6E15C12F217D000276B67 /* Psemen01 Needles.jpg */ = {isa = PBXFileReference; lastKnownFileType = image.jpeg; path = "Psemen01 Needles.jpg"; sourceTree = "<group>"; };
		ABD6E15D12F217D000276B67 /* Psemen02 Branch.jpg */ = {isa = PBXFileReference; lastKnownFileType = image.jpeg; path = "Psemen02 Branch.jpg"; sourceTree = "<group>"; };
		ABD6E15E12F217D000276B67 /* Psemen03 Cone.jpg */ = {isa = PBXFileReference; lastKnownFileType = image.jpeg; path = "Psemen03 Cone.jpg"; sourceTree = "<group>"; };
		ABD6E15F12F217D000276B67 /* Taxcan01 Leaves.jpg */ = {isa = PBXFileReference; lastKnownFileType = image.jpeg; path = "Taxcan01 Leaves.jpg"; sourceTree = "<group>"; };
		ABD6E16012F217D000276B67 /* Taxcan02 Cones.jpg */ = {isa = PBXFileReference; lastKnownFileType = image.jpeg; path = "Taxcan02 Cones.jpg"; sourceTree = "<group>"; };
		ABD6E16112F217D000276B67 /* Taxcan03 Bark.jpg */ = {isa = PBXFileReference; lastKnownFileType = image.jpeg; path = "Taxcan03 Bark.jpg"; sourceTree = "<group>"; };
		ABD6E16212F217D000276B67 /* Taxcan04 Habit.jpg */ = {isa = PBXFileReference; lastKnownFileType = image.jpeg; path = "Taxcan04 Habit.jpg"; sourceTree = "<group>"; };
		ABD6E16312F217D000276B67 /* Taxcan05 Distmap.jpg */ = {isa = PBXFileReference; lastKnownFileType = image.jpeg; path = "Taxcan05 Distmap.jpg"; sourceTree = "<group>"; };
		ABD6E1E712F21AF200276B67 /* Entitlements.plist */ = {isa = PBXFileReference; fileEncoding = 4; lastKnownFileType = text.plist.xml; path = Entitlements.plist; sourceTree = "<group>"; };
		ABD6E20812F225A000276B67 /* info.html */ = {isa = PBXFileReference; fileEncoding = 4; lastKnownFileType = text.html; path = info.html; sourceTree = "<group>"; };
/* End PBXFileReference section */

/* Begin PBXFrameworksBuildPhase section */
		1D60588F0D05DD3D006BFB54 /* Frameworks */ = {
			isa = PBXFrameworksBuildPhase;
			buildActionMask = 2147483647;
			files = (
				1D60589F0D05DD5A006BFB54 /* Foundation.framework in Frameworks */,
				1DF5F4E00D08C38300B7A737 /* UIKit.framework in Frameworks */,
				AB7C03CD1211F412005F4DBE /* libsqlite3.0.dylib in Frameworks */,
				AB7C05DD1213233B005F4DBE /* CoreGraphics.framework in Frameworks */,
			);
			runOnlyForDeploymentPostprocessing = 0;
		};
/* End PBXFrameworksBuildPhase section */

/* Begin PBXGroup section */
		080E96DDFE201D6D7F000001 /* Classes */ = {
			isa = PBXGroup;
			children = (
				1D3623240D0F684500981E51 /* PlantKeyAppDelegate.h */,
				1D3623250D0F684500981E51 /* PlantKeyAppDelegate.m */,
				ABD22C2912550E580018A3E8 /* PlantKeyType.h */,
				AB7C017D1210A3A8005F4DBE /* AppModel.h */,
				AB7C017E1210A3A8005F4DBE /* AppModel.m */,
				AB7C017F1210A3A8005F4DBE /* SynthesizeSingleton.h */,
				AB7C03701211E968005F4DBE /* KeyNode.h */,
				ABD22C2D125511F10018A3E8 /* KeyNode.m */,
				AB62451F12D68D09000EAB07 /* KeyNodeOption.h */,
				AB62452012D68D09000EAB07 /* KeyNodeOption.m */,
				AB62408D12D526DF000EAB07 /* Term.h */,
				AB62408E12D526DF000EAB07 /* Term.m */,
				ABD22DB012552B630018A3E8 /* Plant.h */,
				ABD22DB112552B630018A3E8 /* Plant.m */,
				ABAB8FB112D27BCC0095BDCE /* Image.h */,
				ABAB8FB212D27BCC0095BDCE /* Image.m */,
				AB62443912D67074000EAB07 /* RootMenuViewController.h */,
				AB62443A12D67074000EAB07 /* RootMenuViewController.m */,
				AB7C05221212E344005F4DBE /* KeyNodeViewController.h */,
				AB7C05231212E344005F4DBE /* KeyNodeViewController.m */,
				ABD22DA912552B4A0018A3E8 /* PlantDataViewController.h */,
				ABD22DAA12552B4A0018A3E8 /* PlantDataViewController.m */,
				AB026AC912D288EB00D17F90 /* PlantImageViewController.h */,
				AB026ACA12D288EB00D17F90 /* PlantImageViewController.m */,
				AB62404D12D512CB000EAB07 /* PlantListViewController.h */,
				AB62404E12D512CB000EAB07 /* PlantListViewController.m */,
				ABD22E2D125545CA0018A3E8 /* GlossaryListViewController.h */,
				ABD22E2E125545CA0018A3E8 /* GlossaryListViewController.m */,
				ABCF9F3612D7C0A30062FFAF /* AppInfoViewController.h */,
				ABCF9F3712D7C0A30062FFAF /* AppInfoViewController.m */,
			);
			path = Classes;
			sourceTree = "<group>";
		};
		19C28FACFE9D520D11CA2CBB /* Products */ = {
			isa = PBXGroup;
			children = (
				1D6058910D05DD3D006BFB54 /* PlantKey.app */,
			);
			name = Products;
			sourceTree = "<group>";
		};
		29B97314FDCFA39411CA2CEA /* CustomTemplate */ = {
			isa = PBXGroup;
			children = (
				080E96DDFE201D6D7F000001 /* Classes */,
				29B97315FDCFA39411CA2CEA /* Other Sources */,
				29B97317FDCFA39411CA2CEA /* Resources */,
				29B97323FDCFA39411CA2CEA /* Frameworks */,
				19C28FACFE9D520D11CA2CBB /* Products */,
				AB7C05DC1213233B005F4DBE /* CoreGraphics.framework */,
				AB9BF95C12256B4C0028D6AC /* notes */,
				ABD6E1E712F21AF200276B67 /* Entitlements.plist */,
			);
			name = CustomTemplate;
			sourceTree = "<group>";
		};
		29B97315FDCFA39411CA2CEA /* Other Sources */ = {
			isa = PBXGroup;
			children = (
				32CA4F630368D1EE00C91783 /* PlantKey_Prefix.pch */,
				29B97316FDCFA39411CA2CEA /* main.m */,
			);
			name = "Other Sources";
			sourceTree = "<group>";
		};
		29B97317FDCFA39411CA2CEA /* Resources */ = {
			isa = PBXGroup;
			children = (
				ABD6E20812F225A000276B67 /* info.html */,
				ABCF9EAB12D7A2AB0062FFAF /* ImageNotAvailable.jpg */,
				AB6244D212D686FC000EAB07 /* Default.png */,
				AB6245C612D77736000EAB07 /* icons */,
				ABCE86BC12133B380012C322 /* images */,
				AB6245D312D77793000EAB07 /* xibs */,
				AB7C036D1211E932005F4DBE /* plantKey.sql */,
				8D1107310486CEB800E47090 /* PlantKey-Info.plist */,
			);
			name = Resources;
			sourceTree = "<group>";
		};
		29B97323FDCFA39411CA2CEA /* Frameworks */ = {
			isa = PBXGroup;
			children = (
				1DF5F4DF0D08C38300B7A737 /* UIKit.framework */,
				1D30AB110D05D00D00671497 /* Foundation.framework */,
				AB7C03CC1211F412005F4DBE /* libsqlite3.0.dylib */,
			);
			name = Frameworks;
			sourceTree = "<group>";
		};
		AB6245C612D77736000EAB07 /* icons */ = {
			isa = PBXGroup;
			children = (
				ABCF9F1B12D7BC9D0062FFAF /* curlButton.png */,
				AB6245C712D77736000EAB07 /* 179-notepad.png */,
				AB6245C812D77736000EAB07 /* 189-plant.png */,
				AB6245C912D77736000EAB07 /* 30-key.png */,
				AB6245CA12D77736000EAB07 /* 43-film-roll.png */,
				AB6245CB12D77736000EAB07 /* 53-house.png */,
				AB6245CC12D77736000EAB07 /* 96-book.png */,
			);
			path = icons;
			sourceTree = "<group>";
		};
		AB6245D312D77793000EAB07 /* xibs */ = {
			isa = PBXGroup;
			children = (
				AB6245E212D777C6000EAB07 /* GlossaryListViewController.xib */,
				AB6245D412D77793000EAB07 /* KeyNodeViewController.xib */,
				AB6245D512D77793000EAB07 /* KeyViewController.xib */,
				AB6245D612D77793000EAB07 /* MainWindow.xib */,
				AB6245D712D77793000EAB07 /* PlantDataViewController.xib */,
				AB6245D812D77793000EAB07 /* PlantImageViewController.xib */,
				AB6245D912D77793000EAB07 /* PlantListViewController.xib */,
				AB6245DA12D77793000EAB07 /* RootMenuViewController.xib */,
				ABCF9F3A12D7C0B60062FFAF /* AppInfoViewController.xib */,
			);
			path = xibs;
			sourceTree = "<group>";
		};
		ABCE86BC12133B380012C322 /* images */ = {
			isa = PBXGroup;
			children = (
				ABD6E0F112F217CF00276B67 /* Abibal01 Needles.jpg */,
				ABD6E0F212F217CF00276B67 /* Abibal02 Bough.jpg */,
				ABD6E0F312F217CF00276B67 /* Abibal03 Upright cone.jpg */,
				ABD6E0F412F217CF00276B67 /* Abibal04 Male cones.jpg */,
				ABD6E0F512F217CF00276B67 /* Abibal05 Bark.jpg */,
				ABD6E0F612F217CF00276B67 /* Abibal06 Habit.jpg */,
				ABD6E0F712F217CF00276B67 /* Abibal07 Distmap.jpg */,
				ABD6E0F812F217CF00276B67 /* Abicon01 Needles.jpg */,
				ABD6E0F912F217CF00276B67 /* Abicon02 Bough.jpg */,
				ABD6E0FA12F217CF00276B67 /* Abicon03 Leaf scars.jpg */,
				ABD6E0FB12F217CF00276B67 /* Abicon04 Cones.jpg */,
				ABD6E0FC12F217CF00276B67 /* Abicon05 Male cones.jpg */,
				ABD6E0FD12F217CF00276B67 /* Abicon06 Bark.jpg */,
				ABD6E0FE12F217CF00276B67 /* Abicon07 Habit.jpg */,
				ABD6E0FF12F217CF00276B67 /* Juncom01 Needles.jpg */,
				ABD6E10012F217CF00276B67 /* Juncom02 Male cones.jpg */,
				ABD6E10112F217CF00276B67 /* Juncom03 Branch.jpg */,
				ABD6E10212F217CF00276B67 /* Juncom04 Cones.jpg */,
				ABD6E10312F217CF00276B67 /* Juncom05 Habit.jpg */,
				ABD6E10412F217CF00276B67 /* Juncom06 Distmap.jpg */,
				ABD6E10512F217CF00276B67 /* Junhor01 Scale leaves.jpg */,
				ABD6E10612F217CF00276B67 /* Junhor02 Branch.jpg */,
				ABD6E10712F217CF00276B67 /* Junhor03 Branch withcones.jpg */,
				ABD6E10812F217CF00276B67 /* Junhor04 Femcones.jpg */,
				ABD6E10912F217CF00276B67 /* Junhor05 Malcones.jpg */,
				ABD6E10A12F217CF00276B67 /* Junhor06 Sprawl.jpg */,
				ABD6E10B12F217CF00276B67 /* Junhor07 Compact.jpg */,
				ABD6E10C12F217CF00276B67 /* Junhor08 Distmap.jpg */,
				ABD6E10D12F217CF00276B67 /* Junvir01 Needles.jpg */,
				ABD6E10E12F217CF00276B67 /* Junvir02 Branch.jpg */,
				ABD6E10F12F217CF00276B67 /* Junvir03 Twig.jpg */,
				ABD6E11012F217CF00276B67 /* Junvir04 Female cones.jpg */,
				ABD6E11112F217CF00276B67 /* Junvir05 Male cones.jpg */,
				ABD6E11212F217CF00276B67 /* Junvir06 Bark.jpg */,
				ABD6E11312F217CF00276B67 /* Junvir07 Habit.jpg */,
				ABD6E11412F217CF00276B67 /* Junvir08 Distmap.jpg */,
				ABD6E11512F217CF00276B67 /* Lardec01 Needles.jpg */,
				ABD6E11612F217CF00276B67 /* Lardec02 Branch.jpg */,
				ABD6E11712F217CF00276B67 /* Lardec03 Branch wCones.jpg */,
				ABD6E11812F217CF00276B67 /* Lardec04 Cone.jpg */,
				ABD6E11912F217CF00276B67 /* Lardec05 Winter.jpg */,
				ABD6E11A12F217CF00276B67 /* Lardec06 Bark.jpg */,
				ABD6E11B12F217CF00276B67 /* Lardec07 Habit.jpg */,
				ABD6E11C12F217CF00276B67 /* Larlar01 Needles.jpg */,
				ABD6E11D12F217CF00276B67 /* Larlar02 Branch.jpg */,
				ABD6E11E12F217CF00276B67 /* Larlar03 Cones.jpg */,
				ABD6E11F12F217CF00276B67 /* Larlar04 Bark.jpg */,
				ABD6E12012F217CF00276B67 /* Larlar05 Habit.jpg */,
				ABD6E12112F217CF00276B67 /* Larlar06 Distmap.jpg */,
				ABD6E12212F217CF00276B67 /* Photo credits - P menziesii.txt */,
				ABD6E12312F217CF00276B67 /* Picabi01 Needles.jpg */,
				ABD6E12412F217CF00276B67 /* Picabi03 Developing cone.jpg */,
				ABD6E12512F217CF00276B67 /* Picabi04 Cones on tree.jpg */,
				ABD6E12612F217CF00276B67 /* Picabi05 Drooping branchlets.jpg */,
				ABD6E12712F217CF00276B67 /* Picabi06 Bark.jpg */,
				ABD6E12812F217CF00276B67 /* Picabi07 Habit.jpg */,
				ABD6E12912F217CF00276B67 /* Picgla01 Needles.jpg */,
				ABD6E12A12F217CF00276B67 /* Picgla02 Branch.jpg */,
				ABD6E12B12F217CF00276B67 /* Picgla03 Cone.jpg */,
				ABD6E12C12F217CF00276B67 /* Picgla04 Seeds.jpg */,
				ABD6E12D12F217CF00276B67 /* Picgla05 Bark.jpg */,
				ABD6E12E12F217CF00276B67 /* Picgla06 Habit.jpg */,
				ABD6E12F12F217CF00276B67 /* Picgla07 Habit2.jpg */,
				ABD6E13012F217CF00276B67 /* Picgla08 Distmap.jpg */,
				ABD6E13112F217CF00276B67 /* Picmar01 Needles.jpg */,
				ABD6E13212F217CF00276B67 /* Picmar02 Bough.jpg */,
				ABD6E13312F217CF00276B67 /* Picmar03 Cones.jpg */,
				ABD6E13412F217CF00276B67 /* Picmar04 Twig.jpg */,
				ABD6E13512F217CF00276B67 /* Picmar05 Twig2.jpg */,
				ABD6E13612F217CF00276B67 /* Picmar06 Bark.jpg */,
				ABD6E13712F217CF00276B67 /* Picmar07 Habit.jpg */,
				ABD6E13812F217CF00276B67 /* Picmar08 Distmap.jpg */,
				ABD6E13912F217CF00276B67 /* Picpun01 Needles.jpg */,
				ABD6E13A12F217CF00276B67 /* Picpun02 Branch.jpg */,
				ABD6E13B12F217CF00276B67 /* Picpun03 Cone.jpg */,
				ABD6E13C12F217CF00276B67 /* Picpun04 Twig.jpg */,
				ABD6E13D12F217CF00276B67 /* Picpun05 Bark.jpg */,
				ABD6E13E12F217CF00276B67 /* Picpun06 Habit.jpg */,
				ABD6E13F12F217CF00276B67 /* Pinban01 Needles.jpg */,
				ABD6E14012F217CF00276B67 /* Pinban02 Twig.jpg */,
				ABD6E14112F217CF00276B67 /* Pinban03 Conesc.jpg */,
				ABD6E14212F217CF00276B67 /* Pinban04 Coneso.jpg */,
				ABD6E14312F217CF00276B67 /* Pinban05 Male.jpg */,
				ABD6E14412F217CF00276B67 /* Pinban06 Bark.jpg */,
				ABD6E14512F217CF00276B67 /* Pinban07 Habit.jpg */,
				ABD6E14612F217CF00276B67 /* Pinban08 Distmap.jpg */,
				ABD6E14712F217CF00276B67 /* Pinnig01 Needles.jpg */,
				ABD6E14812F217CF00276B67 /* Pinnig02 Bough.jpg */,
				ABD6E14912F217CF00276B67 /* Pinnig03 Cone.jpg */,
				ABD6E14A12F217CF00276B67 /* Pinnig04 Twig.jpg */,
				ABD6E14B12F217CF00276B67 /* Pinnig05 Buds.jpg */,
				ABD6E14C12F217CF00276B67 /* Pinnig06 Bark.jpg */,
				ABD6E14D12F217CF00276B67 /* Pinnig07 Habit.jpg */,
				ABD6E14E12F217CF00276B67 /* Pinres01 Needles.jpg */,
				ABD6E14F12F217CF00276B67 /* Pinres03 Mcones.jpg */,
				ABD6E15012F217CF00276B67 /* Pinres04 Fcone.jpg */,
				ABD6E15112F217CF00276B67 /* Pinres05 Twig.jpg */,
				ABD6E15212F217CF00276B67 /* Pinres07 Bark2.jpg */,
				ABD6E15312F217CF00276B67 /* Pinres08 Habit.jpg */,
				ABD6E15412F217CF00276B67 /* Pinres09 Distmap.jpg */,
				ABD6E15512F217CF00276B67 /* Pinstr01 Needles1.jpg */,
				ABD6E15612F217CF00276B67 /* Pinstr02 Needles2.jpg */,
				ABD6E15712F217CF00276B67 /* Pinstr03 Bough.jpg */,
				ABD6E15812F217D000276B67 /* Pinstr04 Fcone.jpg */,
				ABD6E15912F217D000276B67 /* Pinstr05 Mcone.jpg */,
				ABD6E15A12F217D000276B67 /* Pinstr08 Distmap.jpg */,
				ABD6E15B12F217D000276B67 /* Pinsyl09 Distmap.jpg */,
				ABD6E15C12F217D000276B67 /* Psemen01 Needles.jpg */,
				ABD6E15D12F217D000276B67 /* Psemen02 Branch.jpg */,
				ABD6E15E12F217D000276B67 /* Psemen03 Cone.jpg */,
				ABD6E15F12F217D000276B67 /* Taxcan01 Leaves.jpg */,
				ABD6E16012F217D000276B67 /* Taxcan02 Cones.jpg */,
				ABD6E16112F217D000276B67 /* Taxcan03 Bark.jpg */,
				ABD6E16212F217D000276B67 /* Taxcan04 Habit.jpg */,
				ABD6E16312F217D000276B67 /* Taxcan05 Distmap.jpg */,
			);
			path = images;
			sourceTree = "<group>";
		};
/* End PBXGroup section */

/* Begin PBXNativeTarget section */
		1D6058900D05DD3D006BFB54 /* PlantKey */ = {
			isa = PBXNativeTarget;
			buildConfigurationList = 1D6058960D05DD3E006BFB54 /* Build configuration list for PBXNativeTarget "PlantKey" */;
			buildPhases = (
				1D60588D0D05DD3D006BFB54 /* Resources */,
				1D60588E0D05DD3D006BFB54 /* Sources */,
				1D60588F0D05DD3D006BFB54 /* Frameworks */,
			);
			buildRules = (
			);
			dependencies = (
			);
			name = PlantKey;
			productName = PlantKey;
			productReference = 1D6058910D05DD3D006BFB54 /* PlantKey.app */;
			productType = "com.apple.product-type.application";
		};
/* End PBXNativeTarget section */

/* Begin PBXProject section */
		29B97313FDCFA39411CA2CEA /* Project object */ = {
			isa = PBXProject;
			buildConfigurationList = C01FCF4E08A954540054247B /* Build configuration list for PBXProject "PlantKey" */;
			compatibilityVersion = "Xcode 3.1";
			developmentRegion = English;
			hasScannedForEncodings = 1;
			knownRegions = (
				English,
				Japanese,
				French,
				German,
			);
			mainGroup = 29B97314FDCFA39411CA2CEA /* CustomTemplate */;
			projectDirPath = "";
			projectRoot = "";
			targets = (
				1D6058900D05DD3D006BFB54 /* PlantKey */,
			);
		};
/* End PBXProject section */

/* Begin PBXResourcesBuildPhase section */
		1D60588D0D05DD3D006BFB54 /* Resources */ = {
			isa = PBXResourcesBuildPhase;
			buildActionMask = 2147483647;
			files = (
				AB7C036E1211E932005F4DBE /* plantKey.sql in Resources */,
				AB9BF95D12256B4C0028D6AC /* notes in Resources */,
				AB6244D312D686FC000EAB07 /* Default.png in Resources */,
				AB6245CD12D77736000EAB07 /* 179-notepad.png in Resources */,
				AB6245CE12D77736000EAB07 /* 189-plant.png in Resources */,
				AB6245CF12D77736000EAB07 /* 30-key.png in Resources */,
				AB6245D012D77736000EAB07 /* 43-film-roll.png in Resources */,
				AB6245D112D77736000EAB07 /* 53-house.png in Resources */,
				AB6245D212D77736000EAB07 /* 96-book.png in Resources */,
				AB6245DB12D77793000EAB07 /* KeyNodeViewController.xib in Resources */,
				AB6245DC12D77793000EAB07 /* KeyViewController.xib in Resources */,
				AB6245DD12D77793000EAB07 /* MainWindow.xib in Resources */,
				AB6245DE12D77793000EAB07 /* PlantDataViewController.xib in Resources */,
				AB6245DF12D77793000EAB07 /* PlantImageViewController.xib in Resources */,
				AB6245E012D77793000EAB07 /* PlantListViewController.xib in Resources */,
				AB6245E112D77793000EAB07 /* RootMenuViewController.xib in Resources */,
				AB6245E312D777C6000EAB07 /* GlossaryListViewController.xib in Resources */,
				ABCF9EAC12D7A2AB0062FFAF /* ImageNotAvailable.jpg in Resources */,
				ABCF9F1E12D7BC9D0062FFAF /* curlButton.png in Resources */,
				ABCF9F3B12D7C0B60062FFAF /* AppInfoViewController.xib in Resources */,
				ABD6E16412F217D000276B67 /* Abibal01 Needles.jpg in Resources */,
				ABD6E16512F217D000276B67 /* Abibal02 Bough.jpg in Resources */,
				ABD6E16612F217D000276B67 /* Abibal03 Upright cone.jpg in Resources */,
				ABD6E16712F217D000276B67 /* Abibal04 Male cones.jpg in Resources */,
				ABD6E16812F217D000276B67 /* Abibal05 Bark.jpg in Resources */,
				ABD6E16912F217D000276B67 /* Abibal06 Habit.jpg in Resources */,
				ABD6E16A12F217D000276B67 /* Abibal07 Distmap.jpg in Resources */,
				ABD6E16B12F217D000276B67 /* Abicon01 Needles.jpg in Resources */,
				ABD6E16C12F217D000276B67 /* Abicon02 Bough.jpg in Resources */,
				ABD6E16D12F217D000276B67 /* Abicon03 Leaf scars.jpg in Resources */,
				ABD6E16E12F217D000276B67 /* Abicon04 Cones.jpg in Resources */,
				ABD6E16F12F217D000276B67 /* Abicon05 Male cones.jpg in Resources */,
				ABD6E17012F217D000276B67 /* Abicon06 Bark.jpg in Resources */,
				ABD6E17112F217D000276B67 /* Abicon07 Habit.jpg in Resources */,
				ABD6E17212F217D000276B67 /* Juncom01 Needles.jpg in Resources */,
				ABD6E17312F217D000276B67 /* Juncom02 Male cones.jpg in Resources */,
				ABD6E17412F217D000276B67 /* Juncom03 Branch.jpg in Resources */,
				ABD6E17512F217D000276B67 /* Juncom04 Cones.jpg in Resources */,
				ABD6E17612F217D000276B67 /* Juncom05 Habit.jpg in Resources */,
				ABD6E17712F217D000276B67 /* Juncom06 Distmap.jpg in Resources */,
				ABD6E17812F217D000276B67 /* Junhor01 Scale leaves.jpg in Resources */,
				ABD6E17912F217D000276B67 /* Junhor02 Branch.jpg in Resources */,
				ABD6E17A12F217D000276B67 /* Junhor03 Branch withcones.jpg in Resources */,
				ABD6E17B12F217D000276B67 /* Junhor04 Femcones.jpg in Resources */,
				ABD6E17C12F217D000276B67 /* Junhor05 Malcones.jpg in Resources */,
				ABD6E17D12F217D000276B67 /* Junhor06 Sprawl.jpg in Resources */,
				ABD6E17E12F217D000276B67 /* Junhor07 Compact.jpg in Resources */,
				ABD6E17F12F217D000276B67 /* Junhor08 Distmap.jpg in Resources */,
				ABD6E18012F217D000276B67 /* Junvir01 Needles.jpg in Resources */,
				ABD6E18112F217D000276B67 /* Junvir02 Branch.jpg in Resources */,
				ABD6E18212F217D000276B67 /* Junvir03 Twig.jpg in Resources */,
				ABD6E18312F217D000276B67 /* Junvir04 Female cones.jpg in Resources */,
				ABD6E18412F217D000276B67 /* Junvir05 Male cones.jpg in Resources */,
				ABD6E18512F217D000276B67 /* Junvir06 Bark.jpg in Resources */,
				ABD6E18612F217D000276B67 /* Junvir07 Habit.jpg in Resources */,
				ABD6E18712F217D000276B67 /* Junvir08 Distmap.jpg in Resources */,
				ABD6E18812F217D000276B67 /* Lardec01 Needles.jpg in Resources */,
				ABD6E18912F217D000276B67 /* Lardec02 Branch.jpg in Resources */,
				ABD6E18A12F217D000276B67 /* Lardec03 Branch wCones.jpg in Resources */,
				ABD6E18B12F217D000276B67 /* Lardec04 Cone.jpg in Resources */,
				ABD6E18C12F217D000276B67 /* Lardec05 Winter.jpg in Resources */,
				ABD6E18D12F217D000276B67 /* Lardec06 Bark.jpg in Resources */,
				ABD6E18E12F217D000276B67 /* Lardec07 Habit.jpg in Resources */,
				ABD6E18F12F217D000276B67 /* Larlar01 Needles.jpg in Resources */,
				ABD6E19012F217D000276B67 /* Larlar02 Branch.jpg in Resources */,
				ABD6E19112F217D000276B67 /* Larlar03 Cones.jpg in Resources */,
				ABD6E19212F217D000276B67 /* Larlar04 Bark.jpg in Resources */,
				ABD6E19312F217D000276B67 /* Larlar05 Habit.jpg in Resources */,
				ABD6E19412F217D000276B67 /* Larlar06 Distmap.jpg in Resources */,
				ABD6E19512F217D000276B67 /* Photo credits - P menziesii.txt in Resources */,
				ABD6E19612F217D000276B67 /* Picabi01 Needles.jpg in Resources */,
				ABD6E19712F217D000276B67 /* Picabi03 Developing cone.jpg in Resources */,
				ABD6E19812F217D000276B67 /* Picabi04 Cones on tree.jpg in Resources */,
				ABD6E19912F217D000276B67 /* Picabi05 Drooping branchlets.jpg in Resources */,
				ABD6E19A12F217D000276B67 /* Picabi06 Bark.jpg in Resources */,
				ABD6E19B12F217D000276B67 /* Picabi07 Habit.jpg in Resources */,
				ABD6E19C12F217D000276B67 /* Picgla01 Needles.jpg in Resources */,
				ABD6E19D12F217D000276B67 /* Picgla02 Branch.jpg in Resources */,
				ABD6E19E12F217D000276B67 /* Picgla03 Cone.jpg in Resources */,
				ABD6E19F12F217D000276B67 /* Picgla04 Seeds.jpg in Resources */,
				ABD6E1A012F217D000276B67 /* Picgla05 Bark.jpg in Resources */,
				ABD6E1A112F217D000276B67 /* Picgla06 Habit.jpg in Resources */,
				ABD6E1A212F217D000276B67 /* Picgla07 Habit2.jpg in Resources */,
				ABD6E1A312F217D000276B67 /* Picgla08 Distmap.jpg in Resources */,
				ABD6E1A412F217D000276B67 /* Picmar01 Needles.jpg in Resources */,
				ABD6E1A512F217D000276B67 /* Picmar02 Bough.jpg in Resources */,
				ABD6E1A612F217D000276B67 /* Picmar03 Cones.jpg in Resources */,
				ABD6E1A712F217D000276B67 /* Picmar04 Twig.jpg in Resources */,
				ABD6E1A812F217D000276B67 /* Picmar05 Twig2.jpg in Resources */,
				ABD6E1A912F217D000276B67 /* Picmar06 Bark.jpg in Resources */,
				ABD6E1AA12F217D000276B67 /* Picmar07 Habit.jpg in Resources */,
				ABD6E1AB12F217D000276B67 /* Picmar08 Distmap.jpg in Resources */,
				ABD6E1AC12F217D000276B67 /* Picpun01 Needles.jpg in Resources */,
				ABD6E1AD12F217D000276B67 /* Picpun02 Branch.jpg in Resources */,
				ABD6E1AE12F217D000276B67 /* Picpun03 Cone.jpg in Resources */,
				ABD6E1AF12F217D000276B67 /* Picpun04 Twig.jpg in Resources */,
				ABD6E1B012F217D000276B67 /* Picpun05 Bark.jpg in Resources */,
				ABD6E1B112F217D000276B67 /* Picpun06 Habit.jpg in Resources */,
				ABD6E1B212F217D000276B67 /* Pinban01 Needles.jpg in Resources */,
				ABD6E1B312F217D000276B67 /* Pinban02 Twig.jpg in Resources */,
				ABD6E1B412F217D000276B67 /* Pinban03 Conesc.jpg in Resources */,
				ABD6E1B512F217D000276B67 /* Pinban04 Coneso.jpg in Resources */,
				ABD6E1B612F217D000276B67 /* Pinban05 Male.jpg in Resources */,
				ABD6E1B712F217D000276B67 /* Pinban06 Bark.jpg in Resources */,
				ABD6E1B812F217D000276B67 /* Pinban07 Habit.jpg in Resources */,
				ABD6E1B912F217D000276B67 /* Pinban08 Distmap.jpg in Resources */,
				ABD6E1BA12F217D000276B67 /* Pinnig01 Needles.jpg in Resources */,
				ABD6E1BB12F217D000276B67 /* Pinnig02 Bough.jpg in Resources */,
				ABD6E1BC12F217D000276B67 /* Pinnig03 Cone.jpg in Resources */,
				ABD6E1BD12F217D000276B67 /* Pinnig04 Twig.jpg in Resources */,
				ABD6E1BE12F217D000276B67 /* Pinnig05 Buds.jpg in Resources */,
				ABD6E1BF12F217D000276B67 /* Pinnig06 Bark.jpg in Resources */,
				ABD6E1C012F217D000276B67 /* Pinnig07 Habit.jpg in Resources */,
				ABD6E1C112F217D000276B67 /* Pinres01 Needles.jpg in Resources */,
				ABD6E1C212F217D000276B67 /* Pinres03 Mcones.jpg in Resources */,
				ABD6E1C312F217D000276B67 /* Pinres04 Fcone.jpg in Resources */,
				ABD6E1C412F217D000276B67 /* Pinres05 Twig.jpg in Resources */,
				ABD6E1C512F217D000276B67 /* Pinres07 Bark2.jpg in Resources */,
				ABD6E1C612F217D000276B67 /* Pinres08 Habit.jpg in Resources */,
				ABD6E1C712F217D000276B67 /* Pinres09 Distmap.jpg in Resources */,
				ABD6E1C812F217D000276B67 /* Pinstr01 Needles1.jpg in Resources */,
				ABD6E1C912F217D000276B67 /* Pinstr02 Needles2.jpg in Resources */,
				ABD6E1CA12F217D000276B67 /* Pinstr03 Bough.jpg in Resources */,
				ABD6E1CB12F217D000276B67 /* Pinstr04 Fcone.jpg in Resources */,
				ABD6E1CC12F217D000276B67 /* Pinstr05 Mcone.jpg in Resources */,
				ABD6E1CD12F217D000276B67 /* Pinstr08 Distmap.jpg in Resources */,
				ABD6E1CE12F217D000276B67 /* Pinsyl09 Distmap.jpg in Resources */,
				ABD6E1CF12F217D000276B67 /* Psemen01 Needles.jpg in Resources */,
				ABD6E1D012F217D000276B67 /* Psemen02 Branch.jpg in Resources */,
				ABD6E1D112F217D000276B67 /* Psemen03 Cone.jpg in Resources */,
				ABD6E1D212F217D000276B67 /* Taxcan01 Leaves.jpg in Resources */,
				ABD6E1D312F217D000276B67 /* Taxcan02 Cones.jpg in Resources */,
				ABD6E1D412F217D000276B67 /* Taxcan03 Bark.jpg in Resources */,
				ABD6E1D512F217D000276B67 /* Taxcan04 Habit.jpg in Resources */,
				ABD6E1D612F217D000276B67 /* Taxcan05 Distmap.jpg in Resources */,
				ABD6E20912F225A000276B67 /* info.html in Resources */,
			);
			runOnlyForDeploymentPostprocessing = 0;
		};
/* End PBXResourcesBuildPhase section */

/* Begin PBXSourcesBuildPhase section */
		1D60588E0D05DD3D006BFB54 /* Sources */ = {
			isa = PBXSourcesBuildPhase;
			buildActionMask = 2147483647;
			files = (
				1D60589B0D05DD56006BFB54 /* main.m in Sources */,
				1D3623260D0F684500981E51 /* PlantKeyAppDelegate.m in Sources */,
				AB7C01801210A3A8005F4DBE /* AppModel.m in Sources */,
				AB7C05251212E344005F4DBE /* KeyNodeViewController.m in Sources */,
				ABD22C2E125511F10018A3E8 /* KeyNode.m in Sources */,
				ABD22DAC12552B4A0018A3E8 /* PlantDataViewController.m in Sources */,
				ABD22DB212552B630018A3E8 /* Plant.m in Sources */,
				ABD22E30125545CB0018A3E8 /* GlossaryListViewController.m in Sources */,
				ABAB8FB312D27BCC0095BDCE /* Image.m in Sources */,
				AB026ACC12D288EB00D17F90 /* PlantImageViewController.m in Sources */,
				AB62404F12D512CB000EAB07 /* PlantListViewController.m in Sources */,
				AB62408F12D526DF000EAB07 /* Term.m in Sources */,
				AB62443C12D67074000EAB07 /* RootMenuViewController.m in Sources */,
				AB62452112D68D09000EAB07 /* KeyNodeOption.m in Sources */,
				ABCF9F3812D7C0A30062FFAF /* AppInfoViewController.m in Sources */,
			);
			runOnlyForDeploymentPostprocessing = 0;
		};
/* End PBXSourcesBuildPhase section */

/* Begin XCBuildConfiguration section */
		1D6058940D05DD3E006BFB54 /* Debug */ = {
			isa = XCBuildConfiguration;
			buildSettings = {
				ALWAYS_SEARCH_USER_PATHS = NO;
				CODE_SIGN_ENTITLEMENTS = "~/Documents/PlantKey/svn-trunk/Entitlements.plist";
				COPY_PHASE_STRIP = NO;
				GCC_DYNAMIC_NO_PIC = NO;
				GCC_OPTIMIZATION_LEVEL = 0;
				GCC_PRECOMPILE_PREFIX_HEADER = YES;
				GCC_PREFIX_HEADER = PlantKey_Prefix.pch;
				INFOPLIST_FILE = "PlantKey-Info.plist";
				IPHONEOS_DEPLOYMENT_TARGET = 3.0;
				PRODUCT_NAME = PlantKey;
				SDKROOT = iphoneos;
			};
			name = Debug;
		};
		1D6058950D05DD3E006BFB54 /* Release */ = {
			isa = XCBuildConfiguration;
			buildSettings = {
				ALWAYS_SEARCH_USER_PATHS = NO;
				CODE_SIGN_ENTITLEMENTS = "~/Documents/PlantKey/svn-trunk/Entitlements.plist";
				"CODE_SIGN_IDENTITY[sdk=iphoneos*]" = "iPhone Distribution: UW Division of Information Technology";
				COPY_PHASE_STRIP = YES;
				GCC_PRECOMPILE_PREFIX_HEADER = YES;
				GCC_PREFIX_HEADER = PlantKey_Prefix.pch;
				INFOPLIST_FILE = "PlantKey-Info.plist";
				IPHONEOS_DEPLOYMENT_TARGET = 4.0;
				PRODUCT_NAME = PlantKey;
				"PROVISIONING_PROFILE[sdk=iphoneos*]" = "511EE78C-2604-4BA2-AB0F-000A898C3CAA";
				SDKROOT = iphoneos;
				VALIDATE_PRODUCT = YES;
			};
			name = Release;
		};
		C01FCF4F08A954540054247B /* Debug */ = {
			isa = XCBuildConfiguration;
			buildSettings = {
				ARCHS = "$(ARCHS_STANDARD_32_BIT)";
				"CODE_SIGN_IDENTITY[sdk=iphoneos*]" = "iPhone Developer";
				GCC_C_LANGUAGE_STANDARD = c99;
				GCC_WARN_ABOUT_RETURN_TYPE = YES;
				GCC_WARN_UNUSED_VARIABLE = YES;
				PREBINDING = NO;
				SDKROOT = iphoneos;
			};
			name = Debug;
		};
		C01FCF5008A954540054247B /* Release */ = {
			isa = XCBuildConfiguration;
			buildSettings = {
				ARCHS = "$(ARCHS_STANDARD_32_BIT)";
				"CODE_SIGN_IDENTITY[sdk=iphoneos*]" = "iPhone Developer";
				GCC_C_LANGUAGE_STANDARD = c99;
				GCC_WARN_ABOUT_RETURN_TYPE = YES;
				GCC_WARN_UNUSED_VARIABLE = YES;
				OTHER_CFLAGS = "-DNS_BLOCK_ASSERTIONS=1";
				PREBINDING = NO;
				SDKROOT = iphoneos;
			};
			name = Release;
		};
/* End XCBuildConfiguration section */

/* Begin XCConfigurationList section */
		1D6058960D05DD3E006BFB54 /* Build configuration list for PBXNativeTarget "PlantKey" */ = {
			isa = XCConfigurationList;
			buildConfigurations = (
				1D6058940D05DD3E006BFB54 /* Debug */,
				1D6058950D05DD3E006BFB54 /* Release */,
			);
			defaultConfigurationIsVisible = 0;
			defaultConfigurationName = Release;
		};
		C01FCF4E08A954540054247B /* Build configuration list for PBXProject "PlantKey" */ = {
			isa = XCConfigurationList;
			buildConfigurations = (
				C01FCF4F08A954540054247B /* Debug */,
				C01FCF5008A954540054247B /* Release */,
			);
			defaultConfigurationIsVisible = 0;
			defaultConfigurationName = Release;
		};
/* End XCConfigurationList section */
	};
	rootObject = 29B97313FDCFA39411CA2CEA /* Project object */;
}
